<?xml version="1.0" encoding="utf-8"?>
<Project ToolsVersion="4.0" xmlns="http://schemas.microsoft.com/developer/msbuild/2003">
  <ItemGroup>
    <Filter Include="Engine Source">
      <UniqueIdentifier>{1ee1246e-b07d-4750-a878-a0876f775bfa}</UniqueIdentifier>
    </Filter>
    <Filter Include="Engine Source\Components">
      <UniqueIdentifier>{8dd7a483-7610-4853-aa61-7570715ad9a6}</UniqueIdentifier>
    </Filter>
    <Filter Include="Engine Source\Components\Include">
      <UniqueIdentifier>{549f9c77-83b6-41a5-a093-c2f4bb4b3648}</UniqueIdentifier>
    </Filter>
    <Filter Include="Engine Source\Components\Source">
      <UniqueIdentifier>{ae66fdec-0c0f-4b39-939b-9008ce97f575}</UniqueIdentifier>
    </Filter>
    <Filter Include="Engine Source\Engine Core">
      <UniqueIdentifier>{31e4ef6e-1b9e-4c30-b174-70897ac22701}</UniqueIdentifier>
    </Filter>
    <Filter Include="Engine Source\Engine Core\Include">
      <UniqueIdentifier>{4f583198-d194-4fe2-8e63-c13a728acfd1}</UniqueIdentifier>
    </Filter>
    <Filter Include="Engine Source\Entities">
      <UniqueIdentifier>{6a7aa166-9f88-4c51-b44c-aacf8d4d54d0}</UniqueIdentifier>
    </Filter>
    <Filter Include="Engine Source\Entities\Include">
      <UniqueIdentifier>{e06f652c-1920-4367-9424-a554350bd3f7}</UniqueIdentifier>
    </Filter>
    <Filter Include="Engine Source\Entities\Source">
      <UniqueIdentifier>{ae3fb5aa-fc63-4be1-bd21-5d66d80bb132}</UniqueIdentifier>
    </Filter>
    <Filter Include="Engine Source\Input">
      <UniqueIdentifier>{b9a909e8-c9e7-454d-b3d1-e6f050556524}</UniqueIdentifier>
    </Filter>
    <Filter Include="Engine Source\Input\Include">
      <UniqueIdentifier>{b5abf7d3-577f-4e76-8d0a-4048a87c191d}</UniqueIdentifier>
    </Filter>
    <Filter Include="Engine Source\Math">
      <UniqueIdentifier>{c6b7e7f4-31b6-4314-997f-2371c6e39cc3}</UniqueIdentifier>
    </Filter>
    <Filter Include="Engine Source\Math\Include">
      <UniqueIdentifier>{b33afa52-749a-436c-af8b-1af991e901b3}</UniqueIdentifier>
    </Filter>
    <Filter Include="Engine Source\Math\Source">
      <UniqueIdentifier>{7deeaf72-1b6b-48b5-9096-328ff9dc047c}</UniqueIdentifier>
    </Filter>
    <Filter Include="Engine Source\Multithreading">
      <UniqueIdentifier>{a66de711-09cb-4f36-8343-fe2f2446b798}</UniqueIdentifier>
    </Filter>
    <Filter Include="Engine Source\Multithreading\Include">
      <UniqueIdentifier>{13f3cc52-957e-4689-9446-77e7ac63bcdf}</UniqueIdentifier>
    </Filter>
    <Filter Include="Engine Source\Physics">
      <UniqueIdentifier>{9835b265-8c74-4786-a22c-89d84563998c}</UniqueIdentifier>
    </Filter>
    <Filter Include="Engine Source\Physics\Include">
      <UniqueIdentifier>{3e437601-29fd-4402-96a7-559d843b659b}</UniqueIdentifier>
    </Filter>
    <Filter Include="Engine Source\Rendering">
      <UniqueIdentifier>{50627d39-aa6a-4737-8d69-ba0f465cc9cd}</UniqueIdentifier>
    </Filter>
    <Filter Include="Engine Source\Rendering\API Layer">
      <UniqueIdentifier>{cec09916-42b8-4a0d-8b68-ffd0446d31c7}</UniqueIdentifier>
    </Filter>
    <Filter Include="Engine Source\Rendering\API Layer\Vulkan">
      <UniqueIdentifier>{8c9a3cb5-1ea8-46fe-892f-13ff151e78f3}</UniqueIdentifier>
    </Filter>
    <Filter Include="Engine Source\Rendering\API Layer\Vulkan\Include">
      <UniqueIdentifier>{7a0808cb-1667-4725-baa4-68b9ec26f3ae}</UniqueIdentifier>
    </Filter>
    <Filter Include="Engine Source\Rendering\API Layer\Vulkan\Source">
      <UniqueIdentifier>{c23980f9-3b57-45c8-8f34-bc5b869f3400}</UniqueIdentifier>
    </Filter>
    <Filter Include="Engine Source\Rendering\Engine Layer">
      <UniqueIdentifier>{21b0375d-ad23-45ba-93d1-94e901915032}</UniqueIdentifier>
    </Filter>
    <Filter Include="Engine Source\Rendering\Engine Layer\Include">
      <UniqueIdentifier>{bed38eb2-f951-4ffd-9018-d6bd085e3996}</UniqueIdentifier>
    </Filter>
    <Filter Include="Engine Source\Rendering\Engine Layer\Source">
      <UniqueIdentifier>{f7ff8326-f07d-4474-883f-cf605be6558f}</UniqueIdentifier>
    </Filter>
    <Filter Include="Engine Source\Rendering\Translation Layer">
      <UniqueIdentifier>{047d9548-bb4c-4355-88fe-cd74ebcab741}</UniqueIdentifier>
    </Filter>
    <Filter Include="Engine Source\Rendering\Translation Layer\Vulkan">
      <UniqueIdentifier>{25f2d0ab-91aa-470a-ae1d-7568d4d3f077}</UniqueIdentifier>
    </Filter>
    <Filter Include="Engine Source\Rendering\Translation Layer\Vulkan\Include">
      <UniqueIdentifier>{7962d4a2-d67c-4413-af57-ce61849fc496}</UniqueIdentifier>
    </Filter>
    <Filter Include="Engine Source\Rendering\Translation Layer\Vulkan\Source">
      <UniqueIdentifier>{7d90aca5-60d5-48a6-b5fa-ac172a729dda}</UniqueIdentifier>
    </Filter>
    <Filter Include="Engine Source\Resources">
      <UniqueIdentifier>{68ad4906-8ea1-4322-9e04-ab8b9933c7bf}</UniqueIdentifier>
    </Filter>
    <Filter Include="Engine Source\Resources\Include">
      <UniqueIdentifier>{82b51b06-e57d-41d1-b37f-a79fac66cd00}</UniqueIdentifier>
    </Filter>
    <Filter Include="Engine Source\Resources\Source">
      <UniqueIdentifier>{6653029a-3f40-4986-a696-f14e5819ffa9}</UniqueIdentifier>
    </Filter>
    <Filter Include="Engine Source\Systems">
      <UniqueIdentifier>{7db2fc4e-2ca6-47fc-8b6d-12107dfa479e}</UniqueIdentifier>
    </Filter>
    <Filter Include="Engine Source\Systems\Include">
      <UniqueIdentifier>{9604985d-8d31-4f5f-b8c4-2349d8d09919}</UniqueIdentifier>
    </Filter>
    <Filter Include="Engine Source\Systems\Inline">
      <UniqueIdentifier>{aae85cc0-26ff-4131-b7bf-628b7bdf3786}</UniqueIdentifier>
    </Filter>
    <Filter Include="Engine Source\Systems\Source">
      <UniqueIdentifier>{6c73f26b-3ec8-42af-b9b7-739304ed57f2}</UniqueIdentifier>
    </Filter>
    <Filter Include="Game Source">
      <UniqueIdentifier>{25bad5aa-6eb3-4c60-b112-5bca2c8a9974}</UniqueIdentifier>
    </Filter>
    <Filter Include="Game Source\Include">
      <UniqueIdentifier>{72f3797a-ce31-4e10-b949-e8aec38d29db}</UniqueIdentifier>
    </Filter>
    <Filter Include="Game Source\Source">
      <UniqueIdentifier>{8347cd03-7074-4d63-a05b-1a3ac1ad3f8b}</UniqueIdentifier>
    </Filter>
    <Filter Include="Engine Source\Rendering\API Layer\Vulkan\Inline">
      <UniqueIdentifier>{c09d8733-40e3-44ba-a614-8b883a146181}</UniqueIdentifier>
    </Filter>
    <Filter Include="Engine Source\Sound">
      <UniqueIdentifier>{fd18099f-10a7-40ed-9e22-bb0270652d48}</UniqueIdentifier>
    </Filter>
    <Filter Include="Engine Source\Sound\Include">
      <UniqueIdentifier>{3505dde2-9409-493e-b14e-b14d64ec5762}</UniqueIdentifier>
    </Filter>
    <Filter Include="Engine Source\Engine Core\Containers">
      <UniqueIdentifier>{5eafd3ef-58e1-4282-b76b-534c99405447}</UniqueIdentifier>
    </Filter>
    <Filter Include="Engine Source\Engine Core\Containers\Include">
      <UniqueIdentifier>{3145d445-7df4-46fa-b203-ae150ae4af6f}</UniqueIdentifier>
    </Filter>
    <Filter Include="Engine Source\Engine Core\Utilities">
      <UniqueIdentifier>{9e546c69-ddbf-4a61-936a-851c986ad714}</UniqueIdentifier>
    </Filter>
    <Filter Include="Engine Source\Engine Core\Utilities\Include">
      <UniqueIdentifier>{128a7b90-227d-4a74-a2aa-e681ba1bcc10}</UniqueIdentifier>
    </Filter>
    <Filter Include="Engine Source\Engine Core\Algorithms">
      <UniqueIdentifier>{ab9d3749-35b3-42bc-b27b-b88faac131e2}</UniqueIdentifier>
    </Filter>
    <Filter Include="Engine Source\Engine Core\Algorithms\Include">
      <UniqueIdentifier>{59edbda7-72eb-4539-8870-f4bd27e0d3e1}</UniqueIdentifier>
    </Filter>
    <Filter Include="Engine Source\Engine Core\Tools">
      <UniqueIdentifier>{ebe4cb0b-4b6b-470d-a952-60009c20a34c}</UniqueIdentifier>
    </Filter>
    <Filter Include="Engine Source\Engine Core\Tools\Include">
      <UniqueIdentifier>{f09ea1b8-fdf0-46cc-9d62-bc4baa9c85e9}</UniqueIdentifier>
    </Filter>
    <Filter Include="Engine Source\Math\Inline">
      <UniqueIdentifier>{087c9215-0d4f-4979-a05e-4e10afb30009}</UniqueIdentifier>
    </Filter>
  </ItemGroup>
  <ItemGroup>
    <ClInclude Include="..\..\..\Game Source\Include\ClairvoyantGameSystem.h">
      <Filter>Game Source\Include</Filter>
    </ClInclude>
    <ClInclude Include="..\..\..\Game Source\Include\ClairvoyantPlayer.h">
      <Filter>Game Source\Include</Filter>
    </ClInclude>
    <ClInclude Include="..\..\..\Game Source\Include\ClairvoyantSettings.h">
      <Filter>Game Source\Include</Filter>
    </ClInclude>
    <ClInclude Include="..\..\..\Game Source\Include\WorldArchitect.h">
      <Filter>Game Source\Include</Filter>
    </ClInclude>
    <ClInclude Include="..\..\..\..\..\Engine\Engine Source\Include\Components\CameraComponent.h">
      <Filter>Engine Source\Components\Include</Filter>
    </ClInclude>
    <ClInclude Include="..\..\..\..\..\Engine\Engine Source\Include\Components\ComponentManager.h">
      <Filter>Engine Source\Components\Include</Filter>
    </ClInclude>
    <ClInclude Include="..\..\..\..\..\Engine\Engine Source\Include\Components\DirectionalLightComponent.h">
      <Filter>Engine Source\Components\Include</Filter>
    </ClInclude>
    <ClInclude Include="..\..\..\..\..\Engine\Engine Source\Include\Components\FrustumCullingComponent.h">
      <Filter>Engine Source\Components\Include</Filter>
    </ClInclude>
    <ClInclude Include="..\..\..\..\..\Engine\Engine Source\Include\Components\InstancedPhysicalRenderComponent.h">
      <Filter>Engine Source\Components\Include</Filter>
    </ClInclude>
    <ClInclude Include="..\..\..\..\..\Engine\Engine Source\Include\Components\PointLightComponent.h">
      <Filter>Engine Source\Components\Include</Filter>
    </ClInclude>
    <ClInclude Include="..\..\..\..\..\Engine\Engine Source\Include\Components\SpotLightComponent.h">
      <Filter>Engine Source\Components\Include</Filter>
    </ClInclude>
    <ClInclude Include="..\..\..\..\..\Engine\Engine Source\Include\Components\StaticPhysicalRenderComponent.h">
      <Filter>Engine Source\Components\Include</Filter>
    </ClInclude>
    <ClInclude Include="..\..\..\..\..\Engine\Engine Source\Include\Components\TerrainComponent.h">
      <Filter>Engine Source\Components\Include</Filter>
    </ClInclude>
    <ClInclude Include="..\..\..\..\..\Engine\Engine Source\Include\Components\TerrainRenderComponent.h">
      <Filter>Engine Source\Components\Include</Filter>
    </ClInclude>
    <ClInclude Include="..\..\..\..\..\Engine\Engine Source\Include\Components\TransformComponent.h">
      <Filter>Engine Source\Components\Include</Filter>
    </ClInclude>
    <ClInclude Include="..\..\..\..\..\Engine\Engine Source\Include\Components\WaterComponent.h">
      <Filter>Engine Source\Components\Include</Filter>
    </ClInclude>
    <ClInclude Include="..\..\..\..\..\Engine\Engine Source\Include\Components\WaterRenderComponent.h">
      <Filter>Engine Source\Components\Include</Filter>
    </ClInclude>
    <ClInclude Include="..\..\..\..\..\Engine\Engine Source\Include\Engine Core\BinaryFile.h">
      <Filter>Engine Source\Engine Core\Include</Filter>
    </ClInclude>
    <ClInclude Include="..\..\..\..\..\Engine\Engine Source\Include\Engine Core\BitField.h">
      <Filter>Engine Source\Engine Core\Include</Filter>
    </ClInclude>
    <ClInclude Include="..\..\..\..\..\Engine\Engine Source\Include\Engine Core\CatalystProjectInformation.h">
      <Filter>Engine Source\Engine Core\Include</Filter>
    </ClInclude>
    <ClInclude Include="..\..\..\..\..\Engine\Engine Source\Include\Engine Core\CoreDefines.h">
      <Filter>Engine Source\Engine Core\Include</Filter>
    </ClInclude>
    <ClInclude Include="..\..\..\..\..\Engine\Engine Source\Include\Engine Core\CoreMacros.h">
      <Filter>Engine Source\Engine Core\Include</Filter>
    </ClInclude>
    <ClInclude Include="..\..\..\..\..\Engine\Engine Source\Include\Engine Core\CoreTypeAliases.h">
      <Filter>Engine Source\Engine Core\Include</Filter>
    </ClInclude>
    <ClInclude Include="..\..\..\..\..\Engine\Engine Source\Include\Engine Core\DeltaTimer.h">
      <Filter>Engine Source\Engine Core\Include</Filter>
    </ClInclude>
    <ClInclude Include="..\..\..\..\..\Engine\Engine Source\Include\Engine Core\DynamicString.h">
      <Filter>Engine Source\Engine Core\Include</Filter>
    </ClInclude>
    <ClInclude Include="..\..\..\..\..\Engine\Engine Source\Include\Engine Core\EngineCore.h">
      <Filter>Engine Source\Engine Core\Include</Filter>
    </ClInclude>
    <ClInclude Include="..\..\..\..\..\Engine\Engine Source\Include\Engine Core\Optional.h">
      <Filter>Engine Source\Engine Core\Include</Filter>
    </ClInclude>
    <ClInclude Include="..\..\..\..\..\Engine\Engine Source\Include\Engine Core\Padding.h">
      <Filter>Engine Source\Engine Core\Include</Filter>
    </ClInclude>
    <ClInclude Include="..\..\..\..\..\Engine\Engine Source\Include\Engine Core\Pair.h">
      <Filter>Engine Source\Engine Core\Include</Filter>
    </ClInclude>
    <ClInclude Include="..\..\..\..\..\Engine\Engine Source\Include\Engine Core\SharedPointer.h">
      <Filter>Engine Source\Engine Core\Include</Filter>
    </ClInclude>
    <ClInclude Include="..\..\..\..\..\Engine\Engine Source\Include\Engine Core\UniquePointer.h">
      <Filter>Engine Source\Engine Core\Include</Filter>
    </ClInclude>
    <ClInclude Include="..\..\..\..\..\Engine\Engine Source\Include\Entities\CameraEntity.h">
      <Filter>Engine Source\Entities\Include</Filter>
    </ClInclude>
    <ClInclude Include="..\..\..\..\..\Engine\Engine Source\Include\Entities\DirectionalLightEntity.h">
      <Filter>Engine Source\Entities\Include</Filter>
    </ClInclude>
    <ClInclude Include="..\..\..\..\..\Engine\Engine Source\Include\Entities\Entity.h">
      <Filter>Engine Source\Entities\Include</Filter>
    </ClInclude>
    <ClInclude Include="..\..\..\..\..\Engine\Engine Source\Include\Entities\InstancedPhysicalEntity.h">
      <Filter>Engine Source\Entities\Include</Filter>
    </ClInclude>
    <ClInclude Include="..\..\..\..\..\Engine\Engine Source\Include\Entities\PointLightEntity.h">
      <Filter>Engine Source\Entities\Include</Filter>
    </ClInclude>
    <ClInclude Include="..\..\..\..\..\Engine\Engine Source\Include\Entities\SpotLightEntity.h">
      <Filter>Engine Source\Entities\Include</Filter>
    </ClInclude>
    <ClInclude Include="..\..\..\..\..\Engine\Engine Source\Include\Entities\StaticPhysicalEntity.h">
      <Filter>Engine Source\Entities\Include</Filter>
    </ClInclude>
    <ClInclude Include="..\..\..\..\..\Engine\Engine Source\Include\Entities\TerrainEntity.h">
      <Filter>Engine Source\Entities\Include</Filter>
    </ClInclude>
    <ClInclude Include="..\..\..\..\..\Engine\Engine Source\Include\Input\GamepadState.h">
      <Filter>Engine Source\Input\Include</Filter>
    </ClInclude>
    <ClInclude Include="..\..\..\..\..\Engine\Engine Source\Include\Input\InputConstants.h">
      <Filter>Engine Source\Input\Include</Filter>
    </ClInclude>
    <ClInclude Include="..\..\..\..\..\Engine\Engine Source\Include\Input\InputUtilities.h">
      <Filter>Engine Source\Input\Include</Filter>
    </ClInclude>
    <ClInclude Include="..\..\..\..\..\Engine\Engine Source\Include\Input\KeyboardState.h">
      <Filter>Engine Source\Input\Include</Filter>
    </ClInclude>
    <ClInclude Include="..\..\..\..\..\Engine\Engine Source\Include\Math\MathematicalConstants.h">
      <Filter>Engine Source\Math\Include</Filter>
    </ClInclude>
    <ClInclude Include="..\..\..\..\..\Engine\Engine Source\Include\Math\Matrix3.h">
      <Filter>Engine Source\Math\Include</Filter>
    </ClInclude>
    <ClInclude Include="..\..\..\..\..\Engine\Engine Source\Include\Math\Matrix4.h">
      <Filter>Engine Source\Math\Include</Filter>
    </ClInclude>
    <ClInclude Include="..\..\..\..\..\Engine\Engine Source\Include\Math\PerlinNoiseGenerator.h">
      <Filter>Engine Source\Math\Include</Filter>
    </ClInclude>
    <ClInclude Include="..\..\..\..\..\Engine\Engine Source\Include\Math\Vector2.h">
      <Filter>Engine Source\Math\Include</Filter>
    </ClInclude>
    <ClInclude Include="..\..\..\..\..\Engine\Engine Source\Include\Math\Vector3.h">
      <Filter>Engine Source\Math\Include</Filter>
    </ClInclude>
    <ClInclude Include="..\..\..\..\..\Engine\Engine Source\Include\Math\Vector4.h">
      <Filter>Engine Source\Math\Include</Filter>
    </ClInclude>
    <ClInclude Include="..\..\..\..\..\Engine\Engine Source\Include\Multithreading\AtomicQueue.h">
      <Filter>Engine Source\Multithreading\Include</Filter>
    </ClInclude>
    <ClInclude Include="..\..\..\..\..\Engine\Engine Source\Include\Multithreading\MultithreadedResource.h">
      <Filter>Engine Source\Multithreading\Include</Filter>
    </ClInclude>
    <ClInclude Include="..\..\..\..\..\Engine\Engine Source\Include\Multithreading\ScopedLock.h">
      <Filter>Engine Source\Multithreading\Include</Filter>
    </ClInclude>
    <ClInclude Include="..\..\..\..\..\Engine\Engine Source\Include\Multithreading\Semaphore.h">
      <Filter>Engine Source\Multithreading\Include</Filter>
    </ClInclude>
    <ClInclude Include="..\..\..\..\..\Engine\Engine Source\Include\Multithreading\Spinlock.h">
      <Filter>Engine Source\Multithreading\Include</Filter>
    </ClInclude>
    <ClInclude Include="..\..\..\..\..\Engine\Engine Source\Include\Multithreading\Threadlock.h">
      <Filter>Engine Source\Multithreading\Include</Filter>
    </ClInclude>
    <ClInclude Include="..\..\..\..\..\Engine\Engine Source\Include\Physics\PhysicalConstants.h">
      <Filter>Engine Source\Physics\Include</Filter>
    </ClInclude>
    <ClInclude Include="..\..\..\..\..\Engine\Engine Source\Include\Rendering\API Layer\Vulkan\Vulkan2DTexture.h">
      <Filter>Engine Source\Rendering\API Layer\Vulkan\Include</Filter>
    </ClInclude>
    <ClInclude Include="..\..\..\..\..\Engine\Engine Source\Include\Rendering\API Layer\Vulkan\VulkanAllocation.h">
      <Filter>Engine Source\Rendering\API Layer\Vulkan\Include</Filter>
    </ClInclude>
    <ClInclude Include="..\..\..\..\..\Engine\Engine Source\Include\Rendering\API Layer\Vulkan\VulkanAllocator.h">
      <Filter>Engine Source\Rendering\API Layer\Vulkan\Include</Filter>
    </ClInclude>
    <ClInclude Include="..\..\..\..\..\Engine\Engine Source\Include\Rendering\API Layer\Vulkan\VulkanCommandBuffer.h">
      <Filter>Engine Source\Rendering\API Layer\Vulkan\Include</Filter>
    </ClInclude>
    <ClInclude Include="..\..\..\..\..\Engine\Engine Source\Include\Rendering\API Layer\Vulkan\VulkanCommandPool.h">
      <Filter>Engine Source\Rendering\API Layer\Vulkan\Include</Filter>
    </ClInclude>
    <ClInclude Include="..\..\..\..\..\Engine\Engine Source\Include\Rendering\API Layer\Vulkan\VulkanCore.h">
      <Filter>Engine Source\Rendering\API Layer\Vulkan\Include</Filter>
    </ClInclude>
    <ClInclude Include="..\..\..\..\..\Engine\Engine Source\Include\Rendering\API Layer\Vulkan\VulkanCubeMapTexture.h">
      <Filter>Engine Source\Rendering\API Layer\Vulkan\Include</Filter>
    </ClInclude>
    <ClInclude Include="..\..\..\..\..\Engine\Engine Source\Include\Rendering\API Layer\Vulkan\VulkanDepthBuffer.h">
      <Filter>Engine Source\Rendering\API Layer\Vulkan\Include</Filter>
    </ClInclude>
    <ClInclude Include="..\..\..\..\..\Engine\Engine Source\Include\Rendering\API Layer\Vulkan\VulkanDescriptorPool.h">
      <Filter>Engine Source\Rendering\API Layer\Vulkan\Include</Filter>
    </ClInclude>
    <ClInclude Include="..\..\..\..\..\Engine\Engine Source\Include\Rendering\API Layer\Vulkan\VulkanDescriptorSet.h">
      <Filter>Engine Source\Rendering\API Layer\Vulkan\Include</Filter>
    </ClInclude>
    <ClInclude Include="..\..\..\..\..\Engine\Engine Source\Include\Rendering\API Layer\Vulkan\VulkanDescriptorSetLayout.h">
      <Filter>Engine Source\Rendering\API Layer\Vulkan\Include</Filter>
    </ClInclude>
    <ClInclude Include="..\..\..\..\..\Engine\Engine Source\Include\Rendering\API Layer\Vulkan\VulkanFence.h">
      <Filter>Engine Source\Rendering\API Layer\Vulkan\Include</Filter>
    </ClInclude>
    <ClInclude Include="..\..\..\..\..\Engine\Engine Source\Include\Rendering\API Layer\Vulkan\VulkanFramebuffer.h">
      <Filter>Engine Source\Rendering\API Layer\Vulkan\Include</Filter>
    </ClInclude>
    <ClInclude Include="..\..\..\..\..\Engine\Engine Source\Include\Rendering\API Layer\Vulkan\VulkanInstance.h">
      <Filter>Engine Source\Rendering\API Layer\Vulkan\Include</Filter>
    </ClInclude>
    <ClInclude Include="..\..\..\..\..\Engine\Engine Source\Include\Rendering\API Layer\Vulkan\VulkanInterface.h">
      <Filter>Engine Source\Rendering\API Layer\Vulkan\Include</Filter>
    </ClInclude>
    <ClInclude Include="..\..\..\..\..\Engine\Engine Source\Include\Rendering\API Layer\Vulkan\VulkanLogicalDevice.h">
      <Filter>Engine Source\Rendering\API Layer\Vulkan\Include</Filter>
    </ClInclude>
    <ClInclude Include="..\..\..\..\..\Engine\Engine Source\Include\Rendering\API Layer\Vulkan\VulkanPhysicalDevice.h">
      <Filter>Engine Source\Rendering\API Layer\Vulkan\Include</Filter>
    </ClInclude>
    <ClInclude Include="..\..\..\..\..\Engine\Engine Source\Include\Rendering\API Layer\Vulkan\VulkanPipeline.h">
      <Filter>Engine Source\Rendering\API Layer\Vulkan\Include</Filter>
    </ClInclude>
    <ClInclude Include="..\..\..\..\..\Engine\Engine Source\Include\Rendering\API Layer\Vulkan\VulkanPipelineCreationParameters.h">
      <Filter>Engine Source\Rendering\API Layer\Vulkan\Include</Filter>
    </ClInclude>
    <ClInclude Include="..\..\..\..\..\Engine\Engine Source\Include\Rendering\API Layer\Vulkan\VulkanQueue.h">
      <Filter>Engine Source\Rendering\API Layer\Vulkan\Include</Filter>
    </ClInclude>
    <ClInclude Include="..\..\..\..\..\Engine\Engine Source\Include\Rendering\API Layer\Vulkan\VulkanRenderPass.h">
      <Filter>Engine Source\Rendering\API Layer\Vulkan\Include</Filter>
    </ClInclude>
    <ClInclude Include="..\..\..\..\..\Engine\Engine Source\Include\Rendering\API Layer\Vulkan\VulkanRenderTarget.h">
      <Filter>Engine Source\Rendering\API Layer\Vulkan\Include</Filter>
    </ClInclude>
    <ClInclude Include="..\..\..\..\..\Engine\Engine Source\Include\Rendering\API Layer\Vulkan\VulkanSemaphore.h">
      <Filter>Engine Source\Rendering\API Layer\Vulkan\Include</Filter>
    </ClInclude>
    <ClInclude Include="..\..\..\..\..\Engine\Engine Source\Include\Rendering\API Layer\Vulkan\VulkanShaderModule.h">
      <Filter>Engine Source\Rendering\API Layer\Vulkan\Include</Filter>
    </ClInclude>
    <ClInclude Include="..\..\..\..\..\Engine\Engine Source\Include\Rendering\API Layer\Vulkan\VulkanSurface.h">
      <Filter>Engine Source\Rendering\API Layer\Vulkan\Include</Filter>
    </ClInclude>
    <ClInclude Include="..\..\..\..\..\Engine\Engine Source\Include\Rendering\API Layer\Vulkan\VulkanSwapChain.h">
      <Filter>Engine Source\Rendering\API Layer\Vulkan\Include</Filter>
    </ClInclude>
    <ClInclude Include="..\..\..\..\..\Engine\Engine Source\Include\Rendering\API Layer\Vulkan\VulkanUniformBuffer.h">
      <Filter>Engine Source\Rendering\API Layer\Vulkan\Include</Filter>
    </ClInclude>
    <ClInclude Include="..\..\..\..\..\Engine\Engine Source\Include\Rendering\API Layer\Vulkan\VulkanUtilities.h">
      <Filter>Engine Source\Rendering\API Layer\Vulkan\Include</Filter>
    </ClInclude>
    <ClInclude Include="..\..\..\..\..\Engine\Engine Source\Include\Rendering\Engine Layer\AxisAlignedBoundingBox.h">
      <Filter>Engine Source\Rendering\Engine Layer\Include</Filter>
    </ClInclude>
    <ClInclude Include="..\..\..\..\..\Engine\Engine Source\Include\Rendering\Engine Layer\PhysicalMaterial.h">
      <Filter>Engine Source\Rendering\Engine Layer\Include</Filter>
    </ClInclude>
    <ClInclude Include="..\..\..\..\..\Engine\Engine Source\Include\Rendering\Engine Layer\PhysicalModel.h">
      <Filter>Engine Source\Rendering\Engine Layer\Include</Filter>
    </ClInclude>
    <ClInclude Include="..\..\..\..\..\Engine\Engine Source\Include\Rendering\Engine Layer\PhysicalVertex.h">
      <Filter>Engine Source\Rendering\Engine Layer\Include</Filter>
    </ClInclude>
    <ClInclude Include="..\..\..\..\..\Engine\Engine Source\Include\Rendering\Engine Layer\PostProcessingUniformData.h">
      <Filter>Engine Source\Rendering\Engine Layer\Include</Filter>
    </ClInclude>
    <ClInclude Include="..\..\..\..\..\Engine\Engine Source\Include\Rendering\Engine Layer\RenderingCore.h">
      <Filter>Engine Source\Rendering\Engine Layer\Include</Filter>
    </ClInclude>
    <ClInclude Include="..\..\..\..\..\Engine\Engine Source\Include\Rendering\Engine Layer\RenderingUtilities.h">
      <Filter>Engine Source\Rendering\Engine Layer\Include</Filter>
    </ClInclude>
    <ClInclude Include="..\..\..\..\..\Engine\Engine Source\Include\Rendering\Engine Layer\ShaderLoader.h">
      <Filter>Engine Source\Rendering\Engine Layer\Include</Filter>
    </ClInclude>
    <ClInclude Include="..\..\..\..\..\Engine\Engine Source\Include\Rendering\Engine Layer\TerrainMaterial.h">
      <Filter>Engine Source\Rendering\Engine Layer\Include</Filter>
    </ClInclude>
    <ClInclude Include="..\..\..\..\..\Engine\Engine Source\Include\Rendering\Engine Layer\TerrainUniformData.h">
      <Filter>Engine Source\Rendering\Engine Layer\Include</Filter>
    </ClInclude>
    <ClInclude Include="..\..\..\..\..\Engine\Engine Source\Include\Rendering\Engine Layer\TextureData.h">
      <Filter>Engine Source\Rendering\Engine Layer\Include</Filter>
    </ClInclude>
    <ClInclude Include="..\..\..\..\..\Engine\Engine Source\Include\Rendering\Engine Layer\TextureDataContainer.h">
      <Filter>Engine Source\Rendering\Engine Layer\Include</Filter>
    </ClInclude>
    <ClInclude Include="..\..\..\..\..\Engine\Engine Source\Include\Rendering\Engine Layer\WaterUniformData.h">
      <Filter>Engine Source\Rendering\Engine Layer\Include</Filter>
    </ClInclude>
    <ClInclude Include="..\..\..\..\..\Engine\Engine Source\Include\Rendering\Engine Layer\Window.h">
      <Filter>Engine Source\Rendering\Engine Layer\Include</Filter>
    </ClInclude>
    <ClInclude Include="..\..\..\..\..\Engine\Engine Source\Include\Rendering\Translation Layer\Vulkan\VulkanDynamicUniformData.h">
      <Filter>Engine Source\Rendering\Translation Layer\Vulkan\Include</Filter>
    </ClInclude>
    <ClInclude Include="..\..\..\..\..\Engine\Engine Source\Include\Rendering\Translation Layer\Vulkan\VulkanFrameData.h">
      <Filter>Engine Source\Rendering\Translation Layer\Vulkan\Include</Filter>
    </ClInclude>
    <ClInclude Include="..\..\..\..\..\Engine\Engine Source\Include\Rendering\Translation Layer\Vulkan\VulkanRenderingSystem.h">
      <Filter>Engine Source\Rendering\Translation Layer\Vulkan\Include</Filter>
    </ClInclude>
    <ClInclude Include="..\..\..\..\..\Engine\Engine Source\Include\Rendering\Translation Layer\Vulkan\VulkanTranslationUtilities.h">
      <Filter>Engine Source\Rendering\Translation Layer\Vulkan\Include</Filter>
    </ClInclude>
    <ClInclude Include="..\..\..\..\..\Engine\Engine Source\Include\Resources\PhysicalMaterialData.h">
      <Filter>Engine Source\Resources\Include</Filter>
    </ClInclude>
    <ClInclude Include="..\..\..\..\..\Engine\Engine Source\Include\Resources\PhysicalModelData.h">
      <Filter>Engine Source\Resources\Include</Filter>
    </ClInclude>
    <ClInclude Include="..\..\..\..\..\Engine\Engine Source\Include\Resources\ResourceLoader.h">
      <Filter>Engine Source\Resources\Include</Filter>
    </ClInclude>
    <ClInclude Include="..\..\..\..\..\Engine\Engine Source\Include\Resources\ResourceLoaderUtilities.h">
      <Filter>Engine Source\Resources\Include</Filter>
    </ClInclude>
    <ClInclude Include="..\..\..\..\..\Engine\Engine Source\Include\Resources\ResourcesCore.h">
      <Filter>Engine Source\Resources\Include</Filter>
    </ClInclude>
    <ClInclude Include="..\..\..\..\..\Engine\Engine Source\Include\Resources\TerrainMaterialData.h">
      <Filter>Engine Source\Resources\Include</Filter>
    </ClInclude>
    <ClInclude Include="..\..\..\..\..\Engine\Engine Source\Include\Resources\WaterMaterialData.h">
      <Filter>Engine Source\Resources\Include</Filter>
    </ClInclude>
    <ClInclude Include="..\..\..\..\..\Engine\Engine Source\Include\Systems\EngineSystem.h">
      <Filter>Engine Source\Systems\Include</Filter>
    </ClInclude>
    <ClInclude Include="..\..\..\..\..\Engine\Engine Source\Include\Systems\EntitySystem.h">
      <Filter>Engine Source\Systems\Include</Filter>
    </ClInclude>
    <ClInclude Include="..\..\..\..\..\Engine\Engine Source\Include\Systems\InputSystem.h">
      <Filter>Engine Source\Systems\Include</Filter>
    </ClInclude>
    <ClInclude Include="..\..\..\..\..\Engine\Engine Source\Include\Systems\PhysicsSystem.h">
      <Filter>Engine Source\Systems\Include</Filter>
    </ClInclude>
    <ClInclude Include="..\..\..\..\..\Engine\Engine Source\Include\Systems\RenderingSystem.h">
      <Filter>Engine Source\Systems\Include</Filter>
    </ClInclude>
    <ClInclude Include="..\..\..\..\..\Engine\Engine Source\Include\Math\CatalystMath.h">
      <Filter>Engine Source\Math\Include</Filter>
    </ClInclude>
    <ClInclude Include="..\..\..\..\..\Engine\Engine Source\Include\Systems\SoundSystem.h">
      <Filter>Engine Source\Systems\Include</Filter>
    </ClInclude>
    <ClInclude Include="..\..\..\..\..\Engine\Engine Source\Include\Systems\TaskSystem.h">
      <Filter>Engine Source\Systems\Include</Filter>
    </ClInclude>
    <ClInclude Include="..\..\..\..\..\Engine\Engine Source\Include\Multithreading\Task.h">
      <Filter>Engine Source\Multithreading\Include</Filter>
    </ClInclude>
    <ClInclude Include="..\..\..\..\..\Engine\Engine Source\Include\Sound\SoundCore.h">
      <Filter>Engine Source\Sound\Include</Filter>
    </ClInclude>
    <ClInclude Include="..\..\..\Game Source\Include\ClairvoyantSoundDirector.h">
      <Filter>Game Source\Include</Filter>
    </ClInclude>
    <ClInclude Include="..\..\..\..\..\Engine\Engine Source\Include\Entities\Sound3DEntity.h">
      <Filter>Engine Source\Entities\Include</Filter>
    </ClInclude>
    <ClInclude Include="..\..\..\..\..\Engine\Engine Source\Include\Components\Sound3DComponent.h">
      <Filter>Engine Source\Components\Include</Filter>
    </ClInclude>
    <ClInclude Include="..\..\..\..\..\Engine\Engine Source\Include\Entities\Sound2DEntity.h">
      <Filter>Engine Source\Entities\Include</Filter>
    </ClInclude>
    <ClInclude Include="..\..\..\..\..\Engine\Engine Source\Include\Components\Sound2DComponent.h">
      <Filter>Engine Source\Components\Include</Filter>
    </ClInclude>
    <ClInclude Include="..\..\..\Game Source\Include\ClairvoyantSoundGUIDs.h">
      <Filter>Game Source\Include</Filter>
    </ClInclude>
    <ClInclude Include="..\..\..\..\..\Engine\Engine Source\Include\Resources\EnvironmentMaterialData.h">
      <Filter>Engine Source\Resources\Include</Filter>
    </ClInclude>
    <ClInclude Include="..\..\..\..\..\Engine\Engine Source\Include\Rendering\Engine Layer\EnvironmentMaterial.h">
      <Filter>Engine Source\Rendering\Engine Layer\Include</Filter>
    </ClInclude>
    <ClInclude Include="..\..\..\..\..\Engine\Engine Source\Include\Engine Core\HashString.h">
      <Filter>Engine Source\Engine Core\Include</Filter>
    </ClInclude>
    <ClInclude Include="..\..\..\..\..\Engine\Engine Source\Include\Engine Core\Containers\DynamicArray.h">
      <Filter>Engine Source\Engine Core\Containers\Include</Filter>
    </ClInclude>
    <ClInclude Include="..\..\..\..\..\Engine\Engine Source\Include\Engine Core\Containers\Map.h">
      <Filter>Engine Source\Engine Core\Containers\Include</Filter>
    </ClInclude>
    <ClInclude Include="..\..\..\..\..\Engine\Engine Source\Include\Engine Core\Containers\StaticArray.h">
      <Filter>Engine Source\Engine Core\Containers\Include</Filter>
    </ClInclude>
    <ClInclude Include="..\..\..\..\..\Engine\Engine Source\Include\Engine Core\Utilities\CompileTimeUtilities.h">
      <Filter>Engine Source\Engine Core\Utilities\Include</Filter>
    </ClInclude>
    <ClInclude Include="..\..\..\..\..\Engine\Engine Source\Include\Engine Core\Utilities\MemoryUtilities.h">
      <Filter>Engine Source\Engine Core\Utilities\Include</Filter>
    </ClInclude>
    <ClInclude Include="..\..\..\..\..\Engine\Engine Source\Include\Engine Core\Algorithms\HashAlgorithms.h">
      <Filter>Engine Source\Engine Core\Algorithms\Include</Filter>
    </ClInclude>
    <ClInclude Include="..\..\..\..\..\Engine\Engine Source\Include\Engine Core\Tools\HashTools.h">
      <Filter>Engine Source\Engine Core\Tools\Include</Filter>
    </ClInclude>
    <ClInclude Include="..\..\..\..\..\Engine\Engine Source\Include\Resources\SoundBankData.h">
      <Filter>Engine Source\Resources\Include</Filter>
    </ClInclude>
    <ClInclude Include="..\..\..\..\..\Engine\Engine Source\Include\Sound\SoundBank.h">
      <Filter>Engine Source\Sound\Include</Filter>
    </ClInclude>
    <ClInclude Include="..\..\..\..\..\Engine\Engine Source\Include\Rendering\Engine Layer\CPUTexture2D.h">
      <Filter>Engine Source\Rendering\Engine Layer\Include</Filter>
    </ClInclude>
    <ClInclude Include="..\..\..\..\..\Engine\Engine Source\Include\Rendering\Engine Layer\CPUTextureCube.h">
      <Filter>Engine Source\Rendering\Engine Layer\Include</Filter>
    </ClInclude>
    <ClInclude Include="..\..\..\..\..\Engine\Engine Source\Include\Entities\VegetationEntity.h">
      <Filter>Engine Source\Entities\Include</Filter>
    </ClInclude>
    <ClInclude Include="..\..\..\..\..\Engine\Engine Source\Include\Components\VegetationComponent.h">
      <Filter>Engine Source\Components\Include</Filter>
    </ClInclude>
    <ClInclude Include="..\..\..\..\..\Engine\Engine Source\Include\Rendering\Engine Layer\VegetationTransformation.h">
      <Filter>Engine Source\Rendering\Engine Layer\Include</Filter>
    </ClInclude>
    <ClInclude Include="..\..\..\..\..\Engine\Engine Source\Include\Resources\VegetationMaterialData.h">
      <Filter>Engine Source\Resources\Include</Filter>
    </ClInclude>
    <ClInclude Include="..\..\..\..\..\Engine\Engine Source\Include\Rendering\Engine Layer\VegetationMaterial.h">
      <Filter>Engine Source\Rendering\Engine Layer\Include</Filter>
    </ClInclude>
    <ClInclude Include="..\..\..\..\..\Engine\Engine Source\Include\Rendering\Engine Layer\VegetationProperties.h">
      <Filter>Engine Source\Rendering\Engine Layer\Include</Filter>
    </ClInclude>
    <ClInclude Include="..\..\..\..\..\Engine\Engine Source\Include\Resources\ParticleMaterialData.h">
      <Filter>Engine Source\Resources\Include</Filter>
    </ClInclude>
    <ClInclude Include="..\..\..\..\..\Engine\Engine Source\Include\Rendering\Engine Layer\ParticleMaterial.h">
      <Filter>Engine Source\Rendering\Engine Layer\Include</Filter>
    </ClInclude>
    <ClInclude Include="..\..\..\..\..\Engine\Engine Source\Include\Entities\ParticleSystemEntity.h">
      <Filter>Engine Source\Entities\Include</Filter>
    </ClInclude>
    <ClInclude Include="..\..\..\..\..\Engine\Engine Source\Include\Components\ParticleSystemRenderComponent.h">
      <Filter>Engine Source\Components\Include</Filter>
    </ClInclude>
    <ClInclude Include="..\..\..\..\..\Engine\Engine Source\Include\Rendering\Engine Layer\ParticleSystemProperties.h">
      <Filter>Engine Source\Rendering\Engine Layer\Include</Filter>
    </ClInclude>
    <ClInclude Include="..\..\..\..\..\Engine\Engine Source\Include\Components\ParticleSystemComponent.h">
      <Filter>Engine Source\Components\Include</Filter>
    </ClInclude>
    <ClInclude Include="..\..\..\..\..\Engine\Engine Source\Include\Rendering\API Layer\Vulkan\VulkanConstantBuffer.h">
      <Filter>Engine Source\Rendering\API Layer\Vulkan\Include</Filter>
    </ClInclude>
    <ClInclude Include="..\..\..\..\..\Engine\Engine Source\Include\Rendering\API Layer\Vulkan\VulkanStorageBuffer.h">
      <Filter>Engine Source\Rendering\API Layer\Vulkan\Include</Filter>
    </ClInclude>
    <ClInclude Include="..\..\..\..\..\Engine\Engine Source\Include\Rendering\Translation Layer\Vulkan\VulkanParticleSystemProperties.h">
      <Filter>Engine Source\Rendering\Translation Layer\Vulkan\Include</Filter>
    </ClInclude>
    <ClInclude Include="..\..\..\..\..\Engine\Engine Source\Include\Components\VegetationCullingComponent.h">
      <Filter>Engine Source\Components\Include</Filter>
    </ClInclude>
    <ClInclude Include="..\..\..\..\..\Engine\Engine Source\Include\Engine Core\Utilities\MultithreadingUtilities.h">
      <Filter>Engine Source\Engine Core\Utilities\Include</Filter>
    </ClInclude>
    <ClInclude Include="..\..\..\Game Source\Include\TimeSystem.h">
      <Filter>Game Source\Include</Filter>
    </ClInclude>
    <ClInclude Include="..\..\..\..\..\Engine\Engine Source\Include\Systems\EnvironmentSystem.h">
      <Filter>Engine Source\Systems\Include</Filter>
    </ClInclude>
    <ClInclude Include="..\..\..\..\..\Engine\Engine Source\Include\Rendering\Engine Layer\OceanMaterial.h">
      <Filter>Engine Source\Rendering\Engine Layer\Include</Filter>
    </ClInclude>
  </ItemGroup>
  <ItemGroup>
    <ClCompile Include="..\..\..\Game Source\Source\ClairvoyantGameSystem.cpp">
      <Filter>Game Source\Source</Filter>
    </ClCompile>
    <ClCompile Include="..\..\..\Game Source\Source\ClairvoyantPlayer.cpp">
      <Filter>Game Source\Source</Filter>
    </ClCompile>
    <ClCompile Include="..\..\..\Game Source\Source\WorldArchitect.cpp">
      <Filter>Game Source\Source</Filter>
    </ClCompile>
    <ClCompile Include="..\..\..\Game Source\Source\ClairvoyantMain.cpp">
      <Filter>Game Source\Source</Filter>
    </ClCompile>
    <ClCompile Include="..\..\..\..\..\Engine\Engine Source\Source\Components\ComponentManager.cpp">
      <Filter>Engine Source\Components\Source</Filter>
    </ClCompile>
    <ClCompile Include="..\..\..\..\..\Engine\Engine Source\Source\Entities\CameraEntity.cpp">
      <Filter>Engine Source\Entities\Source</Filter>
    </ClCompile>
    <ClCompile Include="..\..\..\..\..\Engine\Engine Source\Source\Entities\DirectionalLightEntity.cpp">
      <Filter>Engine Source\Entities\Source</Filter>
    </ClCompile>
    <ClCompile Include="..\..\..\..\..\Engine\Engine Source\Source\Entities\Entity.cpp">
      <Filter>Engine Source\Entities\Source</Filter>
    </ClCompile>
    <ClCompile Include="..\..\..\..\..\Engine\Engine Source\Source\Entities\InstancedPhysicalEntity.cpp">
      <Filter>Engine Source\Entities\Source</Filter>
    </ClCompile>
    <ClCompile Include="..\..\..\..\..\Engine\Engine Source\Source\Entities\PointLightEntity.cpp">
      <Filter>Engine Source\Entities\Source</Filter>
    </ClCompile>
    <ClCompile Include="..\..\..\..\..\Engine\Engine Source\Source\Entities\SpotLightEntity.cpp">
      <Filter>Engine Source\Entities\Source</Filter>
    </ClCompile>
    <ClCompile Include="..\..\..\..\..\Engine\Engine Source\Source\Entities\StaticPhysicalEntity.cpp">
      <Filter>Engine Source\Entities\Source</Filter>
    </ClCompile>
    <ClCompile Include="..\..\..\..\..\Engine\Engine Source\Source\Entities\TerrainEntity.cpp">
      <Filter>Engine Source\Entities\Source</Filter>
    </ClCompile>
    <ClCompile Include="..\..\..\..\..\Engine\Engine Source\Source\Math\Matrix3.cpp">
      <Filter>Engine Source\Math\Source</Filter>
    </ClCompile>
    <ClCompile Include="..\..\..\..\..\Engine\Engine Source\Source\Math\Matrix4.cpp">
      <Filter>Engine Source\Math\Source</Filter>
    </ClCompile>
    <ClCompile Include="..\..\..\..\..\Engine\Engine Source\Source\Rendering\API Layer\Vulkan\Vulkan2DTexture.cpp">
      <Filter>Engine Source\Rendering\API Layer\Vulkan\Source</Filter>
    </ClCompile>
    <ClCompile Include="..\..\..\..\..\Engine\Engine Source\Source\Rendering\API Layer\Vulkan\VulkanAllocator.cpp">
      <Filter>Engine Source\Rendering\API Layer\Vulkan\Source</Filter>
    </ClCompile>
    <ClCompile Include="..\..\..\..\..\Engine\Engine Source\Source\Rendering\API Layer\Vulkan\VulkanCommandBuffer.cpp">
      <Filter>Engine Source\Rendering\API Layer\Vulkan\Source</Filter>
    </ClCompile>
    <ClCompile Include="..\..\..\..\..\Engine\Engine Source\Source\Rendering\API Layer\Vulkan\VulkanCommandPool.cpp">
      <Filter>Engine Source\Rendering\API Layer\Vulkan\Source</Filter>
    </ClCompile>
    <ClCompile Include="..\..\..\..\..\Engine\Engine Source\Source\Rendering\API Layer\Vulkan\VulkanCubeMapTexture.cpp">
      <Filter>Engine Source\Rendering\API Layer\Vulkan\Source</Filter>
    </ClCompile>
    <ClCompile Include="..\..\..\..\..\Engine\Engine Source\Source\Rendering\API Layer\Vulkan\VulkanDepthBuffer.cpp">
      <Filter>Engine Source\Rendering\API Layer\Vulkan\Source</Filter>
    </ClCompile>
    <ClCompile Include="..\..\..\..\..\Engine\Engine Source\Source\Rendering\API Layer\Vulkan\VulkanDescriptorPool.cpp">
      <Filter>Engine Source\Rendering\API Layer\Vulkan\Source</Filter>
    </ClCompile>
    <ClCompile Include="..\..\..\..\..\Engine\Engine Source\Source\Rendering\API Layer\Vulkan\VulkanDescriptorSet.cpp">
      <Filter>Engine Source\Rendering\API Layer\Vulkan\Source</Filter>
    </ClCompile>
    <ClCompile Include="..\..\..\..\..\Engine\Engine Source\Source\Rendering\API Layer\Vulkan\VulkanDescriptorSetLayout.cpp">
      <Filter>Engine Source\Rendering\API Layer\Vulkan\Source</Filter>
    </ClCompile>
    <ClCompile Include="..\..\..\..\..\Engine\Engine Source\Source\Rendering\API Layer\Vulkan\VulkanFence.cpp">
      <Filter>Engine Source\Rendering\API Layer\Vulkan\Source</Filter>
    </ClCompile>
    <ClCompile Include="..\..\..\..\..\Engine\Engine Source\Source\Rendering\API Layer\Vulkan\VulkanFramebuffer.cpp">
      <Filter>Engine Source\Rendering\API Layer\Vulkan\Source</Filter>
    </ClCompile>
    <ClCompile Include="..\..\..\..\..\Engine\Engine Source\Source\Rendering\API Layer\Vulkan\VulkanInstance.cpp">
      <Filter>Engine Source\Rendering\API Layer\Vulkan\Source</Filter>
    </ClCompile>
    <ClCompile Include="..\..\..\..\..\Engine\Engine Source\Source\Rendering\API Layer\Vulkan\VulkanInterface.cpp">
      <Filter>Engine Source\Rendering\API Layer\Vulkan\Source</Filter>
    </ClCompile>
    <ClCompile Include="..\..\..\..\..\Engine\Engine Source\Source\Rendering\API Layer\Vulkan\VulkanLogicalDevice.cpp">
      <Filter>Engine Source\Rendering\API Layer\Vulkan\Source</Filter>
    </ClCompile>
    <ClCompile Include="..\..\..\..\..\Engine\Engine Source\Source\Rendering\API Layer\Vulkan\VulkanPhysicalDevice.cpp">
      <Filter>Engine Source\Rendering\API Layer\Vulkan\Source</Filter>
    </ClCompile>
    <ClCompile Include="..\..\..\..\..\Engine\Engine Source\Source\Rendering\API Layer\Vulkan\VulkanPipeline.cpp">
      <Filter>Engine Source\Rendering\API Layer\Vulkan\Source</Filter>
    </ClCompile>
    <ClCompile Include="..\..\..\..\..\Engine\Engine Source\Source\Rendering\API Layer\Vulkan\VulkanQueue.cpp">
      <Filter>Engine Source\Rendering\API Layer\Vulkan\Source</Filter>
    </ClCompile>
    <ClCompile Include="..\..\..\..\..\Engine\Engine Source\Source\Rendering\API Layer\Vulkan\VulkanRenderPass.cpp">
      <Filter>Engine Source\Rendering\API Layer\Vulkan\Source</Filter>
    </ClCompile>
    <ClCompile Include="..\..\..\..\..\Engine\Engine Source\Source\Rendering\API Layer\Vulkan\VulkanRenderTarget.cpp">
      <Filter>Engine Source\Rendering\API Layer\Vulkan\Source</Filter>
    </ClCompile>
    <ClCompile Include="..\..\..\..\..\Engine\Engine Source\Source\Rendering\API Layer\Vulkan\VulkanSemaphore.cpp">
      <Filter>Engine Source\Rendering\API Layer\Vulkan\Source</Filter>
    </ClCompile>
    <ClCompile Include="..\..\..\..\..\Engine\Engine Source\Source\Rendering\API Layer\Vulkan\VulkanShaderModule.cpp">
      <Filter>Engine Source\Rendering\API Layer\Vulkan\Source</Filter>
    </ClCompile>
    <ClCompile Include="..\..\..\..\..\Engine\Engine Source\Source\Rendering\API Layer\Vulkan\VulkanSurface.cpp">
      <Filter>Engine Source\Rendering\API Layer\Vulkan\Source</Filter>
    </ClCompile>
    <ClCompile Include="..\..\..\..\..\Engine\Engine Source\Source\Rendering\API Layer\Vulkan\VulkanSwapChain.cpp">
      <Filter>Engine Source\Rendering\API Layer\Vulkan\Source</Filter>
    </ClCompile>
    <ClCompile Include="..\..\..\..\..\Engine\Engine Source\Source\Rendering\API Layer\Vulkan\VulkanUniformBuffer.cpp">
      <Filter>Engine Source\Rendering\API Layer\Vulkan\Source</Filter>
    </ClCompile>
    <ClCompile Include="..\..\..\..\..\Engine\Engine Source\Source\Rendering\Engine Layer\PhysicalModel.cpp">
      <Filter>Engine Source\Rendering\Engine Layer\Source</Filter>
    </ClCompile>
    <ClCompile Include="..\..\..\..\..\Engine\Engine Source\Source\Rendering\Engine Layer\Window.cpp">
      <Filter>Engine Source\Rendering\Engine Layer\Source</Filter>
    </ClCompile>
    <ClCompile Include="..\..\..\..\..\Engine\Engine Source\Source\Rendering\Translation Layer\Vulkan\VulkanRenderingSystem.cpp">
      <Filter>Engine Source\Rendering\Translation Layer\Vulkan\Source</Filter>
    </ClCompile>
    <ClCompile Include="..\..\..\..\..\Engine\Engine Source\Source\Resources\ResourceLoader.cpp">
      <Filter>Engine Source\Resources\Source</Filter>
    </ClCompile>
    <ClCompile Include="..\..\..\..\..\Engine\Engine Source\Source\Systems\EngineSystem.cpp">
      <Filter>Engine Source\Systems\Source</Filter>
    </ClCompile>
    <ClCompile Include="..\..\..\..\..\Engine\Engine Source\Source\Systems\EntitySystem.cpp">
      <Filter>Engine Source\Systems\Source</Filter>
    </ClCompile>
    <ClCompile Include="..\..\..\..\..\Engine\Engine Source\Source\Systems\InputSystem.cpp">
      <Filter>Engine Source\Systems\Source</Filter>
    </ClCompile>
    <ClCompile Include="..\..\..\..\..\Engine\Engine Source\Source\Systems\PhysicsSystem.cpp">
      <Filter>Engine Source\Systems\Source</Filter>
    </ClCompile>
    <ClCompile Include="..\..\..\..\..\Engine\Engine Source\Source\Systems\RenderingSystem.cpp">
      <Filter>Engine Source\Systems\Source</Filter>
    </ClCompile>
    <ClCompile Include="..\..\..\..\..\Engine\Engine Source\Source\Systems\SoundSystem.cpp">
      <Filter>Engine Source\Systems\Source</Filter>
    </ClCompile>
    <ClCompile Include="..\..\..\..\..\Engine\Engine Source\Source\Systems\TaskSystem.cpp">
      <Filter>Engine Source\Systems\Source</Filter>
    </ClCompile>
    <ClCompile Include="..\..\..\Game Source\Source\ClairvoyantSoundDirector.cpp">
      <Filter>Game Source\Source</Filter>
    </ClCompile>
    <ClCompile Include="..\..\..\..\..\Engine\Engine Source\Source\Entities\Sound3DEntity.cpp">
      <Filter>Engine Source\Entities\Source</Filter>
    </ClCompile>
    <ClCompile Include="..\..\..\..\..\Engine\Engine Source\Source\Entities\Sound2DEntity.cpp">
      <Filter>Engine Source\Entities\Source</Filter>
    </ClCompile>
    <ClCompile Include="..\..\..\..\..\Engine\Engine Source\Source\Entities\VegetationEntity.cpp">
      <Filter>Engine Source\Entities\Source</Filter>
    </ClCompile>
    <ClCompile Include="..\..\..\..\..\Engine\Engine Source\Source\Entities\ParticleSystemEntity.cpp">
      <Filter>Engine Source\Entities\Source</Filter>
    </ClCompile>
    <ClCompile Include="..\..\..\..\..\Engine\Engine Source\Source\Rendering\API Layer\Vulkan\VulkanConstantBuffer.cpp">
      <Filter>Engine Source\Rendering\API Layer\Vulkan\Source</Filter>
    </ClCompile>
    <ClCompile Include="..\..\..\..\..\Engine\Engine Source\Source\Rendering\API Layer\Vulkan\VulkanStorageBuffer.cpp">
      <Filter>Engine Source\Rendering\API Layer\Vulkan\Source</Filter>
    </ClCompile>
    <ClCompile Include="..\..\..\Game Source\Source\TimeSystem.cpp">
      <Filter>Game Source\Source</Filter>
    </ClCompile>
    <ClCompile Include="..\..\..\..\..\Engine\Engine Source\Source\Systems\EnvironmentSystem.cpp">
      <Filter>Engine Source\Systems\Source</Filter>
    </ClCompile>
  </ItemGroup>
  <ItemGroup>
    <None Include="..\..\..\..\..\Engine\Engine Source\Include\Rendering\API Layer\Vulkan\VulkanCommandBuffer.inl">
      <Filter>Engine Source\Rendering\API Layer\Vulkan\Inline</Filter>
    </None>
    <None Include="..\..\..\..\..\Engine\Engine Source\Include\Systems\EntitySystem.inl">
      <Filter>Engine Source\Systems\Inline</Filter>
    </None>
    <None Include="..\..\..\..\..\Engine\Engine Source\Include\Math\Vector3.inl">
      <Filter>Engine Source\Math\Inline</Filter>
    </None>
  </ItemGroup>
</Project>