<?xml version="1.0" encoding="utf-8"?>
<Project ToolsVersion="4.0" xmlns="http://schemas.microsoft.com/developer/msbuild/2003">
  <ItemGroup>
    <Filter Include="Game Source">
      <UniqueIdentifier>{25bad5aa-6eb3-4c60-b112-5bca2c8a9974}</UniqueIdentifier>
    </Filter>
    <Filter Include="Game Source\World">
      <UniqueIdentifier>{b78cb417-6fe9-4a16-be63-79ce579afe4e}</UniqueIdentifier>
    </Filter>
    <Filter Include="Game Source\World\Include">
      <UniqueIdentifier>{0d6fdbff-f24d-4a8c-987b-757c586a9065}</UniqueIdentifier>
    </Filter>
    <Filter Include="Game Source\World\Source">
      <UniqueIdentifier>{1706b777-0d1b-4856-8f83-0608421c1734}</UniqueIdentifier>
    </Filter>
    <Filter Include="Game Source\Main">
      <UniqueIdentifier>{3c8cdc33-b187-49e8-8028-50e393d11329}</UniqueIdentifier>
    </Filter>
    <Filter Include="Game Source\Main\Source">
      <UniqueIdentifier>{d40c67bb-336c-47cf-9da0-a157ff9152ea}</UniqueIdentifier>
    </Filter>
    <Filter Include="Game Source\Main\Include">
      <UniqueIdentifier>{a54657d1-62f9-4ca0-9557-87225e6d3599}</UniqueIdentifier>
    </Filter>
    <Filter Include="Game Source\Sound">
      <UniqueIdentifier>{a4814dd5-b747-4177-9e46-c8900e72b377}</UniqueIdentifier>
    </Filter>
    <Filter Include="Game Source\Sound\Include">
      <UniqueIdentifier>{ee088b6e-bfcc-4ba8-b82e-a4a9d54e224f}</UniqueIdentifier>
    </Filter>
    <Filter Include="Game Source\Sound\Source">
      <UniqueIdentifier>{cf917ff0-dcbf-41b7-8ecf-ac95748eb72b}</UniqueIdentifier>
    </Filter>
    <Filter Include="Game Source\Player">
      <UniqueIdentifier>{e0558295-fe4c-4109-872e-21f802a9a9be}</UniqueIdentifier>
    </Filter>
    <Filter Include="Game Source\Player\Include">
      <UniqueIdentifier>{abe86bf4-ac35-4690-9f66-68d227233b6c}</UniqueIdentifier>
    </Filter>
    <Filter Include="Game Source\Player\Source">
      <UniqueIdentifier>{8347cd03-7074-4d63-a05b-1a3ac1ad3f8b}</UniqueIdentifier>
    </Filter>
    <Filter Include="Game Source\Resources">
      <UniqueIdentifier>{f7e4e392-489b-41cc-933a-fcf07ce88391}</UniqueIdentifier>
    </Filter>
    <Filter Include="Game Source\Resources\Include">
      <UniqueIdentifier>{8f8eef83-44ea-4b10-9d87-cd82cd4aa6af}</UniqueIdentifier>
    </Filter>
    <Filter Include="Game Source\Debug">
      <UniqueIdentifier>{b4c3e1ff-9300-43f7-a9ad-45eefa9f6bd8}</UniqueIdentifier>
    </Filter>
    <Filter Include="Game Source\Debug\Include">
      <UniqueIdentifier>{2d42cc67-32de-41ac-9e8a-287b9492c530}</UniqueIdentifier>
    </Filter>
    <Filter Include="Game Source\Debug\Source">
      <UniqueIdentifier>{574c5e0e-cc9f-4bbc-bd77-b9a0f1f441bd}</UniqueIdentifier>
    </Filter>
    <Filter Include="Resource Creator Source">
      <UniqueIdentifier>{b673d021-d2d8-4203-9885-f7ddccec9eec}</UniqueIdentifier>
    </Filter>
    <Filter Include="Resource Creator Source\Include">
      <UniqueIdentifier>{119b4ded-6d78-4e82-a5dc-aef7626d16cf}</UniqueIdentifier>
    </Filter>
    <Filter Include="Resource Creator Source\Source">
      <UniqueIdentifier>{a81dd121-35fa-41eb-b112-7f6fe89e668d}</UniqueIdentifier>
    </Filter>
    <Filter Include="Engine Source">
      <UniqueIdentifier>{9c2d1e59-add0-402c-889c-8346460b0291}</UniqueIdentifier>
    </Filter>
  </ItemGroup>
  <ItemGroup>
    <ClInclude Include="..\..\..\Code\Include\World\WorldArchitect.h">
      <Filter>Game Source\World\Include</Filter>
    </ClInclude>
    <ClInclude Include="..\..\..\Code\Include\Main\ClairvoyantGameSystem.h">
      <Filter>Game Source\Main\Include</Filter>
    </ClInclude>
    <ClInclude Include="..\..\..\Code\Include\Sound\ClairvoyantSoundDirector.h">
      <Filter>Game Source\Sound\Include</Filter>
    </ClInclude>
    <ClInclude Include="..\..\..\Code\Include\Sound\ClairvoyantSoundGUIDs.h">
      <Filter>Game Source\Sound\Include</Filter>
    </ClInclude>
    <ClInclude Include="..\..\..\Code\Include\Player\ClairvoyantPlayer.h">
      <Filter>Game Source\Player\Include</Filter>
    </ClInclude>
    <ClInclude Include="..\..\..\Code\Include\World\TimeSystem.h">
      <Filter>Game Source\World\Include</Filter>
    </ClInclude>
    <ClInclude Include="..\..\..\Code\Include\Resources\ClairvoyantSettings.h">
      <Filter>Game Source\Resources\Include</Filter>
    </ClInclude>
    <ClInclude Include="..\..\..\Code\Include\World\WorldChunk.h">
      <Filter>Game Source\World\Include</Filter>
    </ClInclude>
    <ClInclude Include="..\..\..\Code\Include\World\WorldScanningData.h">
      <Filter>Game Source\World\Include</Filter>
    </ClInclude>
    <ClInclude Include="..\..\..\Code\Include\World\SuggestedWorldChunk.h">
      <Filter>Game Source\World\Include</Filter>
    </ClInclude>
    <ClInclude Include="..\..\..\Code\Include\Debug\SoakCamera.h">
      <Filter>Game Source\Debug\Include</Filter>
    </ClInclude>
    <ClInclude Include="..\..\..\Code\Include\Main\ClairvoyantParticleSystem.h">
      <Filter>Game Source\Main\Include</Filter>
    </ClInclude>
    <ClInclude Include="..\..\..\..\..\Tools\Resource Creator\Resource Creator Source\Resource Creator\Include\EnvironmentMaterialCreator.h">
      <Filter>Resource Creator Source\Include</Filter>
    </ClInclude>
    <ClInclude Include="..\..\..\..\..\Tools\Resource Creator\Resource Creator Source\Resource Creator\Include\ParticleMaterialCreator.h">
      <Filter>Resource Creator Source\Include</Filter>
    </ClInclude>
    <ClInclude Include="..\..\..\..\..\Tools\Resource Creator\Resource Creator Source\Resource Creator\Include\PhysicalMaterialCreator.h">
      <Filter>Resource Creator Source\Include</Filter>
    </ClInclude>
    <ClInclude Include="..\..\..\..\..\Tools\Resource Creator\Resource Creator Source\Resource Creator\Include\PhysicalModelCreator.h">
      <Filter>Resource Creator Source\Include</Filter>
    </ClInclude>
    <ClInclude Include="..\..\..\..\..\Tools\Resource Creator\Resource Creator Source\Resource Creator\Include\ResourceCollectionCreator.h">
      <Filter>Resource Creator Source\Include</Filter>
    </ClInclude>
    <ClInclude Include="..\..\..\..\..\Tools\Resource Creator\Resource Creator Source\Resource Creator\Include\SoundBankCreator.h">
      <Filter>Resource Creator Source\Include</Filter>
    </ClInclude>
    <ClInclude Include="..\..\..\..\..\Tools\Resource Creator\Resource Creator Source\Resource Creator\Include\TerrainMaterialCreator.h">
      <Filter>Resource Creator Source\Include</Filter>
    </ClInclude>
    <ClInclude Include="..\..\..\..\..\Tools\Resource Creator\Resource Creator Source\Resource Creator\Include\VegetationMaterialCreator.h">
      <Filter>Resource Creator Source\Include</Filter>
    </ClInclude>
    <ClInclude Include="..\..\..\..\..\Tools\Resource Creator\Resource Creator Source\Resource Creator\Include\WaterMaterialCreator.h">
      <Filter>Resource Creator Source\Include</Filter>
    </ClInclude>
    <ClInclude Include="..\..\..\..\..\Tools\Resource Creator\Resource Creator Source\Resource Creator\Include\stb_image.h">
      <Filter>Resource Creator Source\Include</Filter>
    </ClInclude>
    <ClInclude Include="..\..\..\..\..\Tools\Resource Creator\Resource Creator Source\Resource Creator\Include\stb_image_resize.h">
      <Filter>Resource Creator Source\Include</Filter>
    </ClInclude>
  </ItemGroup>
  <ItemGroup>
    <ClCompile Include="..\..\..\Code\Source\World\WorldArchitect.cpp">
      <Filter>Game Source\World\Source</Filter>
    </ClCompile>
    <ClCompile Include="..\..\..\Code\Source\Main\ClairvoyantMain.cpp">
      <Filter>Game Source\Main\Source</Filter>
    </ClCompile>
    <ClCompile Include="..\..\..\Code\Source\Main\ClairvoyantGameSystem.cpp">
      <Filter>Game Source\Main\Source</Filter>
    </ClCompile>
    <ClCompile Include="..\..\..\Code\Source\Sound\ClairvoyantSoundDirector.cpp">
      <Filter>Game Source\Sound\Source</Filter>
    </ClCompile>
    <ClCompile Include="..\..\..\Code\Source\World\TimeSystem.cpp">
      <Filter>Game Source\World\Source</Filter>
    </ClCompile>
    <ClCompile Include="..\..\..\Code\Source\Player\ClairvoyantPlayer.cpp">
      <Filter>Game Source\Player\Source</Filter>
    </ClCompile>
    <ClCompile Include="..\..\..\Code\Source\Debug\SoakCamera.cpp">
      <Filter>Game Source\Debug\Source</Filter>
    </ClCompile>
    <ClCompile Include="..\..\..\Code\Source\Main\ClairvoyantParticleSystem.cpp">
      <Filter>Game Source\Main\Source</Filter>
    </ClCompile>
    <ClCompile Include="..\..\..\..\..\Tools\Resource Creator\Resource Creator Source\Resource Creator\Source\StbImageImplementation.cpp">
      <Filter>Resource Creator Source\Source</Filter>
    </ClCompile>
    <ClCompile Include="..\..\..\..\..\Engine\Source\Components\ComponentManager.cpp">
      <Filter>Engine Source</Filter>
    </ClCompile>
    <ClCompile Include="..\..\..\..\..\Engine\Source\Entities\CameraEntity.cpp">
      <Filter>Engine Source</Filter>
    </ClCompile>
    <ClCompile Include="..\..\..\..\..\Engine\Source\Entities\DirectionalLightEntity.cpp">
      <Filter>Engine Source</Filter>
    </ClCompile>
    <ClCompile Include="..\..\..\..\..\Engine\Source\Entities\Entity.cpp">
      <Filter>Engine Source</Filter>
    </ClCompile>
    <ClCompile Include="..\..\..\..\..\Engine\Source\Entities\InstancedPhysicalEntity.cpp">
      <Filter>Engine Source</Filter>
    </ClCompile>
    <ClCompile Include="..\..\..\..\..\Engine\Source\Entities\ParticleSystemEntity.cpp">
      <Filter>Engine Source</Filter>
    </ClCompile>
    <ClCompile Include="..\..\..\..\..\Engine\Source\Entities\PointLightEntity.cpp">
      <Filter>Engine Source</Filter>
    </ClCompile>
    <ClCompile Include="..\..\..\..\..\Engine\Source\Entities\Sound2DEntity.cpp">
      <Filter>Engine Source</Filter>
    </ClCompile>
    <ClCompile Include="..\..\..\..\..\Engine\Source\Entities\Sound3DEntity.cpp">
      <Filter>Engine Source</Filter>
    </ClCompile>
    <ClCompile Include="..\..\..\..\..\Engine\Source\Entities\SpotLightEntity.cpp">
      <Filter>Engine Source</Filter>
    </ClCompile>
    <ClCompile Include="..\..\..\..\..\Engine\Source\Entities\StaticPhysicalEntity.cpp">
      <Filter>Engine Source</Filter>
    </ClCompile>
    <ClCompile Include="..\..\..\..\..\Engine\Source\Entities\TerrainEntity.cpp">
      <Filter>Engine Source</Filter>
    </ClCompile>
    <ClCompile Include="..\..\..\..\..\Engine\Source\Entities\VegetationEntity.cpp">
      <Filter>Engine Source</Filter>
    </ClCompile>
    <ClCompile Include="..\..\..\..\..\Engine\Source\Managers\EnvironmentManager.cpp">
      <Filter>Engine Source</Filter>
    </ClCompile>
    <ClCompile Include="..\..\..\..\..\Engine\Source\Managers\PostProcessingManager.cpp">
      <Filter>Engine Source</Filter>
    </ClCompile>
    <ClCompile Include="..\..\..\..\..\Engine\Source\Math\Matrix3.cpp">
      <Filter>Engine Source</Filter>
    </ClCompile>
    <ClCompile Include="..\..\..\..\..\Engine\Source\Math\Matrix4.cpp">
      <Filter>Engine Source</Filter>
    </ClCompile>
    <ClCompile Include="..\..\..\..\..\Engine\Source\Math\PerlinNoiseGenerator.cpp">
      <Filter>Engine Source</Filter>
    </ClCompile>
    <ClCompile Include="..\..\..\..\..\Engine\Source\Rendering\API\Vulkan\Vulkan2DTexture.cpp">
      <Filter>Engine Source</Filter>
    </ClCompile>
    <ClCompile Include="..\..\..\..\..\Engine\Source\Rendering\API\Vulkan\VulkanAllocator.cpp">
      <Filter>Engine Source</Filter>
    </ClCompile>
    <ClCompile Include="..\..\..\..\..\Engine\Source\Rendering\API\Vulkan\VulkanCommandBuffer.cpp">
      <Filter>Engine Source</Filter>
    </ClCompile>
    <ClCompile Include="..\..\..\..\..\Engine\Source\Rendering\API\Vulkan\VulkanCommandPool.cpp">
      <Filter>Engine Source</Filter>
    </ClCompile>
    <ClCompile Include="..\..\..\..\..\Engine\Source\Rendering\API\Vulkan\VulkanConstantBuffer.cpp">
      <Filter>Engine Source</Filter>
    </ClCompile>
    <ClCompile Include="..\..\..\..\..\Engine\Source\Rendering\API\Vulkan\VulkanCubeMapTexture.cpp">
      <Filter>Engine Source</Filter>
    </ClCompile>
    <ClCompile Include="..\..\..\..\..\Engine\Source\Rendering\API\Vulkan\VulkanDepthBuffer.cpp">
      <Filter>Engine Source</Filter>
    </ClCompile>
    <ClCompile Include="..\..\..\..\..\Engine\Source\Rendering\API\Vulkan\VulkanDescriptorPool.cpp">
      <Filter>Engine Source</Filter>
    </ClCompile>
    <ClCompile Include="..\..\..\..\..\Engine\Source\Rendering\API\Vulkan\VulkanDescriptorSet.cpp">
      <Filter>Engine Source</Filter>
    </ClCompile>
    <ClCompile Include="..\..\..\..\..\Engine\Source\Rendering\API\Vulkan\VulkanDescriptorSetLayout.cpp">
      <Filter>Engine Source</Filter>
    </ClCompile>
    <ClCompile Include="..\..\..\..\..\Engine\Source\Rendering\API\Vulkan\VulkanEvent.cpp">
      <Filter>Engine Source</Filter>
    </ClCompile>
    <ClCompile Include="..\..\..\..\..\Engine\Source\Rendering\API\Vulkan\VulkanFence.cpp">
      <Filter>Engine Source</Filter>
    </ClCompile>
    <ClCompile Include="..\..\..\..\..\Engine\Source\Rendering\API\Vulkan\VulkanFramebuffer.cpp">
      <Filter>Engine Source</Filter>
    </ClCompile>
    <ClCompile Include="..\..\..\..\..\Engine\Source\Rendering\API\Vulkan\VulkanInstance.cpp">
      <Filter>Engine Source</Filter>
    </ClCompile>
    <ClCompile Include="..\..\..\..\..\Engine\Source\Rendering\API\Vulkan\VulkanInterface.cpp">
      <Filter>Engine Source</Filter>
    </ClCompile>
    <ClCompile Include="..\..\..\..\..\Engine\Source\Rendering\API\Vulkan\VulkanLogicalDevice.cpp">
      <Filter>Engine Source</Filter>
    </ClCompile>
    <ClCompile Include="..\..\..\..\..\Engine\Source\Rendering\API\Vulkan\VulkanPhysicalDevice.cpp">
      <Filter>Engine Source</Filter>
    </ClCompile>
    <ClCompile Include="..\..\..\..\..\Engine\Source\Rendering\API\Vulkan\VulkanPipeline.cpp">
      <Filter>Engine Source</Filter>
    </ClCompile>
    <ClCompile Include="..\..\..\..\..\Engine\Source\Rendering\API\Vulkan\VulkanQueue.cpp">
      <Filter>Engine Source</Filter>
    </ClCompile>
    <ClCompile Include="..\..\..\..\..\Engine\Source\Rendering\API\Vulkan\VulkanRenderPass.cpp">
      <Filter>Engine Source</Filter>
    </ClCompile>
    <ClCompile Include="..\..\..\..\..\Engine\Source\Rendering\API\Vulkan\VulkanRenderTarget.cpp">
      <Filter>Engine Source</Filter>
    </ClCompile>
    <ClCompile Include="..\..\..\..\..\Engine\Source\Rendering\API\Vulkan\VulkanSemaphore.cpp">
      <Filter>Engine Source</Filter>
    </ClCompile>
    <ClCompile Include="..\..\..\..\..\Engine\Source\Rendering\API\Vulkan\VulkanShaderModule.cpp">
      <Filter>Engine Source</Filter>
    </ClCompile>
    <ClCompile Include="..\..\..\..\..\Engine\Source\Rendering\API\Vulkan\VulkanStorageBuffer.cpp">
      <Filter>Engine Source</Filter>
    </ClCompile>
    <ClCompile Include="..\..\..\..\..\Engine\Source\Rendering\API\Vulkan\VulkanSurface.cpp">
      <Filter>Engine Source</Filter>
    </ClCompile>
    <ClCompile Include="..\..\..\..\..\Engine\Source\Rendering\API\Vulkan\VulkanSwapChain.cpp">
      <Filter>Engine Source</Filter>
    </ClCompile>
    <ClCompile Include="..\..\..\..\..\Engine\Source\Rendering\API\Vulkan\VulkanUniformBuffer.cpp">
      <Filter>Engine Source</Filter>
    </ClCompile>
    <ClCompile Include="..\..\..\..\..\Engine\Source\Rendering\Engine\PhysicalModel.cpp">
      <Filter>Engine Source</Filter>
    </ClCompile>
    <ClCompile Include="..\..\..\..\..\Engine\Source\Rendering\Engine\RenderPasses\BloomHorizontalBlurRenderPass.cpp">
      <Filter>Engine Source</Filter>
    </ClCompile>
    <ClCompile Include="..\..\..\..\..\Engine\Source\Rendering\Engine\RenderPasses\BloomRenderPass.cpp">
      <Filter>Engine Source</Filter>
    </ClCompile>
    <ClCompile Include="..\..\..\..\..\Engine\Source\Rendering\Engine\RenderPasses\BloomVerticalBlurRenderPass.cpp">
      <Filter>Engine Source</Filter>
    </ClCompile>
    <ClCompile Include="..\..\..\..\..\Engine\Source\Rendering\Engine\RenderPasses\DirectionalInstancedPhysicalShadowRenderPass.cpp">
      <Filter>Engine Source</Filter>
    </ClCompile>
    <ClCompile Include="..\..\..\..\..\Engine\Source\Rendering\Engine\RenderPasses\DirectionalShadowRenderPass.cpp">
      <Filter>Engine Source</Filter>
    </ClCompile>
    <ClCompile Include="..\..\..\..\..\Engine\Source\Rendering\Engine\RenderPasses\DirectionalStaticPhysicalShadowRenderPass.cpp">
      <Filter>Engine Source</Filter>
    </ClCompile>
    <ClCompile Include="..\..\..\..\..\Engine\Source\Rendering\Engine\RenderPasses\DirectionalTerrainShadowRenderPass.cpp">
      <Filter>Engine Source</Filter>
    </ClCompile>
    <ClCompile Include="..\..\..\..\..\Engine\Source\Rendering\Engine\RenderPasses\InstancedPhysicalRenderPass.cpp">
      <Filter>Engine Source</Filter>
    </ClCompile>
    <ClCompile Include="..\..\..\..\..\Engine\Source\Rendering\Engine\RenderPasses\LightingRenderPass.cpp">
      <Filter>Engine Source</Filter>
    </ClCompile>
    <ClCompile Include="..\..\..\..\..\Engine\Source\Rendering\Engine\RenderPasses\OceanRenderPass.cpp">
      <Filter>Engine Source</Filter>
    </ClCompile>
    <ClCompile Include="..\..\..\..\..\Engine\Source\Rendering\Engine\RenderPasses\ParticleSystemRenderPass.cpp">
      <Filter>Engine Source</Filter>
    </ClCompile>
    <ClCompile Include="..\..\..\..\..\Engine\Source\Rendering\Engine\RenderPasses\PostProcessingBloomRenderPass.cpp">
      <Filter>Engine Source</Filter>
    </ClCompile>
    <ClCompile Include="..\..\..\..\..\Engine\Source\Rendering\Engine\RenderPasses\PostProcessingHorizontalBlurRenderPass.cpp">
      <Filter>Engine Source</Filter>
    </ClCompile>
    <ClCompile Include="..\..\..\..\..\Engine\Source\Rendering\Engine\RenderPasses\PostProcessingRenderPass.cpp">
      <Filter>Engine Source</Filter>
    </ClCompile>
    <ClCompile Include="..\..\..\..\..\Engine\Source\Rendering\Engine\RenderPasses\PostProcessingVerticalBlurRenderPass.cpp">
      <Filter>Engine Source</Filter>
    </ClCompile>
    <ClCompile Include="..\..\..\..\..\Engine\Source\Rendering\Engine\RenderPasses\RenderPass.cpp">
      <Filter>Engine Source</Filter>
    </ClCompile>
    <ClCompile Include="..\..\..\..\..\Engine\Source\Rendering\Engine\RenderPasses\ScreenSpaceAmbientOcclusionHorizontalBlurRenderPass.cpp">
      <Filter>Engine Source</Filter>
    </ClCompile>
    <ClCompile Include="..\..\..\..\..\Engine\Source\Rendering\Engine\RenderPasses\ScreenSpaceAmbientOcclusionRenderPass.cpp">
      <Filter>Engine Source</Filter>
    </ClCompile>
    <ClCompile Include="..\..\..\..\..\Engine\Source\Rendering\Engine\RenderPasses\ScreenSpaceAmbientOcclusionVerticalBlurRenderPass.cpp">
      <Filter>Engine Source</Filter>
    </ClCompile>
    <ClCompile Include="..\..\..\..\..\Engine\Source\Rendering\Engine\RenderPasses\SkyRenderPass.cpp">
      <Filter>Engine Source</Filter>
    </ClCompile>
    <ClCompile Include="..\..\..\..\..\Engine\Source\Rendering\Engine\RenderPasses\StaticPhysicalRenderPass.cpp">
      <Filter>Engine Source</Filter>
    </ClCompile>
    <ClCompile Include="..\..\..\..\..\Engine\Source\Rendering\Engine\RenderPasses\TerrainRenderPass.cpp">
      <Filter>Engine Source</Filter>
    </ClCompile>
    <ClCompile Include="..\..\..\..\..\Engine\Source\Rendering\Engine\RenderPasses\VegetationRenderPass.cpp">
      <Filter>Engine Source</Filter>
    </ClCompile>
    <ClCompile Include="..\..\..\..\..\Engine\Source\Rendering\Engine\Surface.cpp">
      <Filter>Engine Source</Filter>
    </ClCompile>
    <ClCompile Include="..\..\..\..\..\Engine\Source\Rendering\ShaderData\Vulkan\BloomFragmentShader.cpp">
      <Filter>Engine Source</Filter>
    </ClCompile>
    <ClCompile Include="..\..\..\..\..\Engine\Source\Rendering\ShaderData\Vulkan\CubeMapVertexShader.cpp">
      <Filter>Engine Source</Filter>
    </ClCompile>
    <ClCompile Include="..\..\..\..\..\Engine\Source\Rendering\ShaderData\Vulkan\DirectionalPhysicalShadowVertexShader.cpp">
      <Filter>Engine Source</Filter>
    </ClCompile>
    <ClCompile Include="..\..\..\..\..\Engine\Source\Rendering\ShaderData\Vulkan\DirectionalShadowFragmentShader.cpp">
      <Filter>Engine Source</Filter>
    </ClCompile>
    <ClCompile Include="..\..\..\..\..\Engine\Source\Rendering\ShaderData\Vulkan\DirectionalShadowInstancedPhysicalVertexShader.cpp">
      <Filter>Engine Source</Filter>
    </ClCompile>
    <ClCompile Include="..\..\..\..\..\Engine\Source\Rendering\ShaderData\Vulkan\DirectionalShadowTerrainTessellationEvaluationShader.cpp">
      <Filter>Engine Source</Filter>
    </ClCompile>
    <ClCompile Include="..\..\..\..\..\Engine\Source\Rendering\ShaderData\Vulkan\GaussianBlurFragmentShader.cpp">
      <Filter>Engine Source</Filter>
    </ClCompile>
    <ClCompile Include="..\..\..\..\..\Engine\Source\Rendering\ShaderData\Vulkan\InstancedPhysicalVertexShader.cpp">
      <Filter>Engine Source</Filter>
    </ClCompile>
    <ClCompile Include="..\..\..\..\..\Engine\Source\Rendering\ShaderData\Vulkan\LightingFragmentShader.cpp">
      <Filter>Engine Source</Filter>
    </ClCompile>
    <ClCompile Include="..\..\..\..\..\Engine\Source\Rendering\ShaderData\Vulkan\OceanFragmentShader.cpp">
      <Filter>Engine Source</Filter>
    </ClCompile>
    <ClCompile Include="..\..\..\..\..\Engine\Source\Rendering\ShaderData\Vulkan\ParticleSystemFragmentShader.cpp">
      <Filter>Engine Source</Filter>
    </ClCompile>
    <ClCompile Include="..\..\..\..\..\Engine\Source\Rendering\ShaderData\Vulkan\ParticleSystemGeometryShader.cpp">
      <Filter>Engine Source</Filter>
    </ClCompile>
    <ClCompile Include="..\..\..\..\..\Engine\Source\Rendering\ShaderData\Vulkan\ParticleSystemVertexShader.cpp">
      <Filter>Engine Source</Filter>
    </ClCompile>
    <ClCompile Include="..\..\..\..\..\Engine\Source\Rendering\ShaderData\Vulkan\PhysicalFragmentShader.cpp">
      <Filter>Engine Source</Filter>
    </ClCompile>
    <ClCompile Include="..\..\..\..\..\Engine\Source\Rendering\ShaderData\Vulkan\PhysicalVertexShader.cpp">
      <Filter>Engine Source</Filter>
    </ClCompile>
    <ClCompile Include="..\..\..\..\..\Engine\Source\Rendering\ShaderData\Vulkan\PostProcessingBloomFragmentShader.cpp">
      <Filter>Engine Source</Filter>
    </ClCompile>
    <ClCompile Include="..\..\..\..\..\Engine\Source\Rendering\ShaderData\Vulkan\PostProcessingFragmentShader.cpp">
      <Filter>Engine Source</Filter>
    </ClCompile>
    <ClCompile Include="..\..\..\..\..\Engine\Source\Rendering\ShaderData\Vulkan\ScreenSpaceAmbientOcclusionFragmentShader.cpp">
      <Filter>Engine Source</Filter>
    </ClCompile>
    <ClCompile Include="..\..\..\..\..\Engine\Source\Rendering\ShaderData\Vulkan\ShadowMapFragmentShader.cpp">
      <Filter>Engine Source</Filter>
    </ClCompile>
    <ClCompile Include="..\..\..\..\..\Engine\Source\Rendering\ShaderData\Vulkan\SkyFragmentShader.cpp">
      <Filter>Engine Source</Filter>
    </ClCompile>
    <ClCompile Include="..\..\..\..\..\Engine\Source\Rendering\ShaderData\Vulkan\TerrainSceneBufferFragmentShader.cpp">
      <Filter>Engine Source</Filter>
    </ClCompile>
    <ClCompile Include="..\..\..\..\..\Engine\Source\Rendering\ShaderData\Vulkan\TerrainSceneBufferTessellationControlShader.cpp">
      <Filter>Engine Source</Filter>
    </ClCompile>
    <ClCompile Include="..\..\..\..\..\Engine\Source\Rendering\ShaderData\Vulkan\TerrainSceneBufferTessellationEvaluationShader.cpp">
      <Filter>Engine Source</Filter>
    </ClCompile>
    <ClCompile Include="..\..\..\..\..\Engine\Source\Rendering\ShaderData\Vulkan\TerrainVertexShader.cpp">
      <Filter>Engine Source</Filter>
    </ClCompile>
    <ClCompile Include="..\..\..\..\..\Engine\Source\Rendering\ShaderData\Vulkan\VegetationFragmentShader.cpp">
      <Filter>Engine Source</Filter>
    </ClCompile>
    <ClCompile Include="..\..\..\..\..\Engine\Source\Rendering\ShaderData\Vulkan\VegetationGeometryShader.cpp">
      <Filter>Engine Source</Filter>
    </ClCompile>
    <ClCompile Include="..\..\..\..\..\Engine\Source\Rendering\ShaderData\Vulkan\VegetationVertexShader.cpp">
      <Filter>Engine Source</Filter>
    </ClCompile>
    <ClCompile Include="..\..\..\..\..\Engine\Source\Rendering\ShaderData\Vulkan\ViewportVertexShader.cpp">
      <Filter>Engine Source</Filter>
    </ClCompile>
    <ClCompile Include="..\..\..\..\..\Engine\Source\Rendering\Translation\Vulkan\VulkanRenderingSystem.cpp">
      <Filter>Engine Source</Filter>
    </ClCompile>
    <ClCompile Include="..\..\..\..\..\Engine\Source\Rendering\Translation\Vulkan\VulkanTranslationCommandBuffer.cpp">
      <Filter>Engine Source</Filter>
    </ClCompile>
    <ClCompile Include="..\..\..\..\..\Engine\Source\Resources\ResourceLoader.cpp">
      <Filter>Engine Source</Filter>
    </ClCompile>
    <ClCompile Include="..\..\..\..\..\Engine\Source\Systems\CullingSystem.cpp">
      <Filter>Engine Source</Filter>
    </ClCompile>
    <ClCompile Include="..\..\..\..\..\Engine\Source\Systems\EngineSystem.cpp">
      <Filter>Engine Source</Filter>
    </ClCompile>
    <ClCompile Include="..\..\..\..\..\Engine\Source\Systems\EntitySystem.cpp">
      <Filter>Engine Source</Filter>
    </ClCompile>
    <ClCompile Include="..\..\..\..\..\Engine\Source\Systems\InputSystem.cpp">
      <Filter>Engine Source</Filter>
    </ClCompile>
    <ClCompile Include="..\..\..\..\..\Engine\Source\Systems\LevelOfDetailSystem.cpp">
      <Filter>Engine Source</Filter>
    </ClCompile>
    <ClCompile Include="..\..\..\..\..\Engine\Source\Systems\PhysicsSystem.cpp">
      <Filter>Engine Source</Filter>
    </ClCompile>
    <ClCompile Include="..\..\..\..\..\Engine\Source\Systems\RenderingSystem.cpp">
      <Filter>Engine Source</Filter>
    </ClCompile>
    <ClCompile Include="..\..\..\..\..\Engine\Source\Systems\SoundSystem.cpp">
      <Filter>Engine Source</Filter>
    </ClCompile>
    <ClCompile Include="..\..\..\..\..\Engine\Source\Systems\TaskSystem.cpp">
      <Filter>Engine Source</Filter>
    </ClCompile>
    <ClCompile Include="..\..\..\..\..\Engine\Source\ThirdParty\android_native_app_glue.c">
      <Filter>Engine Source</Filter>
    </ClCompile>
  </ItemGroup>
</Project>