<?xml version="1.0" encoding="utf-8"?>
<Project ToolsVersion="4.0" xmlns="http://schemas.microsoft.com/developer/msbuild/2003">
  <ItemGroup>
    <Filter Include="Main">
      <UniqueIdentifier>{6a37b88b-1bc7-4482-8e40-7a952821c1c1}</UniqueIdentifier>
    </Filter>
    <Filter Include="Main\Source">
      <UniqueIdentifier>{9dc39b75-7965-4d01-92a8-dc5a2a4c5c16}</UniqueIdentifier>
    </Filter>
    <Filter Include="Engine Source">
      <UniqueIdentifier>{0cb732d4-f103-49f3-8075-c2bdbe1b52e3}</UniqueIdentifier>
    </Filter>
  </ItemGroup>
  <ItemGroup>
    <ClCompile Include="..\..\..\Code\Source\Main\MaximMain.cpp">
      <Filter>Main\Source</Filter>
    </ClCompile>
    <ClCompile Include="..\..\..\..\..\Engine\Source\Components\ComponentManager.cpp">
      <Filter>Engine Source</Filter>
    </ClCompile>
    <ClCompile Include="..\..\..\..\..\Engine\Source\Entities\CameraEntity.cpp">
      <Filter>Engine Source</Filter>
    </ClCompile>
    <ClCompile Include="..\..\..\..\..\Engine\Source\Entities\DirectionalLightEntity.cpp">
      <Filter>Engine Source</Filter>
    </ClCompile>
    <ClCompile Include="..\..\..\..\..\Engine\Source\Entities\Entity.cpp">
      <Filter>Engine Source</Filter>
    </ClCompile>
    <ClCompile Include="..\..\..\..\..\Engine\Source\Entities\InstancedPhysicalEntity.cpp">
      <Filter>Engine Source</Filter>
    </ClCompile>
    <ClCompile Include="..\..\..\..\..\Engine\Source\Entities\ParticleSystemEntity.cpp">
      <Filter>Engine Source</Filter>
    </ClCompile>
    <ClCompile Include="..\..\..\..\..\Engine\Source\Entities\PointLightEntity.cpp">
      <Filter>Engine Source</Filter>
    </ClCompile>
    <ClCompile Include="..\..\..\..\..\Engine\Source\Entities\Sound2DEntity.cpp">
      <Filter>Engine Source</Filter>
    </ClCompile>
    <ClCompile Include="..\..\..\..\..\Engine\Source\Entities\Sound3DEntity.cpp">
      <Filter>Engine Source</Filter>
    </ClCompile>
    <ClCompile Include="..\..\..\..\..\Engine\Source\Entities\SpotLightEntity.cpp">
      <Filter>Engine Source</Filter>
    </ClCompile>
    <ClCompile Include="..\..\..\..\..\Engine\Source\Entities\StaticPhysicalEntity.cpp">
      <Filter>Engine Source</Filter>
    </ClCompile>
    <ClCompile Include="..\..\..\..\..\Engine\Source\Entities\TerrainEntity.cpp">
      <Filter>Engine Source</Filter>
    </ClCompile>
    <ClCompile Include="..\..\..\..\..\Engine\Source\Entities\VegetationEntity.cpp">
      <Filter>Engine Source</Filter>
    </ClCompile>
    <ClCompile Include="..\..\..\..\..\Engine\Source\Managers\EnvironmentManager.cpp">
      <Filter>Engine Source</Filter>
    </ClCompile>
    <ClCompile Include="..\..\..\..\..\Engine\Source\Managers\PostProcessingManager.cpp">
      <Filter>Engine Source</Filter>
    </ClCompile>
    <ClCompile Include="..\..\..\..\..\Engine\Source\Math\Matrix3.cpp">
      <Filter>Engine Source</Filter>
    </ClCompile>
    <ClCompile Include="..\..\..\..\..\Engine\Source\Math\Matrix4.cpp">
      <Filter>Engine Source</Filter>
    </ClCompile>
    <ClCompile Include="..\..\..\..\..\Engine\Source\Math\PerlinNoiseGenerator.cpp">
      <Filter>Engine Source</Filter>
    </ClCompile>
    <ClCompile Include="..\..\..\..\..\Engine\Source\Rendering\API Layer\Vulkan\Vulkan2DTexture.cpp">
      <Filter>Engine Source</Filter>
    </ClCompile>
    <ClCompile Include="..\..\..\..\..\Engine\Source\Rendering\API Layer\Vulkan\VulkanAllocator.cpp">
      <Filter>Engine Source</Filter>
    </ClCompile>
    <ClCompile Include="..\..\..\..\..\Engine\Source\Rendering\API Layer\Vulkan\VulkanCommandBuffer.cpp">
      <Filter>Engine Source</Filter>
    </ClCompile>
    <ClCompile Include="..\..\..\..\..\Engine\Source\Rendering\API Layer\Vulkan\VulkanCommandPool.cpp">
      <Filter>Engine Source</Filter>
    </ClCompile>
    <ClCompile Include="..\..\..\..\..\Engine\Source\Rendering\API Layer\Vulkan\VulkanConstantBuffer.cpp">
      <Filter>Engine Source</Filter>
    </ClCompile>
    <ClCompile Include="..\..\..\..\..\Engine\Source\Rendering\API Layer\Vulkan\VulkanCubeMapTexture.cpp">
      <Filter>Engine Source</Filter>
    </ClCompile>
    <ClCompile Include="..\..\..\..\..\Engine\Source\Rendering\API Layer\Vulkan\VulkanDepthBuffer.cpp">
      <Filter>Engine Source</Filter>
    </ClCompile>
    <ClCompile Include="..\..\..\..\..\Engine\Source\Rendering\API Layer\Vulkan\VulkanDescriptorPool.cpp">
      <Filter>Engine Source</Filter>
    </ClCompile>
    <ClCompile Include="..\..\..\..\..\Engine\Source\Rendering\API Layer\Vulkan\VulkanDescriptorSet.cpp">
      <Filter>Engine Source</Filter>
    </ClCompile>
    <ClCompile Include="..\..\..\..\..\Engine\Source\Rendering\API Layer\Vulkan\VulkanDescriptorSetLayout.cpp">
      <Filter>Engine Source</Filter>
    </ClCompile>
    <ClCompile Include="..\..\..\..\..\Engine\Source\Rendering\API Layer\Vulkan\VulkanEvent.cpp">
      <Filter>Engine Source</Filter>
    </ClCompile>
    <ClCompile Include="..\..\..\..\..\Engine\Source\Rendering\API Layer\Vulkan\VulkanFence.cpp">
      <Filter>Engine Source</Filter>
    </ClCompile>
    <ClCompile Include="..\..\..\..\..\Engine\Source\Rendering\API Layer\Vulkan\VulkanFramebuffer.cpp">
      <Filter>Engine Source</Filter>
    </ClCompile>
    <ClCompile Include="..\..\..\..\..\Engine\Source\Rendering\API Layer\Vulkan\VulkanInstance.cpp">
      <Filter>Engine Source</Filter>
    </ClCompile>
    <ClCompile Include="..\..\..\..\..\Engine\Source\Rendering\API Layer\Vulkan\VulkanInterface.cpp">
      <Filter>Engine Source</Filter>
    </ClCompile>
    <ClCompile Include="..\..\..\..\..\Engine\Source\Rendering\API Layer\Vulkan\VulkanLogicalDevice.cpp">
      <Filter>Engine Source</Filter>
    </ClCompile>
    <ClCompile Include="..\..\..\..\..\Engine\Source\Rendering\API Layer\Vulkan\VulkanPhysicalDevice.cpp">
      <Filter>Engine Source</Filter>
    </ClCompile>
    <ClCompile Include="..\..\..\..\..\Engine\Source\Rendering\API Layer\Vulkan\VulkanPipeline.cpp">
      <Filter>Engine Source</Filter>
    </ClCompile>
    <ClCompile Include="..\..\..\..\..\Engine\Source\Rendering\API Layer\Vulkan\VulkanQueue.cpp">
      <Filter>Engine Source</Filter>
    </ClCompile>
    <ClCompile Include="..\..\..\..\..\Engine\Source\Rendering\API Layer\Vulkan\VulkanRenderPass.cpp">
      <Filter>Engine Source</Filter>
    </ClCompile>
    <ClCompile Include="..\..\..\..\..\Engine\Source\Rendering\API Layer\Vulkan\VulkanRenderTarget.cpp">
      <Filter>Engine Source</Filter>
    </ClCompile>
    <ClCompile Include="..\..\..\..\..\Engine\Source\Rendering\API Layer\Vulkan\VulkanSemaphore.cpp">
      <Filter>Engine Source</Filter>
    </ClCompile>
    <ClCompile Include="..\..\..\..\..\Engine\Source\Rendering\API Layer\Vulkan\VulkanShaderModule.cpp">
      <Filter>Engine Source</Filter>
    </ClCompile>
    <ClCompile Include="..\..\..\..\..\Engine\Source\Rendering\API Layer\Vulkan\VulkanStorageBuffer.cpp">
      <Filter>Engine Source</Filter>
    </ClCompile>
    <ClCompile Include="..\..\..\..\..\Engine\Source\Rendering\API Layer\Vulkan\VulkanSurface.cpp">
      <Filter>Engine Source</Filter>
    </ClCompile>
    <ClCompile Include="..\..\..\..\..\Engine\Source\Rendering\API Layer\Vulkan\VulkanSwapChain.cpp">
      <Filter>Engine Source</Filter>
    </ClCompile>
    <ClCompile Include="..\..\..\..\..\Engine\Source\Rendering\API Layer\Vulkan\VulkanUniformBuffer.cpp">
      <Filter>Engine Source</Filter>
    </ClCompile>
    <ClCompile Include="..\..\..\..\..\Engine\Source\Rendering\Engine Layer\PhysicalModel.cpp">
      <Filter>Engine Source</Filter>
    </ClCompile>
    <ClCompile Include="..\..\..\..\..\Engine\Source\Rendering\Engine Layer\Render Passes\BloomHorizontalBlurRenderPass.cpp">
      <Filter>Engine Source</Filter>
    </ClCompile>
    <ClCompile Include="..\..\..\..\..\Engine\Source\Rendering\Engine Layer\Render Passes\BloomRenderPass.cpp">
      <Filter>Engine Source</Filter>
    </ClCompile>
    <ClCompile Include="..\..\..\..\..\Engine\Source\Rendering\Engine Layer\Render Passes\BloomVerticalBlurRenderPass.cpp">
      <Filter>Engine Source</Filter>
    </ClCompile>
    <ClCompile Include="..\..\..\..\..\Engine\Source\Rendering\Engine Layer\Render Passes\DirectionalInstancedPhysicalShadowRenderPass.cpp">
      <Filter>Engine Source</Filter>
    </ClCompile>
    <ClCompile Include="..\..\..\..\..\Engine\Source\Rendering\Engine Layer\Render Passes\DirectionalShadowRenderPass.cpp">
      <Filter>Engine Source</Filter>
    </ClCompile>
    <ClCompile Include="..\..\..\..\..\Engine\Source\Rendering\Engine Layer\Render Passes\DirectionalStaticPhysicalShadowRenderPass.cpp">
      <Filter>Engine Source</Filter>
    </ClCompile>
    <ClCompile Include="..\..\..\..\..\Engine\Source\Rendering\Engine Layer\Render Passes\DirectionalTerrainShadowRenderPass.cpp">
      <Filter>Engine Source</Filter>
    </ClCompile>
    <ClCompile Include="..\..\..\..\..\Engine\Source\Rendering\Engine Layer\Render Passes\InstancedPhysicalRenderPass.cpp">
      <Filter>Engine Source</Filter>
    </ClCompile>
    <ClCompile Include="..\..\..\..\..\Engine\Source\Rendering\Engine Layer\Render Passes\LightingRenderPass.cpp">
      <Filter>Engine Source</Filter>
    </ClCompile>
    <ClCompile Include="..\..\..\..\..\Engine\Source\Rendering\Engine Layer\Render Passes\OceanRenderPass.cpp">
      <Filter>Engine Source</Filter>
    </ClCompile>
    <ClCompile Include="..\..\..\..\..\Engine\Source\Rendering\Engine Layer\Render Passes\ParticleSystemRenderPass.cpp">
      <Filter>Engine Source</Filter>
    </ClCompile>
    <ClCompile Include="..\..\..\..\..\Engine\Source\Rendering\Engine Layer\Render Passes\PostProcessingBloomRenderPass.cpp">
      <Filter>Engine Source</Filter>
    </ClCompile>
    <ClCompile Include="..\..\..\..\..\Engine\Source\Rendering\Engine Layer\Render Passes\PostProcessingHorizontalBlurRenderPass.cpp">
      <Filter>Engine Source</Filter>
    </ClCompile>
    <ClCompile Include="..\..\..\..\..\Engine\Source\Rendering\Engine Layer\Render Passes\PostProcessingRenderPass.cpp">
      <Filter>Engine Source</Filter>
    </ClCompile>
    <ClCompile Include="..\..\..\..\..\Engine\Source\Rendering\Engine Layer\Render Passes\PostProcessingVerticalBlurRenderPass.cpp">
      <Filter>Engine Source</Filter>
    </ClCompile>
    <ClCompile Include="..\..\..\..\..\Engine\Source\Rendering\Engine Layer\Render Passes\RenderPass.cpp">
      <Filter>Engine Source</Filter>
    </ClCompile>
    <ClCompile Include="..\..\..\..\..\Engine\Source\Rendering\Engine Layer\Render Passes\ScreenSpaceAmbientOcclusionHorizontalBlurRenderPass.cpp">
      <Filter>Engine Source</Filter>
    </ClCompile>
    <ClCompile Include="..\..\..\..\..\Engine\Source\Rendering\Engine Layer\Render Passes\ScreenSpaceAmbientOcclusionRenderPass.cpp">
      <Filter>Engine Source</Filter>
    </ClCompile>
    <ClCompile Include="..\..\..\..\..\Engine\Source\Rendering\Engine Layer\Render Passes\ScreenSpaceAmbientOcclusionVerticalBlurRenderPass.cpp">
      <Filter>Engine Source</Filter>
    </ClCompile>
    <ClCompile Include="..\..\..\..\..\Engine\Source\Rendering\Engine Layer\Render Passes\SkyRenderPass.cpp">
      <Filter>Engine Source</Filter>
    </ClCompile>
    <ClCompile Include="..\..\..\..\..\Engine\Source\Rendering\Engine Layer\Render Passes\StaticPhysicalRenderPass.cpp">
      <Filter>Engine Source</Filter>
    </ClCompile>
    <ClCompile Include="..\..\..\..\..\Engine\Source\Rendering\Engine Layer\Render Passes\TerrainRenderPass.cpp">
      <Filter>Engine Source</Filter>
    </ClCompile>
    <ClCompile Include="..\..\..\..\..\Engine\Source\Rendering\Engine Layer\Render Passes\VegetationRenderPass.cpp">
      <Filter>Engine Source</Filter>
    </ClCompile>
    <ClCompile Include="..\..\..\..\..\Engine\Source\Rendering\Engine Layer\Window.cpp">
      <Filter>Engine Source</Filter>
    </ClCompile>
    <ClCompile Include="..\..\..\..\..\Engine\Source\Rendering\Shader Data\Vulkan\BloomFragmentShader.cpp">
      <Filter>Engine Source</Filter>
    </ClCompile>
    <ClCompile Include="..\..\..\..\..\Engine\Source\Rendering\Shader Data\Vulkan\CubeMapVertexShader.cpp">
      <Filter>Engine Source</Filter>
    </ClCompile>
    <ClCompile Include="..\..\..\..\..\Engine\Source\Rendering\Shader Data\Vulkan\DirectionalPhysicalShadowVertexShader.cpp">
      <Filter>Engine Source</Filter>
    </ClCompile>
    <ClCompile Include="..\..\..\..\..\Engine\Source\Rendering\Shader Data\Vulkan\DirectionalShadowFragmentShader.cpp">
      <Filter>Engine Source</Filter>
    </ClCompile>
    <ClCompile Include="..\..\..\..\..\Engine\Source\Rendering\Shader Data\Vulkan\DirectionalShadowInstancedPhysicalVertexShader.cpp">
      <Filter>Engine Source</Filter>
    </ClCompile>
    <ClCompile Include="..\..\..\..\..\Engine\Source\Rendering\Shader Data\Vulkan\DirectionalShadowTerrainTessellationEvaluationShader.cpp">
      <Filter>Engine Source</Filter>
    </ClCompile>
    <ClCompile Include="..\..\..\..\..\Engine\Source\Rendering\Shader Data\Vulkan\GaussianBlurFragmentShader.cpp">
      <Filter>Engine Source</Filter>
    </ClCompile>
    <ClCompile Include="..\..\..\..\..\Engine\Source\Rendering\Shader Data\Vulkan\InstancedPhysicalVertexShader.cpp">
      <Filter>Engine Source</Filter>
    </ClCompile>
    <ClCompile Include="..\..\..\..\..\Engine\Source\Rendering\Shader Data\Vulkan\LightingFragmentShader.cpp">
      <Filter>Engine Source</Filter>
    </ClCompile>
    <ClCompile Include="..\..\..\..\..\Engine\Source\Rendering\Shader Data\Vulkan\OceanFragmentShader.cpp">
      <Filter>Engine Source</Filter>
    </ClCompile>
    <ClCompile Include="..\..\..\..\..\Engine\Source\Rendering\Shader Data\Vulkan\ParticleSystemFragmentShader.cpp">
      <Filter>Engine Source</Filter>
    </ClCompile>
    <ClCompile Include="..\..\..\..\..\Engine\Source\Rendering\Shader Data\Vulkan\ParticleSystemGeometryShader.cpp">
      <Filter>Engine Source</Filter>
    </ClCompile>
    <ClCompile Include="..\..\..\..\..\Engine\Source\Rendering\Shader Data\Vulkan\ParticleSystemVertexShader.cpp">
      <Filter>Engine Source</Filter>
    </ClCompile>
    <ClCompile Include="..\..\..\..\..\Engine\Source\Rendering\Shader Data\Vulkan\PhysicalFragmentShader.cpp">
      <Filter>Engine Source</Filter>
    </ClCompile>
    <ClCompile Include="..\..\..\..\..\Engine\Source\Rendering\Shader Data\Vulkan\PhysicalVertexShader.cpp">
      <Filter>Engine Source</Filter>
    </ClCompile>
    <ClCompile Include="..\..\..\..\..\Engine\Source\Rendering\Shader Data\Vulkan\PostProcessingBloomFragmentShader.cpp">
      <Filter>Engine Source</Filter>
    </ClCompile>
    <ClCompile Include="..\..\..\..\..\Engine\Source\Rendering\Shader Data\Vulkan\PostProcessingFragmentShader.cpp">
      <Filter>Engine Source</Filter>
    </ClCompile>
    <ClCompile Include="..\..\..\..\..\Engine\Source\Rendering\Shader Data\Vulkan\ScreenSpaceAmbientOcclusionFragmentShader.cpp">
      <Filter>Engine Source</Filter>
    </ClCompile>
    <ClCompile Include="..\..\..\..\..\Engine\Source\Rendering\Shader Data\Vulkan\ShadowMapFragmentShader.cpp">
      <Filter>Engine Source</Filter>
    </ClCompile>
    <ClCompile Include="..\..\..\..\..\Engine\Source\Rendering\Shader Data\Vulkan\SkyFragmentShader.cpp">
      <Filter>Engine Source</Filter>
    </ClCompile>
    <ClCompile Include="..\..\..\..\..\Engine\Source\Rendering\Shader Data\Vulkan\TerrainSceneBufferFragmentShader.cpp">
      <Filter>Engine Source</Filter>
    </ClCompile>
    <ClCompile Include="..\..\..\..\..\Engine\Source\Rendering\Shader Data\Vulkan\TerrainSceneBufferTessellationControlShader.cpp">
      <Filter>Engine Source</Filter>
    </ClCompile>
    <ClCompile Include="..\..\..\..\..\Engine\Source\Rendering\Shader Data\Vulkan\TerrainSceneBufferTessellationEvaluationShader.cpp">
      <Filter>Engine Source</Filter>
    </ClCompile>
    <ClCompile Include="..\..\..\..\..\Engine\Source\Rendering\Shader Data\Vulkan\TerrainSceneBufferVertexShader.cpp">
      <Filter>Engine Source</Filter>
    </ClCompile>
    <ClCompile Include="..\..\..\..\..\Engine\Source\Rendering\Shader Data\Vulkan\TerrainVertexShader.cpp">
      <Filter>Engine Source</Filter>
    </ClCompile>
    <ClCompile Include="..\..\..\..\..\Engine\Source\Rendering\Shader Data\Vulkan\VegetationFragmentShader.cpp">
      <Filter>Engine Source</Filter>
    </ClCompile>
    <ClCompile Include="..\..\..\..\..\Engine\Source\Rendering\Shader Data\Vulkan\VegetationGeometryShader.cpp">
      <Filter>Engine Source</Filter>
    </ClCompile>
    <ClCompile Include="..\..\..\..\..\Engine\Source\Rendering\Shader Data\Vulkan\VegetationVertexShader.cpp">
      <Filter>Engine Source</Filter>
    </ClCompile>
    <ClCompile Include="..\..\..\..\..\Engine\Source\Rendering\Shader Data\Vulkan\ViewportVertexShader.cpp">
      <Filter>Engine Source</Filter>
    </ClCompile>
    <ClCompile Include="..\..\..\..\..\Engine\Source\Rendering\Translation Layer\Vulkan\VulkanRenderingSystem.cpp">
      <Filter>Engine Source</Filter>
    </ClCompile>
    <ClCompile Include="..\..\..\..\..\Engine\Source\Rendering\Translation Layer\Vulkan\VulkanTranslationCommandBuffer.cpp">
      <Filter>Engine Source</Filter>
    </ClCompile>
    <ClCompile Include="..\..\..\..\..\Engine\Source\Resources\ResourceLoader.cpp">
      <Filter>Engine Source</Filter>
    </ClCompile>
    <ClCompile Include="..\..\..\..\..\Engine\Source\Systems\CullingSystem.cpp">
      <Filter>Engine Source</Filter>
    </ClCompile>
    <ClCompile Include="..\..\..\..\..\Engine\Source\Systems\EngineSystem.cpp">
      <Filter>Engine Source</Filter>
    </ClCompile>
    <ClCompile Include="..\..\..\..\..\Engine\Source\Systems\EntitySystem.cpp">
      <Filter>Engine Source</Filter>
    </ClCompile>
    <ClCompile Include="..\..\..\..\..\Engine\Source\Systems\InputSystem.cpp">
      <Filter>Engine Source</Filter>
    </ClCompile>
    <ClCompile Include="..\..\..\..\..\Engine\Source\Systems\LevelOfDetailSystem.cpp">
      <Filter>Engine Source</Filter>
    </ClCompile>
    <ClCompile Include="..\..\..\..\..\Engine\Source\Systems\PhysicsSystem.cpp">
      <Filter>Engine Source</Filter>
    </ClCompile>
    <ClCompile Include="..\..\..\..\..\Engine\Source\Systems\RenderingSystem.cpp">
      <Filter>Engine Source</Filter>
    </ClCompile>
    <ClCompile Include="..\..\..\..\..\Engine\Source\Systems\SoundSystem.cpp">
      <Filter>Engine Source</Filter>
    </ClCompile>
    <ClCompile Include="..\..\..\..\..\Engine\Source\Systems\TaskSystem.cpp">
      <Filter>Engine Source</Filter>
    </ClCompile>
  </ItemGroup>
</Project>