<?xml version="1.0" encoding="utf-8"?>
<Project ToolsVersion="4.0" xmlns="http://schemas.microsoft.com/developer/msbuild/2003">
  <ItemGroup>
    <Filter Include="Components">
      <UniqueIdentifier>{b5aeaef7-6b6a-4c09-9b81-ffbbef9c81b7}</UniqueIdentifier>
    </Filter>
    <Filter Include="Components\Include">
      <UniqueIdentifier>{e203949d-99ca-4dae-bd09-4afde3745f32}</UniqueIdentifier>
    </Filter>
    <Filter Include="Components\Source">
      <UniqueIdentifier>{94832542-d5d5-4add-b3c2-deead71ba8df}</UniqueIdentifier>
    </Filter>
    <Filter Include="Core">
      <UniqueIdentifier>{b9219970-3a0e-4501-a271-6a7c283c5be6}</UniqueIdentifier>
    </Filter>
    <Filter Include="Core\Include">
      <UniqueIdentifier>{b7866b7c-2a80-47e3-aae3-3913932796e0}</UniqueIdentifier>
    </Filter>
    <Filter Include="Core\Include\Algorithms">
      <UniqueIdentifier>{7f65b2f3-8a5e-4987-8e4e-283d02278e2c}</UniqueIdentifier>
    </Filter>
    <Filter Include="Core\Include\Containers">
      <UniqueIdentifier>{142b5632-682c-4805-8cfb-356de571cff1}</UniqueIdentifier>
    </Filter>
    <Filter Include="Core\Include\Utilities">
      <UniqueIdentifier>{6258202b-fa37-40c2-8782-405857c3cd18}</UniqueIdentifier>
    </Filter>
    <Filter Include="Entities">
      <UniqueIdentifier>{6e004c55-ad0f-4b68-8189-e3675da71ee7}</UniqueIdentifier>
    </Filter>
    <Filter Include="Entities\Include">
      <UniqueIdentifier>{06584cef-681c-44bf-a65f-dea488a64c55}</UniqueIdentifier>
    </Filter>
    <Filter Include="Entities\Source">
      <UniqueIdentifier>{875c5ba3-f47b-4430-a434-4fa4da1bb117}</UniqueIdentifier>
    </Filter>
    <Filter Include="Input">
      <UniqueIdentifier>{1a5a6c01-5625-4d93-87ba-f4a8e476195e}</UniqueIdentifier>
    </Filter>
    <Filter Include="Input\Include">
      <UniqueIdentifier>{8bade1c1-fcaf-4ae8-9bc1-6d46f8eebf48}</UniqueIdentifier>
    </Filter>
    <Filter Include="Managers">
      <UniqueIdentifier>{6adfa0ab-d04f-4f58-af67-afc2a1403c2f}</UniqueIdentifier>
    </Filter>
    <Filter Include="Managers\Include">
      <UniqueIdentifier>{1de414f0-c39c-4ab7-bcc4-3cc647736548}</UniqueIdentifier>
    </Filter>
    <Filter Include="Managers\Source">
      <UniqueIdentifier>{d2babfe6-002e-4b03-b4f0-9cb8242fb9a5}</UniqueIdentifier>
    </Filter>
    <Filter Include="Math">
      <UniqueIdentifier>{5c500688-40a7-4551-af99-30304f530369}</UniqueIdentifier>
    </Filter>
    <Filter Include="Math\Include">
      <UniqueIdentifier>{dd339576-83ef-4cc6-aa0c-9654a254099b}</UniqueIdentifier>
    </Filter>
    <Filter Include="Multithreading">
      <UniqueIdentifier>{f5811fd2-e8c2-41f9-b5cc-88eaf285e64a}</UniqueIdentifier>
    </Filter>
    <Filter Include="Multithreading\Include">
      <UniqueIdentifier>{ef43880f-43f7-4855-ad2b-ecd4a04115ca}</UniqueIdentifier>
    </Filter>
    <Filter Include="Physics">
      <UniqueIdentifier>{467fae4e-8006-49b1-bbe4-ecc32d8bc84e}</UniqueIdentifier>
    </Filter>
    <Filter Include="Platform">
      <UniqueIdentifier>{e9eb1d75-d1d1-48f5-b0ea-8ca229b96f0b}</UniqueIdentifier>
    </Filter>
    <Filter Include="Platform\Include">
      <UniqueIdentifier>{3c5e6850-c6b7-42b4-a56f-9a6e42295555}</UniqueIdentifier>
    </Filter>
    <Filter Include="Platform\Include\General">
      <UniqueIdentifier>{1114a575-70d0-4c32-8bb6-6b101aec50af}</UniqueIdentifier>
    </Filter>
    <Filter Include="Rendering">
      <UniqueIdentifier>{22e4e0de-c494-4dc9-9086-b5516260dd65}</UniqueIdentifier>
    </Filter>
    <Filter Include="Rendering\Include">
      <UniqueIdentifier>{46b3a3d2-5db3-4cf7-b99d-04cb31d703a6}</UniqueIdentifier>
    </Filter>
    <Filter Include="Rendering\Source">
      <UniqueIdentifier>{70044c39-732d-45f3-a49f-0d1b5096c191}</UniqueIdentifier>
    </Filter>
    <Filter Include="Resources">
      <UniqueIdentifier>{ad0d2c6d-4e9d-4b26-ba2c-8261cca680e5}</UniqueIdentifier>
    </Filter>
    <Filter Include="Resources\Include">
      <UniqueIdentifier>{bd7ffb98-7736-4812-b65d-f390dc6d3d0a}</UniqueIdentifier>
    </Filter>
    <Filter Include="Resources\Source">
      <UniqueIdentifier>{867154b2-92c3-407f-bac6-8d9dd92d9a80}</UniqueIdentifier>
    </Filter>
    <Filter Include="Sound">
      <UniqueIdentifier>{15af9017-732a-48f0-b952-cc66d787465e}</UniqueIdentifier>
    </Filter>
    <Filter Include="Sound\Include">
      <UniqueIdentifier>{2a9c848d-7f79-4e2e-9ad5-ef879b5aebad}</UniqueIdentifier>
    </Filter>
    <Filter Include="Systems">
      <UniqueIdentifier>{111c2ded-f700-4a5e-8bcc-acb260a61b30}</UniqueIdentifier>
    </Filter>
    <Filter Include="Systems\Include">
      <UniqueIdentifier>{051717ce-2dc0-435f-9986-ec92d66b1d6c}</UniqueIdentifier>
    </Filter>
    <Filter Include="Systems\Inline">
      <UniqueIdentifier>{b4d2f7bf-b2e2-463f-83a0-6a60201d0161}</UniqueIdentifier>
    </Filter>
    <Filter Include="Systems\Source">
      <UniqueIdentifier>{cb82a27b-e457-408a-a466-f567e2daa9ce}</UniqueIdentifier>
    </Filter>
    <Filter Include="Rendering\Include\Translation">
      <UniqueIdentifier>{d681e95f-0884-497b-9a83-35be78f33360}</UniqueIdentifier>
    </Filter>
    <Filter Include="Rendering\Include\Translation\Vulkan">
      <UniqueIdentifier>{c1a73eef-6cff-49f0-a0c6-d876558f683e}</UniqueIdentifier>
    </Filter>
    <Filter Include="Rendering\Source\Translation">
      <UniqueIdentifier>{97a1783f-ccb5-4ce7-b6d7-caa16dc31f9f}</UniqueIdentifier>
    </Filter>
    <Filter Include="Rendering\Source\Translation\Vulkan">
      <UniqueIdentifier>{6ad81507-7dde-4f1c-a4d5-88f1b5b7cad8}</UniqueIdentifier>
    </Filter>
    <Filter Include="Platform\Include\Windows">
      <UniqueIdentifier>{3d64d995-e321-49fd-8f19-fc76db16ef6a}</UniqueIdentifier>
    </Filter>
    <Filter Include="Platform\Include\Android">
      <UniqueIdentifier>{e2f38b16-67ff-4b5c-93fa-3ceb91282d53}</UniqueIdentifier>
    </Filter>
    <Filter Include="Platform\Source">
      <UniqueIdentifier>{c54384bd-33f8-4e20-85ac-03c84c608714}</UniqueIdentifier>
    </Filter>
    <Filter Include="Platform\Source\Android">
      <UniqueIdentifier>{2590d384-1980-4d0b-b2cf-7ee1fa721bec}</UniqueIdentifier>
    </Filter>
    <Filter Include="Platform\Source\Windows">
      <UniqueIdentifier>{e7808115-0193-40f6-a619-eef50e6af51c}</UniqueIdentifier>
    </Filter>
    <Filter Include="Core\Include\General">
      <UniqueIdentifier>{2de41bd6-d32e-49fc-8a95-48c301aefab9}</UniqueIdentifier>
    </Filter>
    <Filter Include="Memory">
      <UniqueIdentifier>{4831142b-2330-47b4-aa83-a4bcf1582cb6}</UniqueIdentifier>
    </Filter>
    <Filter Include="Memory\Include">
      <UniqueIdentifier>{83913965-7fc3-492b-8c0c-e7272dff93c3}</UniqueIdentifier>
    </Filter>
    <Filter Include="Core\Source">
      <UniqueIdentifier>{e8372456-0728-4226-8cae-31fada280c3e}</UniqueIdentifier>
    </Filter>
    <Filter Include="Lighting">
      <UniqueIdentifier>{36aee9da-b00c-4011-9440-e38334f7ad77}</UniqueIdentifier>
    </Filter>
    <Filter Include="Lighting\Include">
      <UniqueIdentifier>{3a76fa3c-6e1d-47cf-b358-7da4c92cfd54}</UniqueIdentifier>
    </Filter>
    <Filter Include="Lighting\Source">
      <UniqueIdentifier>{0dc7d249-4daf-4231-bb24-8a295b5c1675}</UniqueIdentifier>
    </Filter>
    <Filter Include="Entities\Include\Types">
      <UniqueIdentifier>{a68292aa-8de6-444c-a00c-bc9f8f1ac8e0}</UniqueIdentifier>
    </Filter>
    <Filter Include="Entities\Include\Creation">
      <UniqueIdentifier>{121f9da9-25c9-4b47-bf36-868c26fa0ba9}</UniqueIdentifier>
    </Filter>
    <Filter Include="Entities\Source\Types">
      <UniqueIdentifier>{0d438a91-5012-47eb-bb85-16d016f8be17}</UniqueIdentifier>
    </Filter>
    <Filter Include="Physics\Include">
      <UniqueIdentifier>{a4e0f938-dc3a-443c-84a5-80dbe4da459d}</UniqueIdentifier>
    </Filter>
    <Filter Include="Sound\Source">
      <UniqueIdentifier>{a04f12c5-50e3-4721-806d-ba8d17d1de65}</UniqueIdentifier>
    </Filter>
    <Filter Include="Sound\Include\Native">
      <UniqueIdentifier>{eb95d34b-7731-468e-a36f-8a182ffae620}</UniqueIdentifier>
    </Filter>
    <Filter Include="Sound\Include\Abstraction">
      <UniqueIdentifier>{a41bafc3-011d-44f6-b278-e1a7c8841b79}</UniqueIdentifier>
    </Filter>
    <Filter Include="Sound\Source\Native">
      <UniqueIdentifier>{cf3dc045-77f4-42f6-bfb9-8ce609d59b14}</UniqueIdentifier>
    </Filter>
    <Filter Include="Sound\Source\Abstraction">
      <UniqueIdentifier>{dc805d49-7877-462e-9ebc-7412d8fbfd5b}</UniqueIdentifier>
    </Filter>
    <Filter Include="Sound\Source\Abstraction\FMOD">
      <UniqueIdentifier>{4b74896c-b0eb-4c2a-acf9-ac8155d13947}</UniqueIdentifier>
    </Filter>
    <Filter Include="Sound\Include\Abstraction\FMOD">
      <UniqueIdentifier>{5f4eea93-b7b5-45cd-9a03-6240a84ed543}</UniqueIdentifier>
    </Filter>
    <Filter Include="Core\Include\Essential">
      <UniqueIdentifier>{b1b5a605-c227-4c17-aa40-132aee6e6b5d}</UniqueIdentifier>
    </Filter>
    <Filter Include="Core\Source\General">
      <UniqueIdentifier>{617ce450-365f-45fd-bac0-b6a56d03f2a7}</UniqueIdentifier>
    </Filter>
    <Filter Include="Entities\Include\Core">
      <UniqueIdentifier>{85c37808-4dbc-4823-96e8-65561e01613d}</UniqueIdentifier>
    </Filter>
    <Filter Include="Components\Include\Core">
      <UniqueIdentifier>{40a6a312-f63b-45b5-ae27-93555b2596e5}</UniqueIdentifier>
    </Filter>
    <Filter Include="Components\Include\Transient">
      <UniqueIdentifier>{2166e02f-9b7f-4669-bd8c-6fc9e889814d}</UniqueIdentifier>
    </Filter>
    <Filter Include="Components\Include\Singleton">
      <UniqueIdentifier>{bb544a4c-1a1d-4fec-be5a-41bec75e0ad8}</UniqueIdentifier>
    </Filter>
    <Filter Include="Core\Source\Essential">
      <UniqueIdentifier>{d764f9bc-79ba-47a2-8573-c8a1dbad8377}</UniqueIdentifier>
    </Filter>
    <Filter Include="Math\Include\Core">
      <UniqueIdentifier>{85cc6f02-8feb-47c6-bc03-33fe775d928e}</UniqueIdentifier>
    </Filter>
    <Filter Include="Math\Include\Noise">
      <UniqueIdentifier>{fad6cd64-fa85-4532-b125-fb1e6765b991}</UniqueIdentifier>
    </Filter>
    <Filter Include="Math\Include\Geometry">
      <UniqueIdentifier>{b1de18ba-3626-4752-8001-e5df0b0456be}</UniqueIdentifier>
    </Filter>
    <Filter Include="Math\Include\General">
      <UniqueIdentifier>{8772f6a6-e1d4-40d4-bd58-6a805ccc87f4}</UniqueIdentifier>
    </Filter>
    <Filter Include="Math\Inline">
      <UniqueIdentifier>{6899b054-0381-433d-8e66-bd1ca5c0d5bd}</UniqueIdentifier>
    </Filter>
    <Filter Include="Math\Inline\General">
      <UniqueIdentifier>{10ee2f3e-64a1-4bab-8718-f1c8915ccbb5}</UniqueIdentifier>
    </Filter>
    <Filter Include="Resources\Include\Core">
      <UniqueIdentifier>{b1fdb704-7acb-41bc-aafb-f43bfd34f13c}</UniqueIdentifier>
    </Filter>
    <Filter Include="Resources\Include\Loading">
      <UniqueIdentifier>{25f6a7c9-db6f-4fce-974b-c3772782c55f}</UniqueIdentifier>
    </Filter>
    <Filter Include="Resources\Include\Data">
      <UniqueIdentifier>{6eb8d705-4064-4bdf-9564-03af836e5584}</UniqueIdentifier>
    </Filter>
    <Filter Include="Resources\Source\Loading">
      <UniqueIdentifier>{8e22983c-29d1-41da-848e-204a0863945e}</UniqueIdentifier>
    </Filter>
    <Filter Include="Resources\Include\Building">
      <UniqueIdentifier>{defcc6f6-1a46-4963-bfcb-69aa0640a854}</UniqueIdentifier>
    </Filter>
    <Filter Include="Resources\Source\Building">
      <UniqueIdentifier>{18e87c1a-6660-43ce-a639-e72c614be033}</UniqueIdentifier>
    </Filter>
    <Filter Include="Resources\Include\Creation">
      <UniqueIdentifier>{21929307-7059-4a5d-8a6c-75729044147a}</UniqueIdentifier>
    </Filter>
    <Filter Include="Resources\Source\Creation">
      <UniqueIdentifier>{107df3ad-c0a7-43bd-9c2b-eec2a3878003}</UniqueIdentifier>
    </Filter>
    <Filter Include="Rendering\Include\Abstraction">
      <UniqueIdentifier>{d8e8b5a1-1a92-4421-8d87-b6f68abad040}</UniqueIdentifier>
    </Filter>
    <Filter Include="Rendering\Include\Abstraction\Vulkan">
      <UniqueIdentifier>{21d43905-3bd1-4cee-9b7f-fda290b07a7a}</UniqueIdentifier>
    </Filter>
    <Filter Include="Rendering\Source\Abstraction">
      <UniqueIdentifier>{c8fff7f5-adad-47b6-acde-dab9da06296a}</UniqueIdentifier>
    </Filter>
    <Filter Include="Rendering\Source\Abstraction\Vulkan">
      <UniqueIdentifier>{52be1e88-5690-475e-902c-bd761efabf5b}</UniqueIdentifier>
    </Filter>
    <Filter Include="Rendering\Include\Native">
      <UniqueIdentifier>{613b25e4-aa89-4ada-9832-26ab5fd409b7}</UniqueIdentifier>
    </Filter>
    <Filter Include="Rendering\Source\Native">
      <UniqueIdentifier>{d8460810-1a7b-4639-afda-53577323a649}</UniqueIdentifier>
    </Filter>
    <Filter Include="Rendering\Include\Native\Pipelines">
      <UniqueIdentifier>{820f2310-d318-448b-be58-8b9d8aa12389}</UniqueIdentifier>
    </Filter>
    <Filter Include="Rendering\Source\Native\Pipelines">
      <UniqueIdentifier>{6a516d4d-8f8b-4be3-b841-aa4b6a353f12}</UniqueIdentifier>
    </Filter>
    <Filter Include="Rendering\Include\Native\Pipelines\Graphics Pipelines">
      <UniqueIdentifier>{a7883468-11bf-4f6e-a30f-c677e5837b4a}</UniqueIdentifier>
    </Filter>
    <Filter Include="Rendering\Include\Native\Pipelines\Core">
      <UniqueIdentifier>{e7273126-c4a0-4603-b995-aa241c359664}</UniqueIdentifier>
    </Filter>
    <Filter Include="Rendering\Source\Native\Pipelines\Graphics Pipelines">
      <UniqueIdentifier>{02439d9e-2a13-43af-bd93-baf00d09b372}</UniqueIdentifier>
    </Filter>
    <Filter Include="Rendering\Include\Native\Pipelines\Ray Tracing Pipelines">
      <UniqueIdentifier>{1fec2cfa-4eaa-4155-8d44-a7f68f32e1de}</UniqueIdentifier>
    </Filter>
    <Filter Include="Rendering\Source\Native\Pipelines\Ray Tracing Pipelines">
      <UniqueIdentifier>{da51d3eb-b7a2-44be-b128-b90365114e76}</UniqueIdentifier>
    </Filter>
    <Filter Include="Rendering\Include\Native\Render Passes">
      <UniqueIdentifier>{942dde8a-9418-4a35-a91d-a6f643572f4f}</UniqueIdentifier>
    </Filter>
    <Filter Include="Rendering\Source\Native\Render Passes">
      <UniqueIdentifier>{c825100c-a9db-4d85-a36e-2924e0d33181}</UniqueIdentifier>
    </Filter>
    <Filter Include="Rendering\Source\Native\Pipelines\Core">
      <UniqueIdentifier>{d4a2d52c-b71f-405c-84cc-0af9de1f0dca}</UniqueIdentifier>
    </Filter>
    <Filter Include="User Interface">
      <UniqueIdentifier>{e8f7a5d7-66fe-4403-940c-710b47c2da88}</UniqueIdentifier>
    </Filter>
    <Filter Include="User Interface\Include">
      <UniqueIdentifier>{072827f0-d27c-421a-a2c8-e131d23385ec}</UniqueIdentifier>
    </Filter>
    <Filter Include="Rendering\Include\Native\Pipelines\Compute Pipelines">
      <UniqueIdentifier>{9b55b8fc-7c36-4f6c-9404-5047f4a58d72}</UniqueIdentifier>
    </Filter>
    <Filter Include="Rendering\Source\Native\Pipelines\Compute Pipelines">
      <UniqueIdentifier>{877dd111-b348-49c9-bdd9-711ea81507ea}</UniqueIdentifier>
    </Filter>
  </ItemGroup>
  <ItemGroup>
    <ClInclude Include="..\..\..\Include\Core\Algorithms\HashAlgorithms.h">
      <Filter>Core\Include\Algorithms</Filter>
    </ClInclude>
    <ClInclude Include="..\..\..\Include\Core\Algorithms\SortingAlgorithms.h">
      <Filter>Core\Include\Algorithms</Filter>
    </ClInclude>
    <ClInclude Include="..\..\..\Include\Core\Containers\DynamicArray.h">
      <Filter>Core\Include\Containers</Filter>
    </ClInclude>
    <ClInclude Include="..\..\..\Include\Core\Containers\Map.h">
      <Filter>Core\Include\Containers</Filter>
    </ClInclude>
    <ClInclude Include="..\..\..\Include\Core\Containers\StaticArray.h">
      <Filter>Core\Include\Containers</Filter>
    </ClInclude>
    <ClInclude Include="..\..\..\Include\Core\Utilities\CompileTimeUtilities.h">
      <Filter>Core\Include\Utilities</Filter>
    </ClInclude>
    <ClInclude Include="..\..\..\Include\Input\KeyboardState.h">
      <Filter>Input\Include</Filter>
    </ClInclude>
    <ClInclude Include="..\..\..\Include\Multithreading\AtomicQueue.h">
      <Filter>Multithreading\Include</Filter>
    </ClInclude>
    <ClInclude Include="..\..\..\Include\Multithreading\MultithreadedResource.h">
      <Filter>Multithreading\Include</Filter>
    </ClInclude>
    <ClInclude Include="..\..\..\Include\Multithreading\Semaphore.h">
      <Filter>Multithreading\Include</Filter>
    </ClInclude>
    <ClInclude Include="..\..\..\Include\Multithreading\Spinlock.h">
      <Filter>Multithreading\Include</Filter>
    </ClInclude>
    <ClInclude Include="..\..\..\Include\Multithreading\Task.h">
      <Filter>Multithreading\Include</Filter>
    </ClInclude>
    <ClInclude Include="..\..\..\Include\Platform\General\Platform.h">
      <Filter>Platform\Include\General</Filter>
    </ClInclude>
    <ClInclude Include="..\..\..\Include\Systems\InputSystem.h">
      <Filter>Systems\Include</Filter>
    </ClInclude>
    <ClInclude Include="..\..\..\Include\Systems\PhysicsSystem.h">
      <Filter>Systems\Include</Filter>
    </ClInclude>
    <ClInclude Include="..\..\..\Include\Systems\RenderingSystem.h">
      <Filter>Systems\Include</Filter>
    </ClInclude>
    <ClInclude Include="..\..\..\Include\Systems\SoundSystem.h">
      <Filter>Systems\Include</Filter>
    </ClInclude>
    <ClInclude Include="..\..\..\Include\Systems\TaskSystem.h">
      <Filter>Systems\Include</Filter>
    </ClInclude>
    <ClInclude Include="..\..\..\Include\Rendering\Translation\Vulkan\VulkanFrameData.h">
      <Filter>Rendering\Include\Translation\Vulkan</Filter>
    </ClInclude>
    <ClInclude Include="..\..\..\Include\Rendering\Translation\Vulkan\VulkanTranslationUtilities.h">
      <Filter>Rendering\Include\Translation\Vulkan</Filter>
    </ClInclude>
    <ClInclude Include="..\..\..\Include\Multithreading\AtomicFlag.h">
      <Filter>Multithreading\Include</Filter>
    </ClInclude>
    <ClInclude Include="..\..\..\Include\Managers\RenderingConfigurationManager.h">
      <Filter>Managers\Include</Filter>
    </ClInclude>
    <ClInclude Include="..\..\..\Include\Platform\Windows\CatalystWindows.h">
      <Filter>Platform\Include\Windows</Filter>
    </ClInclude>
    <ClInclude Include="..\..\..\Include\Platform\Android\CatalystAndroid.h">
      <Filter>Platform\Include\Android</Filter>
    </ClInclude>
    <ClInclude Include="..\..\..\Include\Core\General\CatalystProjectConfiguration.h">
      <Filter>Core\Include\General</Filter>
    </ClInclude>
    <ClInclude Include="..\..\..\Include\Core\General\DynamicString.h">
      <Filter>Core\Include\General</Filter>
    </ClInclude>
    <ClInclude Include="..\..\..\Include\Core\General\HashString.h">
      <Filter>Core\Include\General</Filter>
    </ClInclude>
    <ClInclude Include="..\..\..\Include\Core\General\Padding.h">
      <Filter>Core\Include\General</Filter>
    </ClInclude>
    <ClInclude Include="..\..\..\Include\Core\General\Pair.h">
      <Filter>Core\Include\General</Filter>
    </ClInclude>
    <ClInclude Include="..\..\..\Include\Core\General\DeltaTimer.h">
      <Filter>Core\Include\General</Filter>
    </ClInclude>
    <ClInclude Include="..\..\..\Include\Core\General\BinaryFile.h">
      <Filter>Core\Include\General</Filter>
    </ClInclude>
    <ClInclude Include="..\..\..\Include\Core\Containers\ArrayProxy.h">
      <Filter>Core\Include\Containers</Filter>
    </ClInclude>
    <ClInclude Include="..\..\..\Include\Input\InputCore.h">
      <Filter>Input\Include</Filter>
    </ClInclude>
    <ClInclude Include="..\..\..\Include\Input\GamepadState.h">
      <Filter>Input\Include</Filter>
    </ClInclude>
    <ClInclude Include="..\..\..\Include\Input\TouchState.h">
      <Filter>Input\Include</Filter>
    </ClInclude>
    <ClInclude Include="..\..\..\Include\Input\MouseState.h">
      <Filter>Input\Include</Filter>
    </ClInclude>
    <ClInclude Include="..\..\..\Include\Core\General\UpdateContext.h">
      <Filter>Core\Include\General</Filter>
    </ClInclude>
    <ClInclude Include="..\..\..\Include\Core\Containers\Collection.h">
      <Filter>Core\Include\Containers</Filter>
    </ClInclude>
    <ClInclude Include="..\..\..\Include\Memory\PoolAllocator.h">
      <Filter>Memory\Include</Filter>
    </ClInclude>
    <ClInclude Include="..\..\..\Include\Lighting\LightingCore.h">
      <Filter>Lighting\Include</Filter>
    </ClInclude>
    <ClInclude Include="..\..\..\Include\Lighting\DirectionalLight.h">
      <Filter>Lighting\Include</Filter>
    </ClInclude>
    <ClInclude Include="..\..\..\Include\Systems\EntityCreationSystem.h">
      <Filter>Systems\Include</Filter>
    </ClInclude>
    <ClInclude Include="..\..\..\Include\Entities\Types\Entity.h">
      <Filter>Entities\Include\Types</Filter>
    </ClInclude>
    <ClInclude Include="..\..\..\Include\Entities\Creation\EntityInitializationData.h">
      <Filter>Entities\Include\Creation</Filter>
    </ClInclude>
    <ClInclude Include="..\..\..\Include\Core\General\Triple.h">
      <Filter>Core\Include\General</Filter>
    </ClInclude>
    <ClInclude Include="..\..\..\Include\Core\General\Quadruple.h">
      <Filter>Core\Include\General</Filter>
    </ClInclude>
    <ClInclude Include="..\..\..\Include\Core\General\Quintuple.h">
      <Filter>Core\Include\General</Filter>
    </ClInclude>
    <ClInclude Include="..\..\..\Include\Systems\CatalystEngineSystem.h">
      <Filter>Systems\Include</Filter>
    </ClInclude>
    <ClInclude Include="..\..\..\Include\Sound\Native\SoundCore.h">
      <Filter>Sound\Include\Native</Filter>
    </ClInclude>
    <ClInclude Include="..\..\..\Include\Sound\Abstraction\FMOD\FMODCore.h">
      <Filter>Sound\Include\Abstraction\FMOD</Filter>
    </ClInclude>
    <ClInclude Include="..\..\..\Include\Sound\Abstraction\FMOD\FMODAbstractionUtilities.h">
      <Filter>Sound\Include\Abstraction\FMOD</Filter>
    </ClInclude>
    <ClInclude Include="..\..\..\Include\Entities\Types\SoundEntity.h">
      <Filter>Entities\Include\Types</Filter>
    </ClInclude>
    <ClInclude Include="..\..\..\Include\Multithreading\ScopedReadLock.h">
      <Filter>Multithreading\Include</Filter>
    </ClInclude>
    <ClInclude Include="..\..\..\Include\Multithreading\ScopedWriteLock.h">
      <Filter>Multithreading\Include</Filter>
    </ClInclude>
    <ClInclude Include="..\..\..\Include\Core\Essential\CatalystDefines.h">
      <Filter>Core\Include\Essential</Filter>
    </ClInclude>
    <ClInclude Include="..\..\..\Include\Core\Essential\CatalystEssential.h">
      <Filter>Core\Include\Essential</Filter>
    </ClInclude>
    <ClInclude Include="..\..\..\Include\Core\Essential\CatalystMacros.h">
      <Filter>Core\Include\Essential</Filter>
    </ClInclude>
    <ClInclude Include="..\..\..\Include\Core\Essential\CatalystPreDefines.h">
      <Filter>Core\Include\Essential</Filter>
    </ClInclude>
    <ClInclude Include="..\..\..\Include\Core\Essential\CatalystTypes.h">
      <Filter>Core\Include\Essential</Filter>
    </ClInclude>
    <ClInclude Include="..\..\..\Include\Core\General\Perceiver.h">
      <Filter>Core\Include\General</Filter>
    </ClInclude>
    <ClInclude Include="..\..\..\Include\Entities\Creation\SoundInitializationData.h">
      <Filter>Entities\Include\Creation</Filter>
    </ClInclude>
    <ClInclude Include="..\..\..\Include\Entities\Core\EntityCore.h">
      <Filter>Entities\Include\Core</Filter>
    </ClInclude>
    <ClInclude Include="..\..\..\Include\Components\Core\ComponentManager.h">
      <Filter>Components\Include\Core</Filter>
    </ClInclude>
    <ClInclude Include="..\..\..\Include\Components\Singleton\InputComponent.h">
      <Filter>Components\Include\Singleton</Filter>
    </ClInclude>
    <ClInclude Include="..\..\..\Include\Components\Singleton\CatalystEngineComponent.h">
      <Filter>Components\Include\Singleton</Filter>
    </ClInclude>
    <ClInclude Include="..\..\..\Include\Memory\LinearAllocator.h">
      <Filter>Memory\Include</Filter>
    </ClInclude>
    <ClInclude Include="..\..\..\Include\Math\Core\CatalystBaseMath.h">
      <Filter>Math\Include\Core</Filter>
    </ClInclude>
    <ClInclude Include="..\..\..\Include\Math\Core\CatalystPhysicsMath.h">
      <Filter>Math\Include\Core</Filter>
    </ClInclude>
    <ClInclude Include="..\..\..\Include\Math\Core\CatalystRandomMath.h">
      <Filter>Math\Include\Core</Filter>
    </ClInclude>
    <ClInclude Include="..\..\..\Include\Math\Noise\PerlinNoise.h">
      <Filter>Math\Include\Noise</Filter>
    </ClInclude>
    <ClInclude Include="..\..\..\Include\Math\Noise\SimplexNoise.h">
      <Filter>Math\Include\Noise</Filter>
    </ClInclude>
    <ClInclude Include="..\..\..\Include\Math\Noise\ValueNoise.h">
      <Filter>Math\Include\Noise</Filter>
    </ClInclude>
    <ClInclude Include="..\..\..\Include\Math\Geometry\AxisAlignedBoundingBox.h">
      <Filter>Math\Include\Geometry</Filter>
    </ClInclude>
    <ClInclude Include="..\..\..\Include\Math\Geometry\GridPoint2.h">
      <Filter>Math\Include\Geometry</Filter>
    </ClInclude>
    <ClInclude Include="..\..\..\Include\Math\Geometry\GridPoint3.h">
      <Filter>Math\Include\Geometry</Filter>
    </ClInclude>
    <ClInclude Include="..\..\..\Include\Math\Geometry\Plane.h">
      <Filter>Math\Include\Geometry</Filter>
    </ClInclude>
    <ClInclude Include="..\..\..\Include\Math\Geometry\Ray.h">
      <Filter>Math\Include\Geometry</Filter>
    </ClInclude>
    <ClInclude Include="..\..\..\Include\Math\Geometry\Sphere.h">
      <Filter>Math\Include\Geometry</Filter>
    </ClInclude>
    <ClInclude Include="..\..\..\Include\Math\General\Vector.h">
      <Filter>Math\Include\General</Filter>
    </ClInclude>
    <ClInclude Include="..\..\..\Include\Math\General\Matrix.h">
      <Filter>Math\Include\General</Filter>
    </ClInclude>
    <ClInclude Include="..\..\..\Include\Math\Core\CatalystGeometryMath.h">
      <Filter>Math\Include\Core</Filter>
    </ClInclude>
    <ClInclude Include="..\..\..\Include\Core\Essential\CatalystFunctions.h">
      <Filter>Core\Include\Essential</Filter>
    </ClInclude>
    <ClInclude Include="..\..\..\Include\Resources\Core\ResourcesCore.h">
      <Filter>Resources\Include\Core</Filter>
    </ClInclude>
    <ClInclude Include="..\..\..\Include\Resources\Data\SoundBankData.h">
      <Filter>Resources\Include\Data</Filter>
    </ClInclude>
    <ClInclude Include="..\..\..\Include\Resources\Loading\ResourceLoader.h">
      <Filter>Resources\Include\Loading</Filter>
    </ClInclude>
    <ClInclude Include="..\..\..\Include\Resources\Building\ResourceBuilder.h">
      <Filter>Resources\Include\Building</Filter>
    </ClInclude>
    <ClInclude Include="..\..\..\Include\Resources\Building\AssimpBuilder.h">
      <Filter>Resources\Include\Building</Filter>
    </ClInclude>
    <ClInclude Include="..\..\..\Include\Resources\Data\ModelData.h">
      <Filter>Resources\Include\Data</Filter>
    </ClInclude>
    <ClInclude Include="..\..\..\Include\Resources\Building\ModelBuildParameters.h">
      <Filter>Resources\Include\Building</Filter>
    </ClInclude>
    <ClInclude Include="..\..\..\Include\Resources\Building\ResourceCollectionBuildParameters.h">
      <Filter>Resources\Include\Building</Filter>
    </ClInclude>
    <ClInclude Include="..\..\..\Include\Resources\Creation\ResourceCreator.h">
      <Filter>Resources\Include\Creation</Filter>
    </ClInclude>
    <ClInclude Include="..\..\..\Include\Math\Geometry\Triangle.h">
      <Filter>Math\Include\Geometry</Filter>
    </ClInclude>
    <ClInclude Include="..\..\..\Include\Lighting\PhysicallyBasedLighting.h">
      <Filter>Lighting\Include</Filter>
    </ClInclude>
    <ClInclude Include="..\..\..\Include\Resources\Building\Texture2DBuildParameters.h">
      <Filter>Resources\Include\Building</Filter>
    </ClInclude>
    <ClInclude Include="..\..\..\Include\Resources\Data\Texture2DData.h">
      <Filter>Resources\Include\Data</Filter>
    </ClInclude>
    <ClInclude Include="..\..\..\Include\Resources\Building\TextureCubeBuildParameters.h">
      <Filter>Resources\Include\Building</Filter>
    </ClInclude>
    <ClInclude Include="..\..\..\Include\Resources\Data\TextureCubeData.h">
      <Filter>Resources\Include\Data</Filter>
    </ClInclude>
    <ClInclude Include="..\..\..\Include\Components\Transient\SoundComponent.h">
      <Filter>Components\Include\Transient</Filter>
    </ClInclude>
    <ClInclude Include="..\..\..\Include\Components\Transient\TransformComponent.h">
      <Filter>Components\Include\Transient</Filter>
    </ClInclude>
    <ClInclude Include="..\..\..\Include\Rendering\Abstraction\Vulkan\Vulkan2DTexture.h">
      <Filter>Rendering\Include\Abstraction\Vulkan</Filter>
    </ClInclude>
    <ClInclude Include="..\..\..\Include\Rendering\Abstraction\Vulkan\VulkanAllocation.h">
      <Filter>Rendering\Include\Abstraction\Vulkan</Filter>
    </ClInclude>
    <ClInclude Include="..\..\..\Include\Rendering\Abstraction\Vulkan\VulkanAllocator.h">
      <Filter>Rendering\Include\Abstraction\Vulkan</Filter>
    </ClInclude>
    <ClInclude Include="..\..\..\Include\Rendering\Abstraction\Vulkan\VulkanCommandBuffer.h">
      <Filter>Rendering\Include\Abstraction\Vulkan</Filter>
    </ClInclude>
    <ClInclude Include="..\..\..\Include\Rendering\Abstraction\Vulkan\VulkanCommandPool.h">
      <Filter>Rendering\Include\Abstraction\Vulkan</Filter>
    </ClInclude>
    <ClInclude Include="..\..\..\Include\Rendering\Abstraction\Vulkan\VulkanCore.h">
      <Filter>Rendering\Include\Abstraction\Vulkan</Filter>
    </ClInclude>
    <ClInclude Include="..\..\..\Include\Rendering\Abstraction\Vulkan\VulkanCubeMapTexture.h">
      <Filter>Rendering\Include\Abstraction\Vulkan</Filter>
    </ClInclude>
    <ClInclude Include="..\..\..\Include\Rendering\Abstraction\Vulkan\VulkanDepthBuffer.h">
      <Filter>Rendering\Include\Abstraction\Vulkan</Filter>
    </ClInclude>
    <ClInclude Include="..\..\..\Include\Rendering\Abstraction\Vulkan\VulkanDescriptorPool.h">
      <Filter>Rendering\Include\Abstraction\Vulkan</Filter>
    </ClInclude>
    <ClInclude Include="..\..\..\Include\Rendering\Abstraction\Vulkan\VulkanDescriptorSet.h">
      <Filter>Rendering\Include\Abstraction\Vulkan</Filter>
    </ClInclude>
    <ClInclude Include="..\..\..\Include\Rendering\Abstraction\Vulkan\VulkanDescriptorSetLayout.h">
      <Filter>Rendering\Include\Abstraction\Vulkan</Filter>
    </ClInclude>
    <ClInclude Include="..\..\..\Include\Rendering\Abstraction\Vulkan\VulkanErrorReporting.h">
      <Filter>Rendering\Include\Abstraction\Vulkan</Filter>
    </ClInclude>
    <ClInclude Include="..\..\..\Include\Rendering\Abstraction\Vulkan\VulkanEvent.h">
      <Filter>Rendering\Include\Abstraction\Vulkan</Filter>
    </ClInclude>
    <ClInclude Include="..\..\..\Include\Rendering\Abstraction\Vulkan\VulkanFence.h">
      <Filter>Rendering\Include\Abstraction\Vulkan</Filter>
    </ClInclude>
    <ClInclude Include="..\..\..\Include\Rendering\Abstraction\Vulkan\VulkanFramebuffer.h">
      <Filter>Rendering\Include\Abstraction\Vulkan</Filter>
    </ClInclude>
    <ClInclude Include="..\..\..\Include\Rendering\Abstraction\Vulkan\VulkanFramebufferCreationParameters.h">
      <Filter>Rendering\Include\Abstraction\Vulkan</Filter>
    </ClInclude>
    <ClInclude Include="..\..\..\Include\Rendering\Abstraction\Vulkan\VulkanImage.h">
      <Filter>Rendering\Include\Abstraction\Vulkan</Filter>
    </ClInclude>
    <ClInclude Include="..\..\..\Include\Rendering\Abstraction\Vulkan\VulkanInstance.h">
      <Filter>Rendering\Include\Abstraction\Vulkan</Filter>
    </ClInclude>
    <ClInclude Include="..\..\..\Include\Rendering\Abstraction\Vulkan\VulkanInterface.h">
      <Filter>Rendering\Include\Abstraction\Vulkan</Filter>
    </ClInclude>
    <ClInclude Include="..\..\..\Include\Rendering\Abstraction\Vulkan\VulkanLogicalDevice.h">
      <Filter>Rendering\Include\Abstraction\Vulkan</Filter>
    </ClInclude>
    <ClInclude Include="..\..\..\Include\Rendering\Abstraction\Vulkan\VulkanPhysicalDevice.h">
      <Filter>Rendering\Include\Abstraction\Vulkan</Filter>
    </ClInclude>
    <ClInclude Include="..\..\..\Include\Rendering\Abstraction\Vulkan\VulkanQueue.h">
      <Filter>Rendering\Include\Abstraction\Vulkan</Filter>
    </ClInclude>
    <ClInclude Include="..\..\..\Include\Rendering\Abstraction\Vulkan\VulkanRenderPass.h">
      <Filter>Rendering\Include\Abstraction\Vulkan</Filter>
    </ClInclude>
    <ClInclude Include="..\..\..\Include\Rendering\Abstraction\Vulkan\VulkanRenderPassCreationParameters.h">
      <Filter>Rendering\Include\Abstraction\Vulkan</Filter>
    </ClInclude>
    <ClInclude Include="..\..\..\Include\Rendering\Abstraction\Vulkan\VulkanRenderTarget.h">
      <Filter>Rendering\Include\Abstraction\Vulkan</Filter>
    </ClInclude>
    <ClInclude Include="..\..\..\Include\Rendering\Abstraction\Vulkan\VulkanSampler.h">
      <Filter>Rendering\Include\Abstraction\Vulkan</Filter>
    </ClInclude>
    <ClInclude Include="..\..\..\Include\Rendering\Abstraction\Vulkan\VulkanSemaphore.h">
      <Filter>Rendering\Include\Abstraction\Vulkan</Filter>
    </ClInclude>
    <ClInclude Include="..\..\..\Include\Rendering\Abstraction\Vulkan\VulkanShaderModule.h">
      <Filter>Rendering\Include\Abstraction\Vulkan</Filter>
    </ClInclude>
    <ClInclude Include="..\..\..\Include\Rendering\Abstraction\Vulkan\VulkanStorageBuffer.h">
      <Filter>Rendering\Include\Abstraction\Vulkan</Filter>
    </ClInclude>
    <ClInclude Include="..\..\..\Include\Rendering\Abstraction\Vulkan\VulkanSurface.h">
      <Filter>Rendering\Include\Abstraction\Vulkan</Filter>
    </ClInclude>
    <ClInclude Include="..\..\..\Include\Rendering\Abstraction\Vulkan\VulkanSwapChain.h">
      <Filter>Rendering\Include\Abstraction\Vulkan</Filter>
    </ClInclude>
    <ClInclude Include="..\..\..\Include\Rendering\Abstraction\Vulkan\VulkanUtilities.h">
      <Filter>Rendering\Include\Abstraction\Vulkan</Filter>
    </ClInclude>
    <ClInclude Include="..\..\..\Include\Rendering\Native\CommandBuffer.h">
      <Filter>Rendering\Include\Native</Filter>
    </ClInclude>
    <ClInclude Include="..\..\..\Include\Rendering\Native\CommonModelData.h">
      <Filter>Rendering\Include\Native</Filter>
    </ClInclude>
    <ClInclude Include="..\..\..\Include\Rendering\Native\DynamicUniformData.h">
      <Filter>Rendering\Include\Native</Filter>
    </ClInclude>
    <ClInclude Include="..\..\..\Include\Rendering\Native\GlobalRenderData.h">
      <Filter>Rendering\Include\Native</Filter>
    </ClInclude>
    <ClInclude Include="..\..\..\Include\Rendering\Native\Model.h">
      <Filter>Rendering\Include\Native</Filter>
    </ClInclude>
    <ClInclude Include="..\..\..\Include\Rendering\Native\RenderingCore.h">
      <Filter>Rendering\Include\Native</Filter>
    </ClInclude>
    <ClInclude Include="..\..\..\Include\Rendering\Native\RenderingUtilities.h">
      <Filter>Rendering\Include\Native</Filter>
    </ClInclude>
    <ClInclude Include="..\..\..\Include\Rendering\Native\Resolution.h">
      <Filter>Rendering\Include\Native</Filter>
    </ClInclude>
    <ClInclude Include="..\..\..\Include\Rendering\Native\Texture2D.h">
      <Filter>Rendering\Include\Native</Filter>
    </ClInclude>
    <ClInclude Include="..\..\..\Include\Rendering\Native\TextureCube.h">
      <Filter>Rendering\Include\Native</Filter>
    </ClInclude>
    <ClInclude Include="..\..\..\Include\Rendering\Native\TextureData.h">
      <Filter>Rendering\Include\Native</Filter>
    </ClInclude>
    <ClInclude Include="..\..\..\Include\Rendering\Native\TextureDataContainer.h">
      <Filter>Rendering\Include\Native</Filter>
    </ClInclude>
    <ClInclude Include="..\..\..\Include\Rendering\Native\Vertex.h">
      <Filter>Rendering\Include\Native</Filter>
    </ClInclude>
    <ClInclude Include="..\..\..\Include\Rendering\Native\Pipelines\Core\Pipeline.h">
      <Filter>Rendering\Include\Native\Pipelines\Core</Filter>
    </ClInclude>
    <ClInclude Include="..\..\..\Include\Rendering\Native\Pipelines\GraphicsPipelines\GraphicsPipeline.h">
      <Filter>Rendering\Include\Native\Pipelines\Graphics Pipelines</Filter>
    </ClInclude>
    <ClInclude Include="..\..\..\Include\Rendering\Abstraction\Vulkan\VulkanGraphicsPipeline.h">
      <Filter>Rendering\Include\Abstraction\Vulkan</Filter>
    </ClInclude>
    <ClInclude Include="..\..\..\Include\Rendering\Abstraction\Vulkan\VulkanGraphicsPipelineCreationParameters.h">
      <Filter>Rendering\Include\Abstraction\Vulkan</Filter>
    </ClInclude>
    <ClInclude Include="..\..\..\Include\Rendering\Abstraction\Vulkan\VulkanRayTracingPipeline.h">
      <Filter>Rendering\Include\Abstraction\Vulkan</Filter>
    </ClInclude>
    <ClInclude Include="..\..\..\Include\Rendering\Abstraction\Vulkan\VulkanRayTracingPipelineCreationParameters.h">
      <Filter>Rendering\Include\Abstraction\Vulkan</Filter>
    </ClInclude>
    <ClInclude Include="..\..\..\Include\Rendering\Native\Pipelines\RayTracingPipelines\RayTracingPipeline.h">
      <Filter>Rendering\Include\Native\Pipelines\Ray Tracing Pipelines</Filter>
    </ClInclude>
    <ClInclude Include="..\..\..\Include\Rendering\Native\RenderPasses\RenderPass.h">
      <Filter>Rendering\Include\Native\Render Passes</Filter>
    </ClInclude>
    <ClInclude Include="..\..\..\Include\Rendering\Native\RenderPasses\ToneMappingRenderPass.h">
      <Filter>Rendering\Include\Native\Render Passes</Filter>
    </ClInclude>
    <ClInclude Include="..\..\..\Include\Rendering\Native\RenderPasses\RenderPassManager.h">
      <Filter>Rendering\Include\Native\Render Passes</Filter>
    </ClInclude>
    <ClInclude Include="..\..\..\Include\Rendering\Native\Pipelines\GraphicsPipelines\ToneMappingGraphicsPipeline.h">
      <Filter>Rendering\Include\Native\Pipelines\Graphics Pipelines</Filter>
    </ClInclude>
    <ClInclude Include="..\..\..\Include\Rendering\Translation\Vulkan\VulkanGraphicsPipelineData.h">
      <Filter>Rendering\Include\Translation\Vulkan</Filter>
    </ClInclude>
    <ClInclude Include="..\..\..\Include\Rendering\Native\Pipelines\RayTracingPipelines\WorldRayTracingPipeline.h">
      <Filter>Rendering\Include\Native\Pipelines\Ray Tracing Pipelines</Filter>
    </ClInclude>
    <ClInclude Include="..\..\..\Include\Memory\Memory.h">
      <Filter>Memory\Include</Filter>
    </ClInclude>
    <ClInclude Include="..\..\..\Include\Rendering\Abstraction\Vulkan\VulkanAccelerationStructure.h">
      <Filter>Rendering\Include\Abstraction\Vulkan</Filter>
    </ClInclude>
    <ClInclude Include="..\..\..\Include\Memory\UniquePointer.h">
      <Filter>Memory\Include</Filter>
    </ClInclude>
    <ClInclude Include="..\..\..\Include\Memory\DestructorPointer.h">
      <Filter>Memory\Include</Filter>
    </ClInclude>
    <ClInclude Include="..\..\..\Include\Rendering\Abstraction\Vulkan\VulkanBuffer.h">
      <Filter>Rendering\Include\Abstraction\Vulkan</Filter>
    </ClInclude>
    <ClInclude Include="..\..\..\Include\Rendering\Native\RenderPasses\WorldRayTracingRenderPass.h">
      <Filter>Rendering\Include\Native\Render Passes</Filter>
    </ClInclude>
    <ClInclude Include="..\..\..\Include\Rendering\Native\TopLevelAccelerationStructureInstanceData.h">
      <Filter>Rendering\Include\Native</Filter>
    </ClInclude>
    <ClInclude Include="..\..\..\Include\Rendering\Abstraction\Vulkan\VulkanGeometryInstance.h">
      <Filter>Rendering\Include\Abstraction\Vulkan</Filter>
    </ClInclude>
    <ClInclude Include="..\..\..\Include\Rendering\Translation\Vulkan\VulkanRayTracingPipelineData.h">
      <Filter>Rendering\Include\Translation\Vulkan</Filter>
    </ClInclude>
    <ClInclude Include="..\..\..\Include\Rendering\Native\GlobalTexture2D.h">
      <Filter>Rendering\Include\Native</Filter>
    </ClInclude>
    <ClInclude Include="..\..\..\Include\Entities\Types\StaticModelEntity.h">
      <Filter>Entities\Include\Types</Filter>
    </ClInclude>
    <ClInclude Include="..\..\..\Include\Components\Transient\StaticModelComponent.h">
      <Filter>Components\Include\Transient</Filter>
    </ClInclude>
    <ClInclude Include="..\..\..\Include\Entities\Creation\StaticModelinitializationData.h">
      <Filter>Entities\Include\Creation</Filter>
    </ClInclude>
    <ClInclude Include="..\..\..\Include\Rendering\Native\Pipelines\GraphicsPipelines\RadianceIntegrationGraphicsPipeline.h">
      <Filter>Rendering\Include\Native\Pipelines\Graphics Pipelines</Filter>
    </ClInclude>
    <ClInclude Include="..\..\..\Include\Rendering\Native\RenderPasses\RadianceIntegrationRenderPass.h">
      <Filter>Rendering\Include\Native\Render Passes</Filter>
    </ClInclude>
    <ClInclude Include="..\..\..\Include\Rendering\Native\Material.h">
      <Filter>Rendering\Include\Native</Filter>
    </ClInclude>
    <ClInclude Include="..\..\..\Include\Entities\Creation\LightInitializationData.h">
      <Filter>Entities\Include\Creation</Filter>
    </ClInclude>
    <ClInclude Include="..\..\..\Include\Components\Transient\LightComponent.h">
      <Filter>Components\Include\Transient</Filter>
    </ClInclude>
    <ClInclude Include="..\..\..\Include\Entities\Types\LightEntity.h">
      <Filter>Entities\Include\Types</Filter>
    </ClInclude>
    <ClInclude Include="..\..\..\Include\Systems\UserInterfaceSystem.h">
      <Filter>Systems\Include</Filter>
    </ClInclude>
    <ClInclude Include="..\..\..\Include\Components\Singleton\UserInterfaceComponent.h">
      <Filter>Components\Include\Singleton</Filter>
    </ClInclude>
    <ClInclude Include="..\..\..\Include\Rendering\Native\Pipelines\GraphicsPipelines\MotionBlurGraphicsPipeline.h">
      <Filter>Rendering\Include\Native\Pipelines\Graphics Pipelines</Filter>
    </ClInclude>
    <ClInclude Include="..\..\..\Include\Rendering\Native\Pipelines\GraphicsPipelines\PostProcessingGraphicsPipeline.h">
      <Filter>Rendering\Include\Native\Pipelines\Graphics Pipelines</Filter>
    </ClInclude>
    <ClInclude Include="..\..\..\Include\Rendering\Native\RenderPasses\MotionBlurRenderPass.h">
      <Filter>Rendering\Include\Native\Render Passes</Filter>
    </ClInclude>
    <ClInclude Include="..\..\..\Include\Rendering\Native\RenderPasses\PostProcessingRenderPass.h">
      <Filter>Rendering\Include\Native\Render Passes</Filter>
    </ClInclude>
    <ClInclude Include="..\..\..\Include\Rendering\Abstraction\Vulkan\VulkanComputePipeline.h">
      <Filter>Rendering\Include\Abstraction\Vulkan</Filter>
    </ClInclude>
    <ClInclude Include="..\..\..\Include\Rendering\Abstraction\Vulkan\VulkanComputePipelineCreationParameters.h">
      <Filter>Rendering\Include\Abstraction\Vulkan</Filter>
    </ClInclude>
    <ClInclude Include="..\..\..\Include\Rendering\Native\Pipelines\ComputePipelines\ComputePipeline.h">
      <Filter>Rendering\Include\Native\Pipelines\Compute Pipelines</Filter>
    </ClInclude>
    <ClInclude Include="..\..\..\Include\Rendering\Translation\Vulkan\VulkanComputePipelineData.h">
      <Filter>Rendering\Include\Translation\Vulkan</Filter>
    </ClInclude>
    <ClInclude Include="..\..\..\Include\Rendering\Native\RenderPasses\LightingRenderPass.h">
      <Filter>Rendering\Include\Native\Render Passes</Filter>
    </ClInclude>
    <ClInclude Include="..\..\..\Include\Resources\Building\SoundBankBuildParameters.h">
      <Filter>Resources\Include\Building</Filter>
    </ClInclude>
    <ClInclude Include="..\..\..\Include\Rendering\Native\LightingSystem.h">
      <Filter>Rendering\Include\Native</Filter>
    </ClInclude>
    <ClInclude Include="..\..\..\Include\Rendering\Native\ModelSystem.h">
      <Filter>Rendering\Include\Native</Filter>
    </ClInclude>
    <ClInclude Include="..\..\..\Include\UserInterface\UserInterfaceElement.h">
      <Filter>User Interface\Include</Filter>
    </ClInclude>
    <ClInclude Include="..\..\..\Include\UserInterface\UserInterfaceElementDescription.h">
      <Filter>User Interface\Include</Filter>
    </ClInclude>
    <ClInclude Include="..\..\..\Include\UserInterface\UserInterfaceCore.h">
      <Filter>User Interface\Include</Filter>
    </ClInclude>
    <ClInclude Include="..\..\..\Include\UserInterface\ImageUserInterfaceElementDescription.h">
      <Filter>User Interface\Include</Filter>
    </ClInclude>
    <ClInclude Include="..\..\..\Include\UserInterface\ImageUserInterfaceElement.h">
      <Filter>User Interface\Include</Filter>
    </ClInclude>
    <ClInclude Include="..\..\..\Include\Rendering\Native\Pipelines\GraphicsPipelines\UserInterfaceGraphicsPipeline.h">
      <Filter>Rendering\Include\Native\Pipelines\Graphics Pipelines</Filter>
    </ClInclude>
    <ClInclude Include="..\..\..\Include\Rendering\Native\RenderPasses\UserInterfaceRenderPass.h">
      <Filter>Rendering\Include\Native\Render Passes</Filter>
    </ClInclude>
    <ClInclude Include="..\..\..\Include\Rendering\Native\Pipelines\GraphicsPipelines\ScreenGraphicsPipeline.h">
      <Filter>Rendering\Include\Native\Pipelines\Graphics Pipelines</Filter>
    </ClInclude>
    <ClInclude Include="..\..\..\Include\Rendering\Native\RenderPasses\ScreenRenderPass.h">
      <Filter>Rendering\Include\Native\Render Passes</Filter>
    </ClInclude>
    <ClInclude Include="..\..\..\Include\Rendering\Native\RenderPasses\DenoisingRenderPass.h">
      <Filter>Rendering\Include\Native\Render Passes</Filter>
    </ClInclude>
    <ClInclude Include="..\..\..\Include\Rendering\Native\Pipelines\GraphicsPipelines\DenoisingGraphicsPipeline.h">
      <Filter>Rendering\Include\Native\Pipelines\Graphics Pipelines</Filter>
    </ClInclude>
    <ClInclude Include="..\..\..\Include\Rendering\Native\Pipelines\GraphicsPipelines\FireflyReductionGraphicsPipeline.h">
      <Filter>Rendering\Include\Native\Pipelines\Graphics Pipelines</Filter>
    </ClInclude>
    <ClInclude Include="..\..\..\Include\Rendering\Native\RenderPasses\FireflyReductionRenderPass.h">
      <Filter>Rendering\Include\Native\Render Passes</Filter>
    </ClInclude>
    <ClInclude Include="..\..\..\Include\Resources\Building\FontBuildParameters.h">
      <Filter>Resources\Include\Building</Filter>
    </ClInclude>
    <ClInclude Include="..\..\..\Include\Rendering\Native\Font.h">
      <Filter>Rendering\Include\Native</Filter>
    </ClInclude>
    <ClInclude Include="..\..\..\Include\Resources\Data\FontData.h">
      <Filter>Resources\Include\Data</Filter>
    </ClInclude>
    <ClInclude Include="..\..\..\Include\UserInterface\TextUserInterfaceElement.h">
      <Filter>User Interface\Include</Filter>
    </ClInclude>
    <ClInclude Include="..\..\..\Include\UserInterface\TextUserInterfaceElementDescription.h">
      <Filter>User Interface\Include</Filter>
    </ClInclude>
    <ClInclude Include="..\..\..\Include\Rendering\Native\Pipelines\GraphicsPipelines\VolumetricLightingDenoisingGraphicsPipeline.h">
      <Filter>Rendering\Include\Native\Pipelines\Graphics Pipelines</Filter>
    </ClInclude>
    <ClInclude Include="..\..\..\Include\Rendering\Native\Pipelines\GraphicsPipelines\TemporalAntiAliasingGraphicsPipeline.h">
      <Filter>Rendering\Include\Native\Pipelines\Graphics Pipelines</Filter>
    </ClInclude>
    <ClInclude Include="..\..\..\Include\Rendering\Native\RenderPasses\TemporalAntiAliasingRenderPass.h">
      <Filter>Rendering\Include\Native\Render Passes</Filter>
    </ClInclude>
    <ClInclude Include="..\..\..\Include\Math\Noise\HaltonSequence.h">
      <Filter>Math\Include\Noise</Filter>
    </ClInclude>
    <ClInclude Include="..\..\..\Include\Rendering\Native\Pipelines\GraphicsPipelines\CompositingGraphicsPipeline.h">
      <Filter>Rendering\Include\Native\Pipelines\Graphics Pipelines</Filter>
    </ClInclude>
    <ClInclude Include="..\..\..\Include\Rendering\Native\RenderPasses\CompositingRenderPass.h">
      <Filter>Rendering\Include\Native\Render Passes</Filter>
    </ClInclude>
    <ClInclude Include="..\..\..\Include\Rendering\Native\Pipelines\GraphicsPipelines\FastApproximateAntiAliasingGraphicsPipeline.h">
      <Filter>Rendering\Include\Native\Pipelines\Graphics Pipelines</Filter>
    </ClInclude>
    <ClInclude Include="..\..\..\Include\Rendering\Native\RenderPasses\FastApproximateAntiAliasingRenderPass.h">
      <Filter>Rendering\Include\Native\Render Passes</Filter>
    </ClInclude>
    <ClInclude Include="..\..\..\Include\Rendering\Native\Pipelines\GraphicsPipelines\SceneFeaturesGraphicsPipeline.h">
      <Filter>Rendering\Include\Native\Pipelines\Graphics Pipelines</Filter>
    </ClInclude>
    <ClInclude Include="..\..\..\Include\Rendering\Native\RenderPasses\SceneFeaturesRenderPass.h">
      <Filter>Rendering\Include\Native\Render Passes</Filter>
    </ClInclude>
    <ClInclude Include="..\..\..\Include\Rendering\Native\Pipelines\GraphicsPipelines\ScreenSpaceSpecularIrradianceGraphicsPipeline.h">
      <Filter>Rendering\Include\Native\Pipelines\Graphics Pipelines</Filter>
    </ClInclude>
    <ClInclude Include="..\..\..\Include\Rendering\Native\RenderPasses\ScreenSpaceSpecularIrradianceRenderPass.h">
      <Filter>Rendering\Include\Native\Render Passes</Filter>
    </ClInclude>
    <ClInclude Include="..\..\..\Include\Rendering\Native\Pipelines\GraphicsPipelines\TemporalAccumulationGraphicsPipeline.h">
      <Filter>Rendering\Include\Native\Pipelines\Graphics Pipelines</Filter>
    </ClInclude>
    <ClInclude Include="..\..\..\Include\Rendering\Native\RenderPasses\TemporalAccumulationRenderPass.h">
      <Filter>Rendering\Include\Native\Render Passes</Filter>
    </ClInclude>
    <ClInclude Include="..\..\..\Include\Physics\PhysicsCore.h">
      <Filter>Physics\Include</Filter>
    </ClInclude>
    <ClInclude Include="..\..\..\Include\Physics\RayCastResult.h">
      <Filter>Physics\Include</Filter>
    </ClInclude>
    <ClInclude Include="..\..\..\Include\Components\Singleton\PhysicsSingletonComponent.h">
      <Filter>Components\Include\Singleton</Filter>
    </ClInclude>
    <ClInclude Include="..\..\..\Include\Physics\CharacterMovement.h">
      <Filter>Physics\Include</Filter>
    </ClInclude>
  </ItemGroup>
  <ItemGroup>
    <ClCompile Include="..\..\..\Source\Components\ComponentManager.cpp">
      <Filter>Components\Source</Filter>
    </ClCompile>
    <ClCompile Include="..\..\..\Source\Systems\InputSystem.cpp">
      <Filter>Systems\Source</Filter>
    </ClCompile>
    <ClCompile Include="..\..\..\Source\Systems\PhysicsSystem.cpp">
      <Filter>Systems\Source</Filter>
    </ClCompile>
    <ClCompile Include="..\..\..\Source\Systems\RenderingSystem.cpp">
      <Filter>Systems\Source</Filter>
    </ClCompile>
    <ClCompile Include="..\..\..\Source\Systems\SoundSystem.cpp">
      <Filter>Systems\Source</Filter>
    </ClCompile>
    <ClCompile Include="..\..\..\Source\Systems\TaskSystem.cpp">
      <Filter>Systems\Source</Filter>
    </ClCompile>
    <ClCompile Include="..\..\..\Source\Rendering\Translation\Vulkan\VulkanRenderingSystem.cpp">
      <Filter>Rendering\Source\Translation\Vulkan</Filter>
    </ClCompile>
    <ClCompile Include="..\..\..\Source\Managers\RenderingConfigurationManager.cpp">
      <Filter>Managers\Source</Filter>
    </ClCompile>
    <ClCompile Include="..\..\..\Source\Platform\Windows\CatalystWindows.cpp">
      <Filter>Platform\Source\Windows</Filter>
    </ClCompile>
    <ClCompile Include="..\..\..\Source\Platform\Android\CatalystAndroid.cpp">
      <Filter>Platform\Source\Android</Filter>
    </ClCompile>
    <ClCompile Include="..\..\..\Source\Systems\TerrainSystem.cpp">
      <Filter>Systems\Source</Filter>
    </ClCompile>
    <ClCompile Include="..\..\..\Source\Systems\VegetationSystem.cpp">
      <Filter>Systems\Source</Filter>
    </ClCompile>
    <ClCompile Include="..\..\..\Source\Systems\EntityCreationSystem.cpp">
      <Filter>Systems\Source</Filter>
    </ClCompile>
    <ClCompile Include="..\..\..\Source\Entities\Types\Entity.cpp">
      <Filter>Entities\Source\Types</Filter>
    </ClCompile>
    <ClCompile Include="..\..\..\Source\Rendering\Translation\Vulkan\CommandBufferVulkanImplementation.cpp">
      <Filter>Rendering\Source\Translation\Vulkan</Filter>
    </ClCompile>
    <ClCompile Include="..\..\..\Source\Systems\CatalystEngineSystem.cpp">
      <Filter>Systems\Source</Filter>
    </ClCompile>
    <ClCompile Include="..\..\..\Source\Sound\Abstraction\FMOD\FMODSoundSystem.cpp">
      <Filter>Sound\Source\Abstraction\FMOD</Filter>
    </ClCompile>
    <ClCompile Include="..\..\..\Source\Entities\Types\SoundEntity.cpp">
      <Filter>Entities\Source\Types</Filter>
    </ClCompile>
    <ClCompile Include="..\..\..\Source\Core\General\Perceiver.cpp">
      <Filter>Core\Source\General</Filter>
    </ClCompile>
    <ClCompile Include="..\..\..\Source\Core\Essential\CatalystEssential.cpp">
      <Filter>Core\Source\Essential</Filter>
    </ClCompile>
    <ClCompile Include="..\..\..\Source\Resources\Loading\ResourceLoader.cpp">
      <Filter>Resources\Source\Loading</Filter>
    </ClCompile>
    <ClCompile Include="..\..\..\Source\Resources\Building\ResourceBuilder.cpp">
      <Filter>Resources\Source\Building</Filter>
    </ClCompile>
    <ClCompile Include="..\..\..\Source\Resources\Creation\ResourceCreator.cpp">
      <Filter>Resources\Source\Creation</Filter>
    </ClCompile>
    <ClCompile Include="..\..\..\Source\Lighting\PhysicallyBasedLighting.cpp">
      <Filter>Lighting\Source</Filter>
    </ClCompile>
    <ClCompile Include="..\..\..\Source\Rendering\Abstraction\Vulkan\VulkanStorageBuffer.cpp">
      <Filter>Rendering\Source\Abstraction\Vulkan</Filter>
    </ClCompile>
    <ClCompile Include="..\..\..\Source\Rendering\Abstraction\Vulkan\VulkanSurface.cpp">
      <Filter>Rendering\Source\Abstraction\Vulkan</Filter>
    </ClCompile>
    <ClCompile Include="..\..\..\Source\Rendering\Abstraction\Vulkan\VulkanSwapChain.cpp">
      <Filter>Rendering\Source\Abstraction\Vulkan</Filter>
    </ClCompile>
    <ClCompile Include="..\..\..\Source\Rendering\Abstraction\Vulkan\Vulkan2DTexture.cpp">
      <Filter>Rendering\Source\Abstraction\Vulkan</Filter>
    </ClCompile>
    <ClCompile Include="..\..\..\Source\Rendering\Abstraction\Vulkan\VulkanAllocator.cpp">
      <Filter>Rendering\Source\Abstraction\Vulkan</Filter>
    </ClCompile>
    <ClCompile Include="..\..\..\Source\Rendering\Abstraction\Vulkan\VulkanCommandBuffer.cpp">
      <Filter>Rendering\Source\Abstraction\Vulkan</Filter>
    </ClCompile>
    <ClCompile Include="..\..\..\Source\Rendering\Abstraction\Vulkan\VulkanCommandPool.cpp">
      <Filter>Rendering\Source\Abstraction\Vulkan</Filter>
    </ClCompile>
    <ClCompile Include="..\..\..\Source\Rendering\Abstraction\Vulkan\VulkanCubeMapTexture.cpp">
      <Filter>Rendering\Source\Abstraction\Vulkan</Filter>
    </ClCompile>
    <ClCompile Include="..\..\..\Source\Rendering\Abstraction\Vulkan\VulkanDepthBuffer.cpp">
      <Filter>Rendering\Source\Abstraction\Vulkan</Filter>
    </ClCompile>
    <ClCompile Include="..\..\..\Source\Rendering\Abstraction\Vulkan\VulkanDescriptorPool.cpp">
      <Filter>Rendering\Source\Abstraction\Vulkan</Filter>
    </ClCompile>
    <ClCompile Include="..\..\..\Source\Rendering\Abstraction\Vulkan\VulkanDescriptorSet.cpp">
      <Filter>Rendering\Source\Abstraction\Vulkan</Filter>
    </ClCompile>
    <ClCompile Include="..\..\..\Source\Rendering\Abstraction\Vulkan\VulkanDescriptorSetLayout.cpp">
      <Filter>Rendering\Source\Abstraction\Vulkan</Filter>
    </ClCompile>
    <ClCompile Include="..\..\..\Source\Rendering\Abstraction\Vulkan\VulkanErrorReporting.cpp">
      <Filter>Rendering\Source\Abstraction\Vulkan</Filter>
    </ClCompile>
    <ClCompile Include="..\..\..\Source\Rendering\Abstraction\Vulkan\VulkanEvent.cpp">
      <Filter>Rendering\Source\Abstraction\Vulkan</Filter>
    </ClCompile>
    <ClCompile Include="..\..\..\Source\Rendering\Abstraction\Vulkan\VulkanFence.cpp">
      <Filter>Rendering\Source\Abstraction\Vulkan</Filter>
    </ClCompile>
    <ClCompile Include="..\..\..\Source\Rendering\Abstraction\Vulkan\VulkanFramebuffer.cpp">
      <Filter>Rendering\Source\Abstraction\Vulkan</Filter>
    </ClCompile>
    <ClCompile Include="..\..\..\Source\Rendering\Abstraction\Vulkan\VulkanInstance.cpp">
      <Filter>Rendering\Source\Abstraction\Vulkan</Filter>
    </ClCompile>
    <ClCompile Include="..\..\..\Source\Rendering\Abstraction\Vulkan\VulkanInterface.cpp">
      <Filter>Rendering\Source\Abstraction\Vulkan</Filter>
    </ClCompile>
    <ClCompile Include="..\..\..\Source\Rendering\Abstraction\Vulkan\VulkanLogicalDevice.cpp">
      <Filter>Rendering\Source\Abstraction\Vulkan</Filter>
    </ClCompile>
    <ClCompile Include="..\..\..\Source\Rendering\Abstraction\Vulkan\VulkanPhysicalDevice.cpp">
      <Filter>Rendering\Source\Abstraction\Vulkan</Filter>
    </ClCompile>
    <ClCompile Include="..\..\..\Source\Rendering\Abstraction\Vulkan\VulkanQueue.cpp">
      <Filter>Rendering\Source\Abstraction\Vulkan</Filter>
    </ClCompile>
    <ClCompile Include="..\..\..\Source\Rendering\Abstraction\Vulkan\VulkanRenderPass.cpp">
      <Filter>Rendering\Source\Abstraction\Vulkan</Filter>
    </ClCompile>
    <ClCompile Include="..\..\..\Source\Rendering\Abstraction\Vulkan\VulkanRenderTarget.cpp">
      <Filter>Rendering\Source\Abstraction\Vulkan</Filter>
    </ClCompile>
    <ClCompile Include="..\..\..\Source\Rendering\Abstraction\Vulkan\VulkanSampler.cpp">
      <Filter>Rendering\Source\Abstraction\Vulkan</Filter>
    </ClCompile>
    <ClCompile Include="..\..\..\Source\Rendering\Abstraction\Vulkan\VulkanSemaphore.cpp">
      <Filter>Rendering\Source\Abstraction\Vulkan</Filter>
    </ClCompile>
    <ClCompile Include="..\..\..\Source\Rendering\Abstraction\Vulkan\VulkanShaderModule.cpp">
      <Filter>Rendering\Source\Abstraction\Vulkan</Filter>
    </ClCompile>
    <ClCompile Include="..\..\..\Source\Rendering\Native\Pipelines\GraphicsPipelines\GraphicsPipeline.cpp">
      <Filter>Rendering\Source\Native\Pipelines\Graphics Pipelines</Filter>
    </ClCompile>
    <ClCompile Include="..\..\..\Source\Rendering\Abstraction\Vulkan\VulkanGraphicsPipeline.cpp">
      <Filter>Rendering\Source\Abstraction\Vulkan</Filter>
    </ClCompile>
    <ClCompile Include="..\..\..\Source\Rendering\Abstraction\Vulkan\VulkanRayTracingPipeline.cpp">
      <Filter>Rendering\Source\Abstraction\Vulkan</Filter>
    </ClCompile>
    <ClCompile Include="..\..\..\Source\Rendering\Native\Pipelines\RayTracingPipelines\RayTracingPipeline.cpp">
      <Filter>Rendering\Source\Native\Pipelines\Ray Tracing Pipelines</Filter>
    </ClCompile>
    <ClCompile Include="..\..\..\Source\Rendering\Native\RenderPasses\ToneMappingRenderPass.cpp">
      <Filter>Rendering\Source\Native\Render Passes</Filter>
    </ClCompile>
    <ClCompile Include="..\..\..\Source\Rendering\Native\RenderPasses\RenderPass.cpp">
      <Filter>Rendering\Source\Native\Render Passes</Filter>
    </ClCompile>
    <ClCompile Include="..\..\..\Source\Rendering\Native\Pipelines\GraphicsPipelines\ToneMappingGraphicsPipeline.cpp">
      <Filter>Rendering\Source\Native\Pipelines\Graphics Pipelines</Filter>
    </ClCompile>
    <ClCompile Include="..\..\..\Source\Rendering\Native\Pipelines\Core\Pipeline.cpp">
      <Filter>Rendering\Source\Native\Pipelines\Core</Filter>
    </ClCompile>
    <ClCompile Include="..\..\..\Source\Rendering\Abstraction\Vulkan\VulkanCore.cpp">
      <Filter>Rendering\Source\Abstraction\Vulkan</Filter>
    </ClCompile>
    <ClCompile Include="..\..\..\Source\Rendering\Native\Pipelines\RayTracingPipelines\WorldRayTracingPipeline.cpp">
      <Filter>Rendering\Source\Native\Pipelines\Ray Tracing Pipelines</Filter>
    </ClCompile>
    <ClCompile Include="..\..\..\Source\Rendering\Abstraction\Vulkan\VulkanAccelerationStructure.cpp">
      <Filter>Rendering\Source\Abstraction\Vulkan</Filter>
    </ClCompile>
    <ClCompile Include="..\..\..\Source\Rendering\Abstraction\Vulkan\VulkanBuffer.cpp">
      <Filter>Rendering\Source\Abstraction\Vulkan</Filter>
    </ClCompile>
    <ClCompile Include="..\..\..\Source\Rendering\Native\RenderPasses\WorldRayTracingRenderPass.cpp">
      <Filter>Rendering\Source\Native\Render Passes</Filter>
    </ClCompile>
    <ClCompile Include="..\..\..\Source\Entities\Types\StaticModelEntity.cpp">
      <Filter>Entities\Source\Types</Filter>
    </ClCompile>
    <ClCompile Include="..\..\..\Source\Rendering\Native\Pipelines\GraphicsPipelines\RadianceIntegrationGraphicsPipeline.cpp">
      <Filter>Rendering\Source\Native\Pipelines\Graphics Pipelines</Filter>
    </ClCompile>
    <ClCompile Include="..\..\..\Source\Rendering\Native\RenderPasses\RadianceIntegrationRenderPass.cpp">
      <Filter>Rendering\Source\Native\Render Passes</Filter>
    </ClCompile>
    <ClCompile Include="..\..\..\Source\Entities\Types\LightEntity.cpp">
      <Filter>Entities\Source\Types</Filter>
    </ClCompile>
    <ClCompile Include="..\..\..\Source\Systems\UserInterfaceSystem.cpp">
      <Filter>Systems\Source</Filter>
    </ClCompile>
    <ClCompile Include="..\..\..\Source\Rendering\Native\Pipelines\GraphicsPipelines\MotionBlurGraphicsPipeline.cpp">
      <Filter>Rendering\Source\Native\Pipelines\Graphics Pipelines</Filter>
    </ClCompile>
    <ClCompile Include="..\..\..\Source\Rendering\Native\Pipelines\GraphicsPipelines\PostProcessingGraphicsPipeline.cpp">
      <Filter>Rendering\Source\Native\Pipelines\Graphics Pipelines</Filter>
    </ClCompile>
    <ClCompile Include="..\..\..\Source\Rendering\Native\RenderPasses\MotionBlurRenderPass.cpp">
      <Filter>Rendering\Source\Native\Render Passes</Filter>
    </ClCompile>
    <ClCompile Include="..\..\..\Source\Rendering\Native\RenderPasses\PostProcessingRenderPass.cpp">
      <Filter>Rendering\Source\Native\Render Passes</Filter>
    </ClCompile>
    <ClCompile Include="..\..\..\Source\Rendering\Abstraction\Vulkan\VulkanComputePipeline.cpp">
      <Filter>Rendering\Source\Abstraction\Vulkan</Filter>
    </ClCompile>
    <ClCompile Include="..\..\..\Source\Rendering\Native\Pipelines\ComputePipelines\ComputePipeline.cpp">
      <Filter>Rendering\Source\Native\Pipelines\Compute Pipelines</Filter>
    </ClCompile>
    <ClCompile Include="..\..\..\Source\Systems\LightingSystem.cpp">
      <Filter>Systems\Source</Filter>
    </ClCompile>
    <ClCompile Include="..\..\..\Source\Rendering\Native\RenderPasses\IndirectLightingDenoisingRenderPass.cpp">
      <Filter>Rendering\Source\Native\Render Passes</Filter>
    </ClCompile>
    <ClCompile Include="..\..\..\Source\Rendering\Native\LightingSystem.cpp">
      <Filter>Rendering\Source\Native</Filter>
    </ClCompile>
    <ClCompile Include="..\..\..\Source\Rendering\Native\ModelSystem.cpp">
      <Filter>Rendering\Source\Native</Filter>
    </ClCompile>
    <ClCompile Include="..\..\..\Source\Rendering\Native\Pipelines\GraphicsPipelines\UserInterfaceGraphicsPipeline.cpp">
      <Filter>Rendering\Source\Native\Pipelines\Graphics Pipelines</Filter>
    </ClCompile>
    <ClCompile Include="..\..\..\Source\Rendering\Native\RenderPasses\UserInterfaceRenderPass.cpp">
      <Filter>Rendering\Source\Native\Render Passes</Filter>
    </ClCompile>
    <ClCompile Include="..\..\..\Source\Rendering\Native\Pipelines\GraphicsPipelines\ScreenGraphicsPipeline.cpp">
      <Filter>Rendering\Source\Native\Pipelines\Graphics Pipelines</Filter>
    </ClCompile>
    <ClCompile Include="..\..\..\Source\Rendering\Native\RenderPasses\ScreenRenderPass.cpp">
      <Filter>Rendering\Source\Native\Render Passes</Filter>
    </ClCompile>
    <ClCompile Include="..\..\..\Source\Rendering\Native\Pipelines\GraphicsPipelines\DenoisingGraphicsPipeline.cpp">
      <Filter>Rendering\Source\Native\Pipelines\Graphics Pipelines</Filter>
    </ClCompile>
    <ClCompile Include="..\..\..\Source\Rendering\Native\RenderPasses\DenoisingRenderPass.cpp">
      <Filter>Rendering\Source\Native\Render Passes</Filter>
    </ClCompile>
    <ClCompile Include="..\..\..\Source\Rendering\Native\Pipelines\GraphicsPipelines\FireflyReductionGraphicsPipeline.cpp">
      <Filter>Rendering\Source\Native\Pipelines\Graphics Pipelines</Filter>
    </ClCompile>
    <ClCompile Include="..\..\..\Source\Rendering\Native\RenderPasses\FireflyReductionRenderPass.cpp">
      <Filter>Rendering\Source\Native\Render Passes</Filter>
    </ClCompile>
    <ClCompile Include="..\..\..\Source\Rendering\Native\Pipelines\GraphicsPipelines\VolumetricLightingDenoisingGraphicsPipeline.cpp">
      <Filter>Rendering\Source\Native\Pipelines\Graphics Pipelines</Filter>
    </ClCompile>
    <ClCompile Include="..\..\..\Source\Rendering\Native\Pipelines\GraphicsPipelines\TemporalAntiAliasingGraphicsPipeline.cpp">
      <Filter>Rendering\Source\Native\Pipelines\Graphics Pipelines</Filter>
    </ClCompile>
    <ClCompile Include="..\..\..\Source\Rendering\Native\RenderPasses\TemporalAntiAliasingRenderPass.cpp">
      <Filter>Rendering\Source\Native\Render Passes</Filter>
    </ClCompile>
    <ClCompile Include="..\..\..\Source\Rendering\Native\Pipelines\GraphicsPipelines\CompositingGraphicsPipeline.cpp">
      <Filter>Rendering\Source\Native\Pipelines\Graphics Pipelines</Filter>
    </ClCompile>
    <ClCompile Include="..\..\..\Source\Rendering\Native\RenderPasses\CompositingRenderPass.cpp">
      <Filter>Rendering\Source\Native\Render Passes</Filter>
    </ClCompile>
    <ClCompile Include="..\..\..\Source\Rendering\Native\Pipelines\GraphicsPipelines\FastApproximateAntiAliasingGraphicsPipeline.cpp">
      <Filter>Rendering\Source\Native\Pipelines\Graphics Pipelines</Filter>
    </ClCompile>
    <ClCompile Include="..\..\..\Source\Rendering\Native\RenderPasses\FastApproximateAntiAliasingRenderPass.cpp">
      <Filter>Rendering\Source\Native\Render Passes</Filter>
    </ClCompile>
    <ClCompile Include="..\..\..\Source\Rendering\Native\Pipelines\GraphicsPipelines\SceneFeaturesGraphicsPipeline.cpp">
      <Filter>Rendering\Source\Native\Pipelines\Graphics Pipelines</Filter>
    </ClCompile>
    <ClCompile Include="..\..\..\Source\Rendering\Native\RenderPasses\SceneFeaturesRenderPass.cpp">
      <Filter>Rendering\Source\Native\Render Passes</Filter>
    </ClCompile>
    <ClCompile Include="..\..\..\Source\Rendering\Native\Pipelines\GraphicsPipelines\ScreenSpaceSpecularIrradianceGraphicsPipeline.cpp">
      <Filter>Rendering\Source\Native\Pipelines\Graphics Pipelines</Filter>
    </ClCompile>
    <ClCompile Include="..\..\..\Source\Rendering\Native\RenderPasses\ScreenSpaceSpecularIrradianceRenderPass.cpp">
      <Filter>Rendering\Source\Native\Render Passes</Filter>
    </ClCompile>
    <ClCompile Include="..\..\..\Source\Rendering\Native\Pipelines\GraphicsPipelines\TemporalAccumulationGraphicsPipeline.cpp">
      <Filter>Rendering\Source\Native\Pipelines\Graphics Pipelines</Filter>
    </ClCompile>
    <ClCompile Include="..\..\..\Source\Rendering\Native\RenderPasses\TemporalAccumulationRenderPass.cpp">
      <Filter>Rendering\Source\Native\Render Passes</Filter>
    </ClCompile>
  </ItemGroup>
  <ItemGroup>
    <None Include="..\..\..\Include\Systems\EntitySystem.inl">
      <Filter>Systems\Inline</Filter>
    </None>
    <None Include="..\..\..\Include\Math\General\Vector.inl">
      <Filter>Math\Inline\General</Filter>
    </None>
  </ItemGroup>
</Project>