<?xml version="1.0" encoding="utf-8"?>
<Project ToolsVersion="4.0" xmlns="http://schemas.microsoft.com/developer/msbuild/2003">
  <ItemGroup>
    <Filter Include="Engine Source">
      <UniqueIdentifier>{fd18217c-4550-4c6c-8034-720d1f323abf}</UniqueIdentifier>
    </Filter>
    <Filter Include="Engine Source\Physics">
      <UniqueIdentifier>{c673b796-4e92-421a-b602-ae22d414f809}</UniqueIdentifier>
    </Filter>
    <Filter Include="Engine Source\Physics\Include">
      <UniqueIdentifier>{8df78e58-3591-4bc4-a09e-f3d7e07e1bc0}</UniqueIdentifier>
    </Filter>
    <Filter Include="Engine Source\Physics\Source">
      <UniqueIdentifier>{e2dd0868-3b9f-4f9c-96e9-06e68862c6f7}</UniqueIdentifier>
    </Filter>
    <Filter Include="Engine Source\Systems">
      <UniqueIdentifier>{64458dbd-80dd-4882-b8ef-ab9f8845a46c}</UniqueIdentifier>
    </Filter>
    <Filter Include="Engine Source\Systems\Include">
      <UniqueIdentifier>{6c52a593-97a8-4439-b19a-96f0c7029f3a}</UniqueIdentifier>
    </Filter>
    <Filter Include="Engine Source\Systems\Source">
      <UniqueIdentifier>{c754fbe3-dd2b-4ea1-9c0c-1378a4b97763}</UniqueIdentifier>
    </Filter>
    <Filter Include="Engine Source\Third Party Libraries">
      <UniqueIdentifier>{93e598e2-bab4-40b0-be6d-5fba77d3b3a2}</UniqueIdentifier>
    </Filter>
    <Filter Include="Engine Source\Third Party Libraries\Include">
      <UniqueIdentifier>{615a49d7-6f67-4c2a-a256-d897c82d3ef3}</UniqueIdentifier>
    </Filter>
    <Filter Include="Engine Source\Third Party Libraries\Source">
      <UniqueIdentifier>{41fea4b3-9a29-4895-b004-0f66d9bd257b}</UniqueIdentifier>
    </Filter>
    <Filter Include="Engine Source\Math">
      <UniqueIdentifier>{cf8d8810-6661-425a-887a-dc305c551efe}</UniqueIdentifier>
    </Filter>
    <Filter Include="Engine Source\Math\Include">
      <UniqueIdentifier>{0995f1a6-779f-4b33-b400-fcbb8208e7ca}</UniqueIdentifier>
    </Filter>
    <Filter Include="Engine Source\Math\Source">
      <UniqueIdentifier>{39d2324c-a7f2-4664-ad37-023ff79fec5a}</UniqueIdentifier>
    </Filter>
    <Filter Include="Engine Source\Input">
      <UniqueIdentifier>{343742b8-db1e-419c-ae11-04a300ad56e4}</UniqueIdentifier>
    </Filter>
    <Filter Include="Engine Source\Input\Include">
      <UniqueIdentifier>{b2aeccaf-adbe-4890-a628-fca792e72b61}</UniqueIdentifier>
    </Filter>
    <Filter Include="Engine Source\Input\Source">
      <UniqueIdentifier>{f48d86e1-c052-4eae-b569-a9dd116104af}</UniqueIdentifier>
    </Filter>
    <Filter Include="Engine Source\Graphics">
      <UniqueIdentifier>{8d58644d-7c39-4edf-b34f-7b9ed15b96b7}</UniqueIdentifier>
    </Filter>
    <Filter Include="Engine Source\Graphics\Include">
      <UniqueIdentifier>{c6b63428-90d2-4d57-bd58-4cbb452a8456}</UniqueIdentifier>
    </Filter>
    <Filter Include="Engine Source\Graphics\Source">
      <UniqueIdentifier>{048af039-190e-4218-a404-d1bd9638c843}</UniqueIdentifier>
    </Filter>
    <Filter Include="Engine Source\Entities">
      <UniqueIdentifier>{266f8d82-5249-46ce-ba22-46dac00c3df2}</UniqueIdentifier>
    </Filter>
    <Filter Include="Engine Source\Entities\Include">
      <UniqueIdentifier>{5dbec024-de70-4e82-8c53-d66db66c976e}</UniqueIdentifier>
    </Filter>
    <Filter Include="Engine Source\Entities\Source">
      <UniqueIdentifier>{0ad13929-e211-48e2-a630-67c75abc1b65}</UniqueIdentifier>
    </Filter>
    <Filter Include="Engine Source\Engine Core">
      <UniqueIdentifier>{3c6f6c1c-7986-4aae-9c08-aba06987778e}</UniqueIdentifier>
    </Filter>
    <Filter Include="Engine Source\Engine Core\Include">
      <UniqueIdentifier>{06059013-eec2-4322-8406-0fda2a7f1294}</UniqueIdentifier>
    </Filter>
    <Filter Include="Engine Source\Engine Core\Source">
      <UniqueIdentifier>{5975d034-e5c3-46c4-a5a6-e97d27987162}</UniqueIdentifier>
    </Filter>
    <Filter Include="Game Source">
      <UniqueIdentifier>{4b2bdebd-8fe1-4a17-892a-40026069a15d}</UniqueIdentifier>
    </Filter>
    <Filter Include="Game Source\Clairvoyant">
      <UniqueIdentifier>{21a7cd9c-c6b9-441d-88d7-44de6786b602}</UniqueIdentifier>
    </Filter>
    <Filter Include="Engine Source\Vulkan">
      <UniqueIdentifier>{19d0a991-298d-4745-83fa-a2a954846b5b}</UniqueIdentifier>
    </Filter>
    <Filter Include="Engine Source\Vulkan\Include">
      <UniqueIdentifier>{f31f760f-8536-46a2-98c2-f084181c4448}</UniqueIdentifier>
    </Filter>
    <Filter Include="Engine Source\Vulkan\Source">
      <UniqueIdentifier>{a40ef730-a890-462c-bad7-851eaff7a306}</UniqueIdentifier>
    </Filter>
    <Filter Include="Engine Source\Multithreading">
      <UniqueIdentifier>{6f861fff-160b-4472-8e54-32367fb935eb}</UniqueIdentifier>
    </Filter>
    <Filter Include="Engine Source\Multithreading\Include">
      <UniqueIdentifier>{e9af8be4-a30a-42c9-9237-179896954e4a}</UniqueIdentifier>
    </Filter>
    <Filter Include="Engine Source\Multithreading\Source">
      <UniqueIdentifier>{23da2b86-f779-4e29-a46b-8756fee37cee}</UniqueIdentifier>
    </Filter>
    <Filter Include="Engine Source\Tools">
      <UniqueIdentifier>{7c69f11b-57cf-4a49-a88b-02c62eaa0ccf}</UniqueIdentifier>
    </Filter>
    <Filter Include="Engine Source\Tools\Include">
      <UniqueIdentifier>{86627292-891b-4966-9118-dfd47c03564f}</UniqueIdentifier>
    </Filter>
    <Filter Include="Engine Source\Tools\Source">
      <UniqueIdentifier>{9fd7695f-5c68-4195-b021-160c58dbe058}</UniqueIdentifier>
    </Filter>
    <Filter Include="Engine Source\Components">
      <UniqueIdentifier>{db93f27b-1370-4ec1-b3af-0b487626ed46}</UniqueIdentifier>
    </Filter>
    <Filter Include="Engine Source\Components\Include">
      <UniqueIdentifier>{bd04b2e5-e08d-46ac-993a-519a23b75519}</UniqueIdentifier>
    </Filter>
    <Filter Include="Engine Source\Components\Source">
      <UniqueIdentifier>{1f5d281b-14ed-420d-bda8-c9c606bb85fa}</UniqueIdentifier>
    </Filter>
    <Filter Include="Engine Source\Systems\Inline">
      <UniqueIdentifier>{c629e6a5-f067-4b77-ab7d-8c27fb807ef6}</UniqueIdentifier>
    </Filter>
  </ItemGroup>
  <ItemGroup>
    <ClCompile Include="..\..\Engine Source\Engine Core\Source\Main.cpp">
      <Filter>Engine Source\Engine Core\Source</Filter>
    </ClCompile>
    <ClCompile Include="..\..\Engine Source\Systems\Source\GraphicsSystem.cpp">
      <Filter>Engine Source\Systems\Source</Filter>
    </ClCompile>
    <ClCompile Include="..\..\Engine Source\Systems\Source\EngineSystem.cpp">
      <Filter>Engine Source\Systems\Source</Filter>
    </ClCompile>
    <ClCompile Include="..\..\Engine Source\Graphics\Source\Window.cpp">
      <Filter>Engine Source\Graphics\Source</Filter>
    </ClCompile>
    <ClCompile Include="..\..\Engine Source\Math\Source\GameMath.cpp">
      <Filter>Engine Source\Math\Source</Filter>
    </ClCompile>
    <ClCompile Include="..\..\Engine Source\Math\Source\Matrix3.cpp">
      <Filter>Engine Source\Math\Source</Filter>
    </ClCompile>
    <ClCompile Include="..\..\Engine Source\Math\Source\Matrix4.cpp">
      <Filter>Engine Source\Math\Source</Filter>
    </ClCompile>
    <ClCompile Include="..\..\Engine Source\Math\Source\Vector2.cpp">
      <Filter>Engine Source\Math\Source</Filter>
    </ClCompile>
    <ClCompile Include="..\..\Engine Source\Math\Source\Vector3.cpp">
      <Filter>Engine Source\Math\Source</Filter>
    </ClCompile>
    <ClCompile Include="..\..\Engine Source\Math\Source\Vector4.cpp">
      <Filter>Engine Source\Math\Source</Filter>
    </ClCompile>
    <ClCompile Include="..\..\Engine Source\Graphics\Source\Vertex.cpp">
      <Filter>Engine Source\Graphics\Source</Filter>
    </ClCompile>
    <ClCompile Include="..\..\Engine Source\Systems\Source\InputSystem.cpp">
      <Filter>Engine Source\Systems\Source</Filter>
    </ClCompile>
    <ClCompile Include="..\..\Engine Source\Entities\Source\Entity.cpp">
      <Filter>Engine Source\Entities\Source</Filter>
    </ClCompile>
    <ClCompile Include="..\..\Engine Source\Entities\Source\CameraEntity.cpp">
      <Filter>Engine Source\Entities\Source</Filter>
    </ClCompile>
    <ClCompile Include="..\..\Game Source\Source\ClairvoyantGameSystem.cpp">
      <Filter>Game Source\Clairvoyant</Filter>
    </ClCompile>
    <ClCompile Include="..\..\Game Source\Source\ClairvoyantPlayer.cpp">
      <Filter>Game Source\Clairvoyant</Filter>
    </ClCompile>
    <ClCompile Include="..\..\Engine Source\Systems\Source\EntitySystem.cpp">
      <Filter>Engine Source\Systems\Source</Filter>
    </ClCompile>
    <ClCompile Include="..\..\Engine Source\Entities\Source\PhysicalEntity.cpp">
      <Filter>Engine Source\Entities\Source</Filter>
    </ClCompile>
    <ClCompile Include="..\..\Engine Source\Graphics\Source\PhysicalMaterial.cpp">
      <Filter>Engine Source\Graphics\Source</Filter>
    </ClCompile>
    <ClCompile Include="..\..\Engine Source\Graphics\Source\PhysicalModel.cpp">
      <Filter>Engine Source\Graphics\Source</Filter>
    </ClCompile>
    <ClCompile Include="..\..\Game Source\Source\WorldArchitect.cpp">
      <Filter>Game Source\Clairvoyant</Filter>
    </ClCompile>
    <ClCompile Include="..\..\Engine Source\Entities\Source\PointLightEntity.cpp">
      <Filter>Engine Source\Entities\Source</Filter>
    </ClCompile>
    <ClCompile Include="..\..\Engine Source\Vulkan\Source\VulkanCommandBuffer.cpp">
      <Filter>Engine Source\Vulkan\Source</Filter>
    </ClCompile>
    <ClCompile Include="..\..\Engine Source\Vulkan\Source\VulkanCommandPool.cpp">
      <Filter>Engine Source\Vulkan\Source</Filter>
    </ClCompile>
    <ClCompile Include="..\..\Engine Source\Vulkan\Source\VulkanDepthBuffer.cpp">
      <Filter>Engine Source\Vulkan\Source</Filter>
    </ClCompile>
    <ClCompile Include="..\..\Engine Source\Vulkan\Source\VulkanDescriptorPool.cpp">
      <Filter>Engine Source\Vulkan\Source</Filter>
    </ClCompile>
    <ClCompile Include="..\..\Engine Source\Vulkan\Source\VulkanDescriptorSet.cpp">
      <Filter>Engine Source\Vulkan\Source</Filter>
    </ClCompile>
    <ClCompile Include="..\..\Engine Source\Vulkan\Source\VulkanDescriptorSetLayout.cpp">
      <Filter>Engine Source\Vulkan\Source</Filter>
    </ClCompile>
    <ClCompile Include="..\..\Engine Source\Vulkan\Source\VulkanFramebuffer.cpp">
      <Filter>Engine Source\Vulkan\Source</Filter>
    </ClCompile>
    <ClCompile Include="..\..\Engine Source\Vulkan\Source\VulkanIndexBuffer.cpp">
      <Filter>Engine Source\Vulkan\Source</Filter>
    </ClCompile>
    <ClCompile Include="..\..\Engine Source\Vulkan\Source\VulkanInstance.cpp">
      <Filter>Engine Source\Vulkan\Source</Filter>
    </ClCompile>
    <ClCompile Include="..\..\Engine Source\Vulkan\Source\VulkanInterface.cpp">
      <Filter>Engine Source\Vulkan\Source</Filter>
    </ClCompile>
    <ClCompile Include="..\..\Engine Source\Vulkan\Source\VulkanLogicalDevice.cpp">
      <Filter>Engine Source\Vulkan\Source</Filter>
    </ClCompile>
    <ClCompile Include="..\..\Engine Source\Vulkan\Source\VulkanPhysicalDevice.cpp">
      <Filter>Engine Source\Vulkan\Source</Filter>
    </ClCompile>
    <ClCompile Include="..\..\Engine Source\Vulkan\Source\VulkanPipeline.cpp">
      <Filter>Engine Source\Vulkan\Source</Filter>
    </ClCompile>
    <ClCompile Include="..\..\Engine Source\Vulkan\Source\VulkanQueue.cpp">
      <Filter>Engine Source\Vulkan\Source</Filter>
    </ClCompile>
    <ClCompile Include="..\..\Engine Source\Vulkan\Source\VulkanRenderPass.cpp">
      <Filter>Engine Source\Vulkan\Source</Filter>
    </ClCompile>
    <ClCompile Include="..\..\Engine Source\Vulkan\Source\VulkanSemaphore.cpp">
      <Filter>Engine Source\Vulkan\Source</Filter>
    </ClCompile>
    <ClCompile Include="..\..\Engine Source\Vulkan\Source\VulkanShaderModule.cpp">
      <Filter>Engine Source\Vulkan\Source</Filter>
    </ClCompile>
    <ClCompile Include="..\..\Engine Source\Vulkan\Source\VulkanSurface.cpp">
      <Filter>Engine Source\Vulkan\Source</Filter>
    </ClCompile>
    <ClCompile Include="..\..\Engine Source\Vulkan\Source\VulkanSwapChain.cpp">
      <Filter>Engine Source\Vulkan\Source</Filter>
    </ClCompile>
    <ClCompile Include="..\..\Engine Source\Vulkan\Source\VulkanUniformBuffer.cpp">
      <Filter>Engine Source\Vulkan\Source</Filter>
    </ClCompile>
    <ClCompile Include="..\..\Engine Source\Vulkan\Source\VulkanVertexBuffer.cpp">
      <Filter>Engine Source\Vulkan\Source</Filter>
    </ClCompile>
    <ClCompile Include="..\..\Engine Source\Entities\Source\SpotLightEntity.cpp">
      <Filter>Engine Source\Entities\Source</Filter>
    </ClCompile>
    <ClCompile Include="..\..\Engine Source\Vulkan\Source\VulkanAllocator.cpp">
      <Filter>Engine Source\Vulkan\Source</Filter>
    </ClCompile>
    <ClCompile Include="..\..\Engine Source\Systems\Source\QuestSystem.cpp">
      <Filter>Engine Source\Systems\Source</Filter>
    </ClCompile>
    <ClCompile Include="..\..\Engine Source\Vulkan\Source\VulkanFence.cpp">
      <Filter>Engine Source\Vulkan\Source</Filter>
    </ClCompile>
    <ClCompile Include="..\..\Engine Source\Multithreading\Source\DailyQuest.cpp">
      <Filter>Engine Source\Multithreading\Source</Filter>
    </ClCompile>
    <ClCompile Include="..\..\Engine Source\Multithreading\Source\DailyGroupQuest.cpp">
      <Filter>Engine Source\Multithreading\Source</Filter>
    </ClCompile>
    <ClCompile Include="..\..\Engine Source\Vulkan\Source\Vulkan2DTexture.cpp">
      <Filter>Engine Source\Vulkan\Source</Filter>
    </ClCompile>
    <ClCompile Include="..\..\Engine Source\Systems\Source\PhysicsSystem.cpp">
      <Filter>Engine Source\Systems\Source</Filter>
    </ClCompile>
    <ClCompile Include="..\..\Game Source\Include\EntitySpawner.cpp">
      <Filter>Game Source\Clairvoyant</Filter>
    </ClCompile>
    <ClCompile Include="..\..\Engine Source\Vulkan\Source\VulkanRenderTarget.cpp">
      <Filter>Engine Source\Vulkan\Source</Filter>
    </ClCompile>
    <ClCompile Include="..\..\Engine Source\Vulkan\Source\VulkanCubeMapTexture.cpp">
      <Filter>Engine Source\Vulkan\Source</Filter>
    </ClCompile>
    <ClCompile Include="..\..\Engine Source\Components\Source\ComponentManager.cpp">
      <Filter>Engine Source\Components\Source</Filter>
    </ClCompile>
  </ItemGroup>
  <ItemGroup>
    <ClInclude Include="..\..\Engine Source\Systems\Include\GraphicsSystem.h">
      <Filter>Engine Source\Systems\Include</Filter>
    </ClInclude>
    <ClInclude Include="..\..\Engine Source\Engine Core\Include\EngineCore.h">
      <Filter>Engine Source\Engine Core\Include</Filter>
    </ClInclude>
    <ClInclude Include="..\..\Engine Source\Systems\Include\EngineSystem.h">
      <Filter>Engine Source\Systems\Include</Filter>
    </ClInclude>
    <ClInclude Include="..\..\Engine Source\Graphics\Include\Window.h">
      <Filter>Engine Source\Graphics\Include</Filter>
    </ClInclude>
    <ClInclude Include="..\..\Engine Source\Math\Include\GameMath.h">
      <Filter>Engine Source\Math\Include</Filter>
    </ClInclude>
    <ClInclude Include="..\..\Engine Source\Graphics\Include\ShaderLoader.h">
      <Filter>Engine Source\Graphics\Include</Filter>
    </ClInclude>
    <ClInclude Include="..\..\Engine Source\Math\Include\Matrix3.h">
      <Filter>Engine Source\Math\Include</Filter>
    </ClInclude>
    <ClInclude Include="..\..\Engine Source\Math\Include\Matrix4.h">
      <Filter>Engine Source\Math\Include</Filter>
    </ClInclude>
    <ClInclude Include="..\..\Engine Source\Math\Include\Vector2.h">
      <Filter>Engine Source\Math\Include</Filter>
    </ClInclude>
    <ClInclude Include="..\..\Engine Source\Math\Include\Vector3.h">
      <Filter>Engine Source\Math\Include</Filter>
    </ClInclude>
    <ClInclude Include="..\..\Engine Source\Math\Include\Vector4.h">
      <Filter>Engine Source\Math\Include</Filter>
    </ClInclude>
    <ClInclude Include="..\..\Engine Source\Graphics\Include\Vertex.h">
      <Filter>Engine Source\Graphics\Include</Filter>
    </ClInclude>
    <ClInclude Include="..\..\Engine Source\Systems\Include\InputSystem.h">
      <Filter>Engine Source\Systems\Include</Filter>
    </ClInclude>
    <ClInclude Include="..\..\Engine Source\Input\Include\GamepadState.h">
      <Filter>Engine Source\Input\Include</Filter>
    </ClInclude>
    <ClInclude Include="..\..\Engine Source\Input\Include\InputUtilities.h">
      <Filter>Engine Source\Input\Include</Filter>
    </ClInclude>
    <ClInclude Include="..\..\Engine Source\Entities\Include\Entity.h">
      <Filter>Engine Source\Entities\Include</Filter>
    </ClInclude>
    <ClInclude Include="..\..\Engine Source\Entities\Include\CameraEntity.h">
      <Filter>Engine Source\Entities\Include</Filter>
    </ClInclude>
    <ClInclude Include="..\..\Engine Source\Physics\Include\PhysicalConstants.h">
      <Filter>Engine Source\Physics\Include</Filter>
    </ClInclude>
    <ClInclude Include="..\..\Engine Source\Math\Include\MathematicalConstants.h">
      <Filter>Engine Source\Math\Include</Filter>
    </ClInclude>
    <ClInclude Include="..\..\Engine Source\Graphics\Include\DynamicUniformData.h">
      <Filter>Engine Source\Graphics\Include</Filter>
    </ClInclude>
    <ClInclude Include="..\..\Engine Source\Engine Core\Include\ProjectSettings.h">
      <Filter>Engine Source\Engine Core\Include</Filter>
    </ClInclude>
    <ClInclude Include="..\..\Game Source\Include\ClairvoyantGameSystem.h">
      <Filter>Game Source\Clairvoyant</Filter>
    </ClInclude>
    <ClInclude Include="..\..\Game Source\Include\ClairvoyantPlayer.h">
      <Filter>Game Source\Clairvoyant</Filter>
    </ClInclude>
    <ClInclude Include="..\..\Engine Source\Systems\Include\EntitySystem.h">
      <Filter>Engine Source\Systems\Include</Filter>
    </ClInclude>
    <ClInclude Include="..\..\Engine Source\Graphics\Include\ModelLoader.h">
      <Filter>Engine Source\Graphics\Include</Filter>
    </ClInclude>
    <ClInclude Include="..\..\Engine Source\Graphics\Include\TextureLoader.h">
      <Filter>Engine Source\Graphics\Include</Filter>
    </ClInclude>
    <ClInclude Include="..\..\Engine Source\Entities\Include\PhysicalEntity.h">
      <Filter>Engine Source\Entities\Include</Filter>
    </ClInclude>
    <ClInclude Include="..\..\Engine Source\Graphics\Include\PhysicalMaterial.h">
      <Filter>Engine Source\Graphics\Include</Filter>
    </ClInclude>
    <ClInclude Include="..\..\Engine Source\Graphics\Include\PhysicalModel.h">
      <Filter>Engine Source\Graphics\Include</Filter>
    </ClInclude>
    <ClInclude Include="..\..\Game Source\Include\WorldArchitect.h">
      <Filter>Game Source\Clairvoyant</Filter>
    </ClInclude>
    <ClInclude Include="..\..\Engine Source\Entities\Include\PointLightEntity.h">
      <Filter>Engine Source\Entities\Include</Filter>
    </ClInclude>
    <ClInclude Include="..\..\Engine Source\Vulkan\Include\VulkanCommandBuffer.h">
      <Filter>Engine Source\Vulkan\Include</Filter>
    </ClInclude>
    <ClInclude Include="..\..\Engine Source\Vulkan\Include\VulkanCommandPool.h">
      <Filter>Engine Source\Vulkan\Include</Filter>
    </ClInclude>
    <ClInclude Include="..\..\Engine Source\Vulkan\Include\VulkanDepthBuffer.h">
      <Filter>Engine Source\Vulkan\Include</Filter>
    </ClInclude>
    <ClInclude Include="..\..\Engine Source\Vulkan\Include\VulkanDescriptorPool.h">
      <Filter>Engine Source\Vulkan\Include</Filter>
    </ClInclude>
    <ClInclude Include="..\..\Engine Source\Vulkan\Include\VulkanDescriptorSet.h">
      <Filter>Engine Source\Vulkan\Include</Filter>
    </ClInclude>
    <ClInclude Include="..\..\Engine Source\Vulkan\Include\VulkanDescriptorSetLayout.h">
      <Filter>Engine Source\Vulkan\Include</Filter>
    </ClInclude>
    <ClInclude Include="..\..\Engine Source\Vulkan\Include\VulkanFramebuffer.h">
      <Filter>Engine Source\Vulkan\Include</Filter>
    </ClInclude>
    <ClInclude Include="..\..\Engine Source\Vulkan\Include\VulkanIndexBuffer.h">
      <Filter>Engine Source\Vulkan\Include</Filter>
    </ClInclude>
    <ClInclude Include="..\..\Engine Source\Vulkan\Include\VulkanInstance.h">
      <Filter>Engine Source\Vulkan\Include</Filter>
    </ClInclude>
    <ClInclude Include="..\..\Engine Source\Vulkan\Include\VulkanInterface.h">
      <Filter>Engine Source\Vulkan\Include</Filter>
    </ClInclude>
    <ClInclude Include="..\..\Engine Source\Vulkan\Include\VulkanLogicalDevice.h">
      <Filter>Engine Source\Vulkan\Include</Filter>
    </ClInclude>
    <ClInclude Include="..\..\Engine Source\Vulkan\Include\VulkanPhysicalDevice.h">
      <Filter>Engine Source\Vulkan\Include</Filter>
    </ClInclude>
    <ClInclude Include="..\..\Engine Source\Vulkan\Include\VulkanPipeline.h">
      <Filter>Engine Source\Vulkan\Include</Filter>
    </ClInclude>
    <ClInclude Include="..\..\Engine Source\Vulkan\Include\VulkanPipelineCreationParameters.h">
      <Filter>Engine Source\Vulkan\Include</Filter>
    </ClInclude>
    <ClInclude Include="..\..\Engine Source\Vulkan\Include\VulkanQueue.h">
      <Filter>Engine Source\Vulkan\Include</Filter>
    </ClInclude>
    <ClInclude Include="..\..\Engine Source\Vulkan\Include\VulkanRenderPass.h">
      <Filter>Engine Source\Vulkan\Include</Filter>
    </ClInclude>
    <ClInclude Include="..\..\Engine Source\Vulkan\Include\VulkanSemaphore.h">
      <Filter>Engine Source\Vulkan\Include</Filter>
    </ClInclude>
    <ClInclude Include="..\..\Engine Source\Vulkan\Include\VulkanShaderModule.h">
      <Filter>Engine Source\Vulkan\Include</Filter>
    </ClInclude>
    <ClInclude Include="..\..\Engine Source\Vulkan\Include\VulkanSurface.h">
      <Filter>Engine Source\Vulkan\Include</Filter>
    </ClInclude>
    <ClInclude Include="..\..\Engine Source\Vulkan\Include\VulkanSwapChain.h">
      <Filter>Engine Source\Vulkan\Include</Filter>
    </ClInclude>
    <ClInclude Include="..\..\Engine Source\Vulkan\Include\VulkanUniformBuffer.h">
      <Filter>Engine Source\Vulkan\Include</Filter>
    </ClInclude>
    <ClInclude Include="..\..\Engine Source\Vulkan\Include\VulkanUtilities.h">
      <Filter>Engine Source\Vulkan\Include</Filter>
    </ClInclude>
    <ClInclude Include="..\..\Engine Source\Vulkan\Include\VulkanVertexBuffer.h">
      <Filter>Engine Source\Vulkan\Include</Filter>
    </ClInclude>
    <ClInclude Include="..\..\Engine Source\Entities\Include\SpotLightEntity.h">
      <Filter>Engine Source\Entities\Include</Filter>
    </ClInclude>
    <ClInclude Include="..\..\Engine Source\Vulkan\Include\VulkanAllocator.h">
      <Filter>Engine Source\Vulkan\Include</Filter>
    </ClInclude>
    <ClInclude Include="..\..\Engine Source\Vulkan\Include\VulkanAllocation.h">
      <Filter>Engine Source\Vulkan\Include</Filter>
    </ClInclude>
    <ClInclude Include="..\..\Engine Source\Multithreading\Include\AtomicQueue.h">
      <Filter>Engine Source\Multithreading\Include</Filter>
    </ClInclude>
    <ClInclude Include="..\..\Engine Source\Systems\Include\QuestSystem.h">
      <Filter>Engine Source\Systems\Include</Filter>
    </ClInclude>
    <ClInclude Include="..\..\Engine Source\Multithreading\Include\MultithreadedResource.h">
      <Filter>Engine Source\Multithreading\Include</Filter>
    </ClInclude>
    <ClInclude Include="..\..\Engine Source\Graphics\Include\GraphicsUtilities.h">
      <Filter>Engine Source\Graphics\Include</Filter>
    </ClInclude>
    <ClInclude Include="..\..\Engine Source\Engine Core\Include\DynamicArray.h">
      <Filter>Engine Source\Engine Core\Include</Filter>
    </ClInclude>
    <ClInclude Include="..\..\Engine Source\Engine Core\Include\UniquePointer.h">
      <Filter>Engine Source\Engine Core\Include</Filter>
    </ClInclude>
    <ClInclude Include="..\..\Engine Source\Tools\Include\MicroBenchmarker.h">
      <Filter>Engine Source\Tools\Include</Filter>
    </ClInclude>
    <ClInclude Include="..\..\Engine Source\Engine Core\Include\StaticArray.h">
      <Filter>Engine Source\Engine Core\Include</Filter>
    </ClInclude>
    <ClInclude Include="..\..\Engine Source\Vulkan\Include\VulkanCore.h">
      <Filter>Engine Source\Vulkan\Include</Filter>
    </ClInclude>
    <ClInclude Include="..\..\Engine Source\Multithreading\Include\Semaphore.h">
      <Filter>Engine Source\Multithreading\Include</Filter>
    </ClInclude>
    <ClInclude Include="..\..\Engine Source\Multithreading\Include\Threadlock.h">
      <Filter>Engine Source\Multithreading\Include</Filter>
    </ClInclude>
    <ClInclude Include="..\..\Engine Source\Multithreading\Include\Spinlock.h">
      <Filter>Engine Source\Multithreading\Include</Filter>
    </ClInclude>
    <ClInclude Include="..\..\Engine Source\Engine Core\Include\BitField.h">
      <Filter>Engine Source\Engine Core\Include</Filter>
    </ClInclude>
    <ClInclude Include="..\..\Engine Source\Engine Core\Include\Optional.h">
      <Filter>Engine Source\Engine Core\Include</Filter>
    </ClInclude>
    <ClInclude Include="..\..\Engine Source\Vulkan\Include\VulkanFence.h">
      <Filter>Engine Source\Vulkan\Include</Filter>
    </ClInclude>
    <ClInclude Include="..\..\Engine Source\Engine Core\Include\DynamicString.h">
      <Filter>Engine Source\Engine Core\Include</Filter>
    </ClInclude>
    <ClInclude Include="..\..\Engine Source\Engine Core\Include\MemoryUtilities.h">
      <Filter>Engine Source\Engine Core\Include</Filter>
    </ClInclude>
    <ClInclude Include="..\..\Engine Source\Engine Core\Include\CoreDefines.h">
      <Filter>Engine Source\Engine Core\Include</Filter>
    </ClInclude>
    <ClInclude Include="..\..\Engine Source\Engine Core\Include\CoreTypeAliases.h">
      <Filter>Engine Source\Engine Core\Include</Filter>
    </ClInclude>
    <ClInclude Include="..\..\Engine Source\Engine Core\Include\CoreMacros.h">
      <Filter>Engine Source\Engine Core\Include</Filter>
    </ClInclude>
    <ClInclude Include="..\..\Engine Source\Engine Core\Include\SharedPointer.h">
      <Filter>Engine Source\Engine Core\Include</Filter>
    </ClInclude>
    <ClInclude Include="..\..\Engine Source\Input\Include\InputConstants.h">
      <Filter>Engine Source\Input\Include</Filter>
    </ClInclude>
    <ClInclude Include="..\..\Engine Source\Input\Include\KeyboardState.h">
      <Filter>Engine Source\Input\Include</Filter>
    </ClInclude>
    <ClInclude Include="..\..\Engine Source\Multithreading\Include\DailyQuest.h">
      <Filter>Engine Source\Multithreading\Include</Filter>
    </ClInclude>
    <ClInclude Include="..\..\Engine Source\Multithreading\Include\DailyGroupQuest.h">
      <Filter>Engine Source\Multithreading\Include</Filter>
    </ClInclude>
    <ClInclude Include="..\..\Engine Source\Multithreading\Include\ScopedLock.h">
      <Filter>Engine Source\Multithreading\Include</Filter>
    </ClInclude>
    <ClInclude Include="..\..\Engine Source\Vulkan\Include\Vulkan2DTexture.h">
      <Filter>Engine Source\Vulkan\Include</Filter>
    </ClInclude>
    <ClInclude Include="..\..\Engine Source\Systems\Include\PhysicsSystem.h">
      <Filter>Engine Source\Systems\Include</Filter>
    </ClInclude>
    <ClInclude Include="..\..\Engine Source\Engine Core\Include\Pair.h">
      <Filter>Engine Source\Engine Core\Include</Filter>
    </ClInclude>
    <ClInclude Include="..\..\Engine Source\Engine Core\Include\Map.h">
      <Filter>Engine Source\Engine Core\Include</Filter>
    </ClInclude>
    <ClInclude Include="..\..\Game Source\Include\EntitySpawner.h">
      <Filter>Game Source\Clairvoyant</Filter>
    </ClInclude>
    <ClInclude Include="..\..\Engine Source\Math\Include\PerlinNoiseGenerator.h">
      <Filter>Engine Source\Math\Include</Filter>
    </ClInclude>
    <ClInclude Include="..\..\Engine Source\Vulkan\Include\VulkanRenderTarget.h">
      <Filter>Engine Source\Vulkan\Include</Filter>
    </ClInclude>
    <ClInclude Include="..\..\Engine Source\Vulkan\Include\VulkanCubeMapTexture.h">
      <Filter>Engine Source\Vulkan\Include</Filter>
    </ClInclude>
    <ClInclude Include="..\..\Engine Source\Graphics\Include\PostProcessingUniformData.h">
      <Filter>Engine Source\Graphics\Include</Filter>
    </ClInclude>
    <ClInclude Include="..\..\Engine Source\Components\Include\PhysicalGraphicsComponent.h">
      <Filter>Engine Source\Components\Include</Filter>
    </ClInclude>
    <ClInclude Include="..\..\Engine Source\Components\Include\ComponentManager.h">
      <Filter>Engine Source\Components\Include</Filter>
    </ClInclude>
    <ClInclude Include="..\..\Engine Source\Components\Include\TransformComponent.h">
      <Filter>Engine Source\Components\Include</Filter>
    </ClInclude>
    <ClInclude Include="..\..\Engine Source\Components\Include\FrustumCullingComponent.h">
      <Filter>Engine Source\Components\Include</Filter>
    </ClInclude>
    <ClInclude Include="..\..\Engine Source\Components\Include\PointLightComponent.h">
      <Filter>Engine Source\Components\Include</Filter>
    </ClInclude>
    <ClInclude Include="..\..\Engine Source\Components\Include\CameraComponent.h">
      <Filter>Engine Source\Components\Include</Filter>
    </ClInclude>
    <ClInclude Include="..\..\Engine Source\Components\Include\SpotLightComponent.h">
      <Filter>Engine Source\Components\Include</Filter>
    </ClInclude>
  </ItemGroup>
  <ItemGroup>
    <None Include="..\..\Engine Source\Systems\Inline\EntitySystem.inl">
      <Filter>Engine Source\Systems\Inline</Filter>
    </None>
  </ItemGroup>
</Project>