<?xml version="1.0" encoding="utf-8"?>
<Project ToolsVersion="4.0" xmlns="http://schemas.microsoft.com/developer/msbuild/2003">
  <ItemGroup>
    <Filter Include="Source Files">
      <UniqueIdentifier>{4FC737F1-C7A5-4376-A066-2A32D752A2FF}</UniqueIdentifier>
      <Extensions>cpp;c;cc;cxx;c++;cppm;ixx;def;odl;idl;hpj;bat;asm;asmx</Extensions>
    </Filter>
  </ItemGroup>
  <ItemGroup>
    <ClCompile Include="Main.cpp">
      <Filter>Source Files</Filter>
    </ClCompile>
    <ClCompile Include="EnumerationGenerator.cpp">
      <Filter>Source Files</Filter>
    </ClCompile>
    <ClCompile Include="ScriptGenerator.cpp">
      <Filter>Source Files</Filter>
    </ClCompile>
    <ClCompile Include="CatalystCodeGenerator.cpp">
      <Filter>Source Files</Filter>
    </ClCompile>
    <ClCompile Include="ComponentGenerator.cpp">
      <Filter>Source Files</Filter>
    </ClCompile>
    <ClCompile Include="SettingsGenerator.cpp">
      <Filter>Source Files</Filter>
    </ClCompile>
    <ClCompile Include="SystemGenerator.cpp">
      <Filter>Source Files</Filter>
    </ClCompile>
  </ItemGroup>
  <ItemGroup>
    <ClInclude Include="EnumerationGenerator.h">
      <Filter>Source Files</Filter>
    </ClInclude>
    <ClInclude Include="ScriptGenerator.h">
      <Filter>Source Files</Filter>
    </ClInclude>
    <ClInclude Include="CatalystCodeGenerator.h">
      <Filter>Source Files</Filter>
    </ClInclude>
    <ClInclude Include="CatalystCodeGeneratorCore.h">
      <Filter>Source Files</Filter>
    </ClInclude>
    <ClInclude Include="json.hpp">
      <Filter>Source Files</Filter>
    </ClInclude>
    <ClInclude Include="TextParsing.h">
      <Filter>Source Files</Filter>
    </ClInclude>
    <ClInclude Include="ComponentGenerator.h">
      <Filter>Source Files</Filter>
    </ClInclude>
    <ClInclude Include="SettingsGenerator.h">
      <Filter>Source Files</Filter>
    </ClInclude>
    <ClInclude Include="SystemGenerator.h">
      <Filter>Source Files</Filter>
    </ClInclude>
  </ItemGroup>
</Project>