
Microsoft Visual Studio Solution File, Format Version 12.00
# Visual Studio 15
VisualStudioVersion = 15.0.26430.16
MinimumVisualStudioVersion = 10.0.40219.1
Project("{8BC9CEB8-8B4A-11D0-8D11-00A0C91BC942}") = "Catalyst Engine", "Catalyst Engine\Catalyst Engine.vcxproj", "{B733E61A-902F-4AE2-B1DF-A89CECDC29CA}"
EndProject
Global
	GlobalSection(Performance) = preSolution
		HasPerformanceSessions = true
	EndGlobalSection
	GlobalSection(SolutionConfigurationPlatforms) = preSolution
		Debug|Windows 64-Bit = Debug|Windows 64-Bit
		Final|Windows 64-Bit = Final|Windows 64-Bit
		Release|Windows 64-Bit = Release|Windows 64-Bit
	EndGlobalSection
	GlobalSection(ProjectConfigurationPlatforms) = postSolution
		{B733E61A-902F-4AE2-B1DF-A89CECDC29CA}.Debug|Windows 64-Bit.ActiveCfg = Debug|x64
		{B733E61A-902F-4AE2-B1DF-A89CECDC29CA}.Debug|Windows 64-Bit.Build.0 = Debug|x64
		{B733E61A-902F-4AE2-B1DF-A89CECDC29CA}.Final|Windows 64-Bit.ActiveCfg = Final|x64
		{B733E61A-902F-4AE2-B1DF-A89CECDC29CA}.Final|Windows 64-Bit.Build.0 = Final|x64
		{B733E61A-902F-4AE2-B1DF-A89CECDC29CA}.Release|Windows 64-Bit.ActiveCfg = Release|x64
		{B733E61A-902F-4AE2-B1DF-A89CECDC29CA}.Release|Windows 64-Bit.Build.0 = Release|x64
	EndGlobalSection
	GlobalSection(SolutionProperties) = preSolution
		HideSolutionNode = FALSE
	EndGlobalSection
	GlobalSection(Performance) = preSolution
		HasPerformanceSessions = true
	EndGlobalSection
	GlobalSection(Performance) = preSolution
		HasPerformanceSessions = true
	EndGlobalSection
	GlobalSection(Performance) = preSolution
		HasPerformanceSessions = true
	EndGlobalSection
	GlobalSection(Performance) = preSolution
		HasPerformanceSessions = true
	EndGlobalSection
EndGlobal
